{"format_version":"1.2","terraform_version":"1.13.4","variables":{"acm_certificate_arn":{"value":""},"alb_arn":{"value":""},"alb_listener_arn":{"value":""},"alb_name":{"value":"app-alb"},"alb_security_group":{"value":""},"alb_target_group_name_blue":{"value":"blue-tg"},"alb_target_group_name_green":{"value":"green-tg"},"alerting_enabled":{"value":true},"allowed_ssh_cidr":{"value":"0.0.0.0/0"},"availability_zones":{"value":["eu-west-2a","eu-west-2b"]},"aws_region":{"value":"eu-west-2"},"codedeploy_group_name":{"value":"app-deployment-group"},"codedeploy_role":{"value":""},"container_image":{"value":"nginx"},"container_insights":{"value":true},"container_port":{"value":80},"create_dummy_cert":{"value":true},"create_grafana_dashboard":{"value":true},"create_prometheus":{"value":true},"database_subnet_cidrs":{"value":["10.0.21.0/24","10.0.22.0/24"]},"database_subnets":{"value":[]},"db_allocated_storage":{"value":20},"db_engine":{"value":"postgres"},"db_engine_version":{"value":"15.4"},"db_instance_class":{"value":"db.t3.small"},"db_instance_id":{"value":""},"db_max_allocated_storage":{"value":100},"db_multi_az":{"value":false},"db_name":{"value":"appdb"},"db_password":{"value":""},"db_port":{"value":5432},"db_security_group":{"value":""},"db_username":{"value":"dbadmin"},"deploy_cicd":{"value":true},"deploy_database":{"value":true},"deploy_ecs":{"value":true},"deploy_iam":{"value":true},"deploy_monitoring":{"value":true},"deploy_network":{"value":true},"deploy_security":{"value":true},"desired_task_count":{"value":2},"domain_name":{"value":"dev.example.com"},"ecs_cluster_arn":{"value":""},"ecs_cluster_name":{"value":""},"ecs_security_group":{"value":""},"ecs_service_name":{"value":"app-service"},"ecs_task_execution_role":{"value":""},"ecs_task_role":{"value":""},"enable_config":{"value":true},"enable_guardduty":{"value":true},"enable_performance_insights":{"value":true},"enable_security_hub":{"value":true},"environment":{"value":"dev"},"github_repository":{"value":"your-org/your-repo"},"grafana_password":{"value":"changeme"},"health_check_path":{"value":"/"},"instance_type":{"value":"t3.micro"},"jenkins_instance_profile":{"value":""},"jenkins_instance_type":{"value":"t3.small"},"jenkins_security_group":{"value":""},"max_capacity":{"value":4},"min_capacity":{"value":2},"mysql_parameters":{"value":[{"name":"max_connections","value":"100"},{"name":"slow_query_log","value":"1"},{"name":"long_query_time","value":"1"},{"name":"general_log","value":"0"}]},"postgres_parameters":{"value":[{"name":"max_connections","value":"100"},{"name":"shared_buffers","value":"16384"},{"name":"log_statement","value":"all"},{"name":"log_min_duration_statement","value":"1000"}]},"private_subnet_cidrs":{"value":["10.0.11.0/24","10.0.12.0/24"]},"private_subnets":{"value":[]},"project":{"value":"ecs-jenkins-github"},"public_subnet_cidrs":{"value":["10.0.1.0/24","10.0.2.0/24"]},"public_subnets":{"value":[]},"ssh_key_name":{"value":""},"task_cpu":{"value":256},"task_memory":{"value":512},"vpc_cidr":{"value":"10.0.0.0/16"},"vpc_id":{"value":""},"waf_blocked_countries":{"value":[]},"waf_rate_limit":{"value":100}},"planned_values":{"outputs":{"alb_dns_name":{"sensitive":false},"dashboard_name":{"sensitive":false,"type":"string","value":"ecs-jenkins-github-dev-dashboard"},"database_subnets":{"sensitive":false},"db_instance_address":{"sensitive":false},"db_instance_port":{"sensitive":false,"type":"string","value":"5432"},"ecr_repository_url":{"sensitive":false},"ecs_cluster_name":{"sensitive":false,"type":"string","value":"ecs-jenkins-github-dev-cluster"},"guardduty_detector_id":{"sensitive":false},"jenkins_public_ip":{"sensitive":false},"private_subnets":{"sensitive":false},"public_subnets":{"sensitive":false},"vpc_id":{"sensitive":false},"waf_web_acl_id":{"sensitive":false}},"root_module":{"child_modules":[{"resources":[{"address":"module.cicd.aws_codedeploy_app.app","mode":"managed","type":"aws_codedeploy_app","name":"app","provider_name":"registry.terraform.io/hashicorp/aws","schema_version":0,"values":{"compute_platform":"ECS","name":"ecs-jenkins-github-dev-app","tags":null},"sensitive_values":{"tags_all":{}}},{"address":"module.cicd.aws_codedeploy_deployment_group.app","mode":"managed","type":"aws_codedeploy_deployment_group","name":"app","provider_name":"registry.terraform.io/hashicorp/aws","schema_version":0,"values":{"alarm_configuration":[],"app_name":"ecs-jenkins-github-dev-app","auto_rollback_configuration":[{"enabled":true,"events":["DEPLOYMENT_FAILURE"]}],"autoscaling_groups":null,"blue_green_deployment_config":[{"deployment_ready_option":[{"action_on_timeout":"CONTINUE_DEPLOYMENT","wait_time_in_minutes":null}],"terminate_blue_instances_on_deployment_success":[{"action":"TERMINATE","termination_wait_time_in_minutes":5}]}],"deployment_config_name":"CodeDeployDefault.ECSAllAtOnce","deployment_group_name":"app-deployment-group","deployment_style":[{"deployment_option":"WITH_TRAFFIC_CONTROL","deployment_type":"BLUE_GREEN"}],"ec2_tag_filter":[],"ec2_tag_set":[],"ecs_service":[{"cluster_name":"ecs-jenkins-github-dev-cluster","service_name":"app-service"}],"load_balancer_info":[{"elb_info":[],"target_group_info":[],"target_group_pair_info":[{"prod_traffic_route":[{"listener_arns":[""]}],"target_group":[{"name":"blue-tg"},{"name":"green-tg"}],"test_traffic_route":[]}]}],"on_premises_instance_tag_filter":[],"outdated_instances_strategy":"UPDATE","tags":{"Environment":"dev","Name":"ecs-jenkins-github-dev-deployment-group","Project":"ecs-jenkins-github","Terraform":"true"},"tags_all":{"Environment":"dev","Name":"ecs-jenkins-github-dev-deployment-group","Project":"ecs-jenkins-github","Terraform":"true"},"termination_hook_enabled":false,"trigger_configuration":[]},"sensitive_values":{"alarm_configuration":[],"auto_rollback_configuration":[{"events":[false]}],"blue_green_deployment_config":[{"deployment_ready_option":[{}],"green_fleet_provisioning_option":[],"terminate_blue_instances_on_deployment_success":[{}]}],"deployment_style":[{}],"ec2_tag_filter":[],"ec2_tag_set":[],"ecs_service":[{}],"load_balancer_info":[{"elb_info":[],"target_group_info":[],"target_group_pair_info":[{"prod_traffic_route":[{"listener_arns":[false]}],"target_group":[{},{}],"test_traffic_route":[]}]}],"on_premises_instance_tag_filter":[],"tags":{},"tags_all":{},"trigger_configuration":[]}},{"address":"module.cicd.aws_ecr_lifecycle_policy.app","mode":"managed","type":"aws_ecr_lifecycle_policy","name":"app","provider_name":"registry.terraform.io/hashicorp/aws","schema_version":0,"values":{"policy":"{\"rules\":[{\"action\":{\"type\":\"expire\"},\"description\":\"Keep last 30 images\",\"rulePriority\":1,\"selection\":{\"countNumber\":30,\"countType\":\"imageCountMoreThan\",\"tagStatus\":\"any\"}}]}","repository":"ecs-jenkins-github-dev"},"sensitive_values":{}},{"address":"module.cicd.aws_ecr_repository.app","mode":"managed","type":"aws_ecr_repository","name":"app","provider_name":"registry.terraform.io/hashicorp/aws","schema_version":0,"values":{"encryption_configuration":[{"encryption_type":"KMS"}],"force_delete":null,"image_scanning_configuration":[{"scan_on_push":true}],"image_tag_mutability":"IMMUTABLE","name":"ecs-jenkins-github-dev","tags":{"Environment":"dev","Name":"ecs-jenkins-github-dev-ecr","Project":"ecs-jenkins-github","Terraform":"true"},"tags_all":{"Environment":"dev","Name":"ecs-jenkins-github-dev-ecr","Project":"ecs-jenkins-github","Terraform":"true"},"timeouts":null},"sensitive_values":{"encryption_configuration":[{}],"image_scanning_configuration":[{}],"tags":{},"tags_all":{}}},{"address":"module.cicd.aws_eip.jenkins","mode":"managed","type":"aws_eip","name":"jenkins","provider_name":"registry.terraform.io/hashicorp/aws","schema_version":0,"values":{"address":null,"associate_with_private_ip":null,"customer_owned_ipv4_pool":null,"domain":"vpc","tags":{"Environment":"dev","Name":"ecs-jenkins-github-dev-jenkins-eip","Project":"ecs-jenkins-github","Terraform":"true"},"tags_all":{"Environment":"dev","Name":"ecs-jenkins-github-dev-jenkins-eip","Project":"ecs-jenkins-github","Terraform":"true"},"timeouts":null},"sensitive_values":{"tags":{},"tags_all":{}}},{"address":"module.cicd.aws_instance.jenkins","mode":"managed","type":"aws_instance","name":"jenkins","provider_name":"registry.terraform.io/hashicorp/aws","schema_version":1,"values":{"ami":"ami-0e608be7af912dd2e","credit_specification":[],"get_password_data":false,"hibernation":null,"iam_instance_profile":"ecs-jenkins-github-dev-jenkins-profile","instance_type":"t3.small","launch_template":[],"root_block_device":[{"delete_on_termination":true,"encrypted":true,"tags":null,"volume_size":30,"volume_type":"gp3"}],"source_dest_check":true,"tags":{"Environment":"dev","Name":"ecs-jenkins-github-dev-jenkins","Project":"ecs-jenkins-github","Terraform":"true"},"tags_all":{"Environment":"dev","Name":"ecs-jenkins-github-dev-jenkins","Project":"ecs-jenkins-github","Terraform":"true"},"timeouts":null,"user_data":"467bf5a2a971d9674f2a781792633b5e14daae21","user_data_replace_on_change":false,"volume_tags":null},"sensitive_values":{"capacity_reservation_specification":[],"cpu_options":[],"credit_specification":[],"ebs_block_device":[],"enclave_options":[],"ephemeral_block_device":[],"instance_market_options":[],"ipv6_addresses":[],"launch_template":[],"maintenance_options":[],"metadata_options":[],"network_interface":[],"private_dns_name_options":[],"root_block_device":[{"tags_all":{}}],"secondary_private_ips":[],"security_groups":[],"tags":{},"tags_all":{},"vpc_security_group_ids":[]}}],"address":"module.cicd"},{"resources":[{"address":"module.database.aws_db_instance.main","mode":"managed","type":"aws_db_instance","name":"main","provider_name":"registry.terraform.io/hashicorp/aws","schema_version":2,"values":{"allocated_storage":20,"allow_major_version_upgrade":null,"apply_immediately":true,"auto_minor_version_upgrade":true,"backup_retention_period":7,"backup_window":"03:00-04:00","blue_green_update":[],"copy_tags_to_snapshot":true,"custom_iam_instance_profile":null,"customer_owned_ip_enabled":null,"db_name":"appdb","db_subnet_group_name":"ecs-jenkins-github-dev-subnet-group","dedicated_log_volume":false,"delete_automated_backups":true,"deletion_protection":false,"domain":null,"domain_auth_secret_arn":null,"domain_dns_ips":null,"domain_iam_role_name":null,"domain_ou":null,"enabled_cloudwatch_logs_exports":["postgresql","upgrade"],"engine":"postgres","engine_version":"15.4","final_snapshot_identifier":null,"iam_database_authentication_enabled":null,"identifier":"ecs-jenkins-github-dev-db","instance_class":"db.t3.small","maintenance_window":"sun:04:30-sun:05:30","manage_master_user_password":null,"max_allocated_storage":100,"monitoring_interval":60,"multi_az":false,"parameter_group_name":"ecs-jenkins-github-dev-pg","password_wo":null,"password_wo_version":null,"performance_insights_enabled":true,"port":5432,"publicly_accessible":false,"replicate_source_db":null,"restore_to_point_in_time":[],"s3_import":[],"skip_final_snapshot":true,"storage_encrypted":true,"storage_type":"gp3","tags":{"Environment":"dev","Name":"ecs-jenkins-github-dev-db","Project":"ecs-jenkins-github","Terraform":"true"},"tags_all":{"Environment":"dev","Name":"ecs-jenkins-github-dev-db","Project":"ecs-jenkins-github","Terraform":"true"},"timeouts":null,"upgrade_storage_config":null,"username":"dbadmin"},"sensitive_values":{"blue_green_update":[],"enabled_cloudwatch_logs_exports":[false,false],"listener_endpoint":[],"master_user_secret":[],"password":true,"password_wo":true,"replicas":[],"restore_to_point_in_time":[],"s3_import":[],"tags":{},"tags_all":{},"vpc_security_group_ids":[]}},{"address":"module.database.aws_db_parameter_group.main","mode":"managed","type":"aws_db_parameter_group","name":"main","provider_name":"registry.terraform.io/hashicorp/aws","schema_version":0,"values":{"description":"Parameter group for ecs-jenkins-github-dev postgres","family":"postgres154","name":"ecs-jenkins-github-dev-pg","parameter":[{"apply_method":"immediate","name":"log_min_duration_statement","value":"1000"},{"apply_method":"immediate","name":"log_statement","value":"all"},{"apply_method":"immediate","name":"max_connections","value":"100"},{"apply_method":"immediate","name":"shared_buffers","value":"16384"}],"skip_destroy":false,"tags":{"Environment":"dev","Name":"ecs-jenkins-github-dev-pg","Project":"ecs-jenkins-github","Terraform":"true"},"tags_all":{"Environment":"dev","Name":"ecs-jenkins-github-dev-pg","Project":"ecs-jenkins-github","Terraform":"true"}},"sensitive_values":{"parameter":[{},{},{},{}],"tags":{},"tags_all":{}}},{"address":"module.database.aws_db_subnet_group.main","mode":"managed","type":"aws_db_subnet_group","name":"main","provider_name":"registry.terraform.io/hashicorp/aws","schema_version":0,"values":{"description":"DB subnet group for ecs-jenkins-github-dev","name":"ecs-jenkins-github-dev-subnet-group","tags":{"Environment":"dev","Name":"ecs-jenkins-github-dev-subnet-group","Project":"ecs-jenkins-github","Terraform":"true"},"tags_all":{"Environment":"dev","Name":"ecs-jenkins-github-dev-subnet-group","Project":"ecs-jenkins-github","Terraform":"true"}},"sensitive_values":{"subnet_ids":[],"supported_network_types":[],"tags":{},"tags_all":{}}},{"address":"module.database.aws_iam_role.rds_monitoring_role","mode":"managed","type":"aws_iam_role","name":"rds_monitoring_role","provider_name":"registry.terraform.io/hashicorp/aws","schema_version":0,"values":{"assume_role_policy":"{\"Statement\":[{\"Action\":\"sts:AssumeRole\",\"Effect\":\"Allow\",\"Principal\":{\"Service\":\"monitoring.rds.amazonaws.com\"}}],\"Version\":\"2012-10-17\"}","description":null,"force_detach_policies":false,"max_session_duration":3600,"name":"ecs-jenkins-github-dev-rds-monitoring-role","path":"/","permissions_boundary":null,"tags":{"Environment":"dev","Name":"ecs-jenkins-github-dev-rds-monitoring-role","Project":"ecs-jenkins-github","Terraform":"true"},"tags_all":{"Environment":"dev","Name":"ecs-jenkins-github-dev-rds-monitoring-role","Project":"ecs-jenkins-github","Terraform":"true"}},"sensitive_values":{"inline_policy":[],"managed_policy_arns":[],"tags":{},"tags_all":{}}},{"address":"module.database.aws_iam_role_policy_attachment.rds_monitoring","mode":"managed","type":"aws_iam_role_policy_attachment","name":"rds_monitoring","provider_name":"registry.terraform.io/hashicorp/aws","schema_version":0,"values":{"policy_arn":"arn:aws:iam::aws:policy/service-role/AmazonRDSEnhancedMonitoringRole","role":"ecs-jenkins-github-dev-rds-monitoring-role"},"sensitive_values":{}},{"address":"module.database.aws_secretsmanager_secret.db_credentials","mode":"managed","type":"aws_secretsmanager_secret","name":"db_credentials","provider_name":"registry.terraform.io/hashicorp/aws","schema_version":0,"values":{"description":"Database credentials for ecs-jenkins-github dev","force_overwrite_replica_secret":false,"kms_key_id":null,"name":"/ecs-jenkins-github/dev/database","recovery_window_in_days":0,"tags":{"Environment":"dev","Name":"ecs-jenkins-github-dev-db-credentials","Project":"ecs-jenkins-github","Terraform":"true"},"tags_all":{"Environment":"dev","Name":"ecs-jenkins-github-dev-db-credentials","Project":"ecs-jenkins-github","Terraform":"true"}},"sensitive_values":{"replica":[],"tags":{},"tags_all":{}}},{"address":"module.database.aws_secretsmanager_secret_version.db_credentials","mode":"managed","type":"aws_secretsmanager_secret_version","name":"db_credentials","provider_name":"registry.terraform.io/hashicorp/aws","schema_version":0,"values":{"secret_binary":null,"secret_string_wo":null,"secret_string_wo_version":null},"sensitive_values":{"secret_binary":true,"secret_string":true,"secret_string_wo":true,"version_stages":[]}},{"address":"module.database.random_password.db_password[0]","mode":"managed","type":"random_password","name":"db_password","index":0,"provider_name":"registry.terraform.io/hashicorp/random","schema_version":3,"values":{"keepers":null,"length":16,"lower":true,"min_lower":0,"min_numeric":0,"min_special":0,"min_upper":0,"number":true,"numeric":true,"override_special":"!#$%\u0026*()-_=+[]{}\u003c\u003e:?","special":true,"upper":true},"sensitive_values":{"bcrypt_hash":true,"result":true}}],"address":"module.database"},{"resources":[{"address":"module.ecs.aws_acm_certificate.cert[0]","mode":"managed","type":"aws_acm_certificate","name":"cert","index":0,"provider_name":"registry.terraform.io/hashicorp/aws","schema_version":0,"values":{"certificate_authority_arn":null,"certificate_body":null,"certificate_chain":null,"domain_name":"dev.example.com","domain_validation_options":[{"domain_name":"dev.example.com"}],"early_renewal_duration":null,"private_key":null,"subject_alternative_names":["dev.example.com"],"tags":{"Environment":"dev","Name":"ecs-jenkins-github-dev-cert","Project":"ecs-jenkins-github","Terraform":"true"},"tags_all":{"Environment":"dev","Name":"ecs-jenkins-github-dev-cert","Project":"ecs-jenkins-github","Terraform":"true"},"validation_method":"DNS","validation_option":[]},"sensitive_values":{"domain_validation_options":[{}],"options":[],"private_key":true,"renewal_summary":[],"subject_alternative_names":[false],"tags":{},"tags_all":{},"validation_emails":[],"validation_option":[]}},{"address":"module.ecs.aws_acm_certificate_validation.cert[0]","mode":"managed","type":"aws_acm_certificate_validation","name":"cert","index":0,"provider_name":"registry.terraform.io/hashicorp/aws","schema_version":0,"values":{"timeouts":null,"validation_record_fqdns":["dummy.dev.example.com"]},"sensitive_values":{"validation_record_fqdns":[false]}},{"address":"module.ecs.aws_appautoscaling_policy.ecs_cpu_policy_scale_down","mode":"managed","type":"aws_appautoscaling_policy","name":"ecs_cpu_policy_scale_down","provider_name":"registry.terraform.io/hashicorp/aws","schema_version":0,"values":{"name":"ecs-jenkins-github-dev-scale-down-cpu","policy_type":"StepScaling","resource_id":"service/ecs-jenkins-github-dev-cluster/ecs-jenkins-github-dev-service","scalable_dimension":"ecs:service:DesiredCount","service_namespace":"ecs","step_scaling_policy_configuration":[{"adjustment_type":"ChangeInCapacity","cooldown":60,"metric_aggregation_type":"Average","min_adjustment_magnitude":null,"step_adjustment":[{"metric_interval_lower_bound":"","metric_interval_upper_bound":"0","scaling_adjustment":-1}]}],"target_tracking_scaling_policy_configuration":[]},"sensitive_values":{"alarm_arns":[],"step_scaling_policy_configuration":[{"step_adjustment":[{}]}],"target_tracking_scaling_policy_configuration":[]}},{"address":"module.ecs.aws_appautoscaling_policy.ecs_cpu_policy_scale_up","mode":"managed","type":"aws_appautoscaling_policy","name":"ecs_cpu_policy_scale_up","provider_name":"registry.terraform.io/hashicorp/aws","schema_version":0,"values":{"name":"ecs-jenkins-github-dev-scale-up-cpu","policy_type":"StepScaling","resource_id":"service/ecs-jenkins-github-dev-cluster/ecs-jenkins-github-dev-service","scalable_dimension":"ecs:service:DesiredCount","service_namespace":"ecs","step_scaling_policy_configuration":[{"adjustment_type":"ChangeInCapacity","cooldown":60,"metric_aggregation_type":"Average","min_adjustment_magnitude":null,"step_adjustment":[{"metric_interval_lower_bound":"0","metric_interval_upper_bound":"","scaling_adjustment":1}]}],"target_tracking_scaling_policy_configuration":[]},"sensitive_values":{"alarm_arns":[],"step_scaling_policy_configuration":[{"step_adjustment":[{}]}],"target_tracking_scaling_policy_configuration":[]}},{"address":"module.ecs.aws_appautoscaling_target.ecs_service","mode":"managed","type":"aws_appautoscaling_target","name":"ecs_service","provider_name":"registry.terraform.io/hashicorp/aws","schema_version":0,"values":{"max_capacity":4,"min_capacity":2,"resource_id":"service/ecs-jenkins-github-dev-cluster/ecs-jenkins-github-dev-service","scalable_dimension":"ecs:service:DesiredCount","service_namespace":"ecs","tags":null},"sensitive_values":{"suspended_state":[],"tags_all":{}}},{"address":"module.ecs.aws_autoscaling_group.ecs","mode":"managed","type":"aws_autoscaling_group","name":"ecs","provider_name":"registry.terraform.io/hashicorp/aws","schema_version":1,"values":{"capacity_rebalance":null,"context":null,"default_instance_warmup":null,"desired_capacity":2,"desired_capacity_type":null,"enabled_metrics":null,"force_delete":false,"force_delete_warm_pool":false,"health_check_grace_period":300,"ignore_failed_scaling_activities":false,"initial_lifecycle_hook":[],"instance_maintenance_policy":[],"instance_refresh":[],"launch_configuration":null,"launch_template":[{"version":"$Latest"}],"max_instance_lifetime":null,"max_size":4,"metrics_granularity":"1Minute","min_elb_capacity":null,"min_size":2,"name":"ecs-jenkins-github-dev-ecs-asg","placement_group":null,"protect_from_scale_in":false,"suspended_processes":null,"tag":[{"key":"AmazonECSManaged","propagate_at_launch":true,"value":"true"},{"key":"Environment","propagate_at_launch":true,"value":"dev"},{"key":"Name","propagate_at_launch":true,"value":"ecs-jenkins-github-dev-ecs-instance"}],"termination_policies":null,"timeouts":null,"wait_for_capacity_timeout":"10m","wait_for_elb_capacity":null,"warm_pool":[]},"sensitive_values":{"availability_zone_distribution":[],"availability_zones":[],"capacity_reservation_specification":[],"initial_lifecycle_hook":[],"instance_maintenance_policy":[],"instance_refresh":[],"launch_template":[{}],"load_balancers":[],"mixed_instances_policy":[],"tag":[{},{},{}],"target_group_arns":[],"traffic_source":[],"vpc_zone_identifier":[],"warm_pool":[]}},{"address":"module.ecs.aws_cloudwatch_log_group.ecs","mode":"managed","type":"aws_cloudwatch_log_group","name":"ecs","provider_name":"registry.terraform.io/hashicorp/aws","schema_version":0,"values":{"kms_key_id":null,"name":"/ecs/ecs-jenkins-github-dev","retention_in_days":30,"skip_destroy":false,"tags":{"Environment":"dev","Name":"ecs-jenkins-github-dev-log-group","Project":"ecs-jenkins-github","Terraform":"true"},"tags_all":{"Environment":"dev","Name":"ecs-jenkins-github-dev-log-group","Project":"ecs-jenkins-github","Terraform":"true"}},"sensitive_values":{"tags":{},"tags_all":{}}},{"address":"module.ecs.aws_cloudwatch_metric_alarm.ecs_cpu_high","mode":"managed","type":"aws_cloudwatch_metric_alarm","name":"ecs_cpu_high","provider_name":"registry.terraform.io/hashicorp/aws","schema_version":1,"values":{"actions_enabled":true,"alarm_description":"This metric monitors ECS CPU utilization for scaling up","alarm_name":"ecs-jenkins-github-dev-cpu-high","comparison_operator":"GreaterThanOrEqualToThreshold","datapoints_to_alarm":null,"dimensions":{"ClusterName":"ecs-jenkins-github-dev-cluster","ServiceName":"ecs-jenkins-github-dev-service"},"evaluation_periods":2,"extended_statistic":null,"insufficient_data_actions":null,"metric_name":"CPUUtilization","metric_query":[],"namespace":"AWS/ECS","ok_actions":null,"period":60,"statistic":"Average","tags":{"Environment":"dev","Name":"ecs-jenkins-github-dev-cpu-high-alarm","Project":"ecs-jenkins-github","Terraform":"true"},"tags_all":{"Environment":"dev","Name":"ecs-jenkins-github-dev-cpu-high-alarm","Project":"ecs-jenkins-github","Terraform":"true"},"threshold":75,"threshold_metric_id":null,"treat_missing_data":"missing","unit":null},"sensitive_values":{"alarm_actions":[],"dimensions":{},"metric_query":[],"tags":{},"tags_all":{}}},{"address":"module.ecs.aws_cloudwatch_metric_alarm.ecs_cpu_low","mode":"managed","type":"aws_cloudwatch_metric_alarm","name":"ecs_cpu_low","provider_name":"registry.terraform.io/hashicorp/aws","schema_version":1,"values":{"actions_enabled":true,"alarm_description":"This metric monitors ECS CPU utilization for scaling down","alarm_name":"ecs-jenkins-github-dev-cpu-low","comparison_operator":"LessThanOrEqualToThreshold","datapoints_to_alarm":null,"dimensions":{"ClusterName":"ecs-jenkins-github-dev-cluster","ServiceName":"ecs-jenkins-github-dev-service"},"evaluation_periods":2,"extended_statistic":null,"insufficient_data_actions":null,"metric_name":"CPUUtilization","metric_query":[],"namespace":"AWS/ECS","ok_actions":null,"period":60,"statistic":"Average","tags":{"Environment":"dev","Name":"ecs-jenkins-github-dev-cpu-low-alarm","Project":"ecs-jenkins-github","Terraform":"true"},"tags_all":{"Environment":"dev","Name":"ecs-jenkins-github-dev-cpu-low-alarm","Project":"ecs-jenkins-github","Terraform":"true"},"threshold":30,"threshold_metric_id":null,"treat_missing_data":"missing","unit":null},"sensitive_values":{"alarm_actions":[],"dimensions":{},"metric_query":[],"tags":{},"tags_all":{}}},{"address":"module.ecs.aws_ecs_capacity_provider.main","mode":"managed","type":"aws_ecs_capacity_provider","name":"main","provider_name":"registry.terraform.io/hashicorp/aws","schema_version":0,"values":{"auto_scaling_group_provider":[{"managed_scaling":[{"maximum_scaling_step_size":1,"minimum_scaling_step_size":1,"status":"ENABLED","target_capacity":100}]}],"name":"ecs-jenkins-github-dev-capacity-provider","tags":null},"sensitive_values":{"auto_scaling_group_provider":[{"managed_scaling":[{}]}],"tags_all":{}}},{"address":"module.ecs.aws_ecs_cluster.main","mode":"managed","type":"aws_ecs_cluster","name":"main","provider_name":"registry.terraform.io/hashicorp/aws","schema_version":0,"values":{"configuration":[],"name":"ecs-jenkins-github-dev-cluster","service_connect_defaults":[],"setting":[{"name":"containerInsights","value":"enabled"}],"tags":{"Environment":"dev","Name":"ecs-jenkins-github-dev-cluster","Project":"ecs-jenkins-github","Terraform":"true"},"tags_all":{"Environment":"dev","Name":"ecs-jenkins-github-dev-cluster","Project":"ecs-jenkins-github","Terraform":"true"}},"sensitive_values":{"configuration":[],"service_connect_defaults":[],"setting":[{}],"tags":{},"tags_all":{}}},{"address":"module.ecs.aws_ecs_cluster_capacity_providers.main","mode":"managed","type":"aws_ecs_cluster_capacity_providers","name":"main","provider_name":"registry.terraform.io/hashicorp/aws","schema_version":0,"values":{"capacity_providers":["ecs-jenkins-github-dev-capacity-provider"],"cluster_name":"ecs-jenkins-github-dev-cluster","default_capacity_provider_strategy":[{"base":0,"capacity_provider":"ecs-jenkins-github-dev-capacity-provider","weight":1}]},"sensitive_values":{"capacity_providers":[false],"default_capacity_provider_strategy":[{}]}},{"address":"module.ecs.aws_ecs_service.app","mode":"managed","type":"aws_ecs_service","name":"app","provider_name":"registry.terraform.io/hashicorp/aws","schema_version":1,"values":{"alarms":[],"availability_zone_rebalancing":"DISABLED","capacity_provider_strategy":[],"deployment_circuit_breaker":[],"deployment_controller":[{"type":"ECS"}],"deployment_maximum_percent":200,"deployment_minimum_healthy_percent":50,"desired_count":2,"enable_ecs_managed_tags":false,"enable_execute_command":false,"force_delete":null,"force_new_deployment":null,"health_check_grace_period_seconds":60,"launch_type":"EC2","load_balancer":[{"container_name":"ecs-jenkins-github-dev-container","container_port":80,"elb_name":""}],"name":"ecs-jenkins-github-dev-service","network_configuration":[],"ordered_placement_strategy":[{"field":"attribute:ecs.availability-zone","type":"spread"},{"field":"instanceId","type":"spread"}],"placement_constraints":[],"propagate_tags":null,"scheduling_strategy":"REPLICA","service_connect_configuration":[],"service_registries":[],"tags":{"Environment":"dev","Name":"ecs-jenkins-github-dev-service","Project":"ecs-jenkins-github","Terraform":"true"},"tags_all":{"Environment":"dev","Name":"ecs-jenkins-github-dev-service","Project":"ecs-jenkins-github","Terraform":"true"},"timeouts":null,"volume_configuration":[],"vpc_lattice_configurations":[],"wait_for_steady_state":false},"sensitive_values":{"alarms":[],"capacity_provider_strategy":[],"deployment_circuit_breaker":[],"deployment_controller":[{}],"load_balancer":[{}],"network_configuration":[],"ordered_placement_strategy":[{},{}],"placement_constraints":[],"service_connect_configuration":[],"service_registries":[],"tags":{},"tags_all":{},"triggers":{},"volume_configuration":[],"vpc_lattice_configurations":[]}},{"address":"module.ecs.aws_ecs_task_definition.app","mode":"managed","type":"aws_ecs_task_definition","name":"app","provider_name":"registry.terraform.io/hashicorp/aws","schema_version":1,"values":{"container_definitions":"[{\"environment\":[{\"name\":\"ENVIRONMENT\",\"value\":\"dev\"}],\"essential\":true,\"healthCheck\":{\"command\":[\"CMD-SHELL\",\"curl -f http://localhost:80/ || exit 1\"],\"interval\":30,\"retries\":3,\"startPeriod\":60,\"timeout\":5},\"image\":\"nginx:latest\",\"logConfiguration\":{\"logDriver\":\"awslogs\",\"options\":{\"awslogs-group\":\"/ecs/ecs-jenkins-github-dev\",\"awslogs-region\":\"eu-west-2\",\"awslogs-stream-prefix\":\"ecs\"}},\"name\":\"ecs-jenkins-github-dev-container\",\"portMappings\":[{\"containerPort\":80,\"hostPort\":0,\"protocol\":\"tcp\"}],\"secrets\":[{\"name\":\"DATABASE_URL\",\"valueFrom\":\"arn:aws:secretsmanager:eu-west-2:667021093945:secret:/ecs-jenkins-github/dev/database:url::\"}]}]","cpu":"256","ephemeral_storage":[],"family":"ecs-jenkins-github-dev-task","inference_accelerator":[],"ipc_mode":null,"memory":"512","network_mode":"bridge","pid_mode":null,"placement_constraints":[],"proxy_configuration":[],"requires_compatibilities":["EC2"],"runtime_platform":[],"skip_destroy":false,"tags":{"Environment":"dev","Name":"ecs-jenkins-github-dev-task","Project":"ecs-jenkins-github","Terraform":"true"},"tags_all":{"Environment":"dev","Name":"ecs-jenkins-github-dev-task","Project":"ecs-jenkins-github","Terraform":"true"},"track_latest":false,"volume":[]},"sensitive_values":{"ephemeral_storage":[],"inference_accelerator":[],"placement_constraints":[],"proxy_configuration":[],"requires_compatibilities":[false],"runtime_platform":[],"tags":{},"tags_all":{},"volume":[]}},{"address":"module.ecs.aws_iam_instance_profile.ecs_instance_profile","mode":"managed","type":"aws_iam_instance_profile","name":"ecs_instance_profile","provider_name":"registry.terraform.io/hashicorp/aws","schema_version":0,"values":{"name":"ecs-jenkins-github-dev-ecs-instance-profile","path":"/","role":"ecs-jenkins-github-dev-ecs-instance-role","tags":null},"sensitive_values":{"tags_all":{}}},{"address":"module.ecs.aws_iam_role.ecs_instance_role","mode":"managed","type":"aws_iam_role","name":"ecs_instance_role","provider_name":"registry.terraform.io/hashicorp/aws","schema_version":0,"values":{"assume_role_policy":"{\"Statement\":[{\"Action\":\"sts:AssumeRole\",\"Effect\":\"Allow\",\"Principal\":{\"Service\":\"ec2.amazonaws.com\"}}],\"Version\":\"2012-10-17\"}","description":null,"force_detach_policies":false,"max_session_duration":3600,"name":"ecs-jenkins-github-dev-ecs-instance-role","path":"/","permissions_boundary":null,"tags":{"Environment":"dev","Name":"ecs-jenkins-github-dev-ecs-instance-role","Project":"ecs-jenkins-github","Terraform":"true"},"tags_all":{"Environment":"dev","Name":"ecs-jenkins-github-dev-ecs-instance-role","Project":"ecs-jenkins-github","Terraform":"true"}},"sensitive_values":{"inline_policy":[],"managed_policy_arns":[],"tags":{},"tags_all":{}}},{"address":"module.ecs.aws_iam_role_policy_attachment.ecs_instance_role","mode":"managed","type":"aws_iam_role_policy_attachment","name":"ecs_instance_role","provider_name":"registry.terraform.io/hashicorp/aws","schema_version":0,"values":{"policy_arn":"arn:aws:iam::aws:policy/service-role/AmazonEC2ContainerServiceforEC2Role","role":"ecs-jenkins-github-dev-ecs-instance-role"},"sensitive_values":{}},{"address":"module.ecs.aws_launch_template.ecs","mode":"managed","type":"aws_launch_template","name":"ecs","provider_name":"registry.terraform.io/hashicorp/aws","schema_version":0,"values":{"block_device_mappings":[],"capacity_reservation_specification":[],"cpu_options":[],"credit_specification":[],"description":null,"disable_api_stop":null,"disable_api_termination":null,"ebs_optimized":null,"elastic_gpu_specifications":[],"elastic_inference_accelerator":[],"enclave_options":[],"hibernation_options":[],"iam_instance_profile":[{"arn":null,"name":"ecs-jenkins-github-dev-ecs-instance-profile"}],"image_id":"ami-05c95876f21a09cab","instance_initiated_shutdown_behavior":null,"instance_market_options":[],"instance_requirements":[],"instance_type":"t3.micro","kernel_id":null,"key_name":"","license_specification":[],"maintenance_options":[],"monitoring":[{"enabled":true}],"name_prefix":"ecs-jenkins-github-dev-launch-template-","network_interfaces":[{"associate_carrier_ip_address":null,"associate_public_ip_address":"false","connection_tracking_specification":[],"delete_on_termination":"true","description":null,"device_index":null,"ena_srd_specification":[],"interface_type":null,"ipv4_address_count":null,"ipv4_addresses":null,"ipv4_prefix_count":null,"ipv4_prefixes":null,"ipv6_address_count":null,"ipv6_addresses":null,"ipv6_prefix_count":null,"ipv6_prefixes":null,"network_card_index":null,"network_interface_id":null,"primary_ipv6":null,"private_ip_address":null,"subnet_id":null}],"placement":[],"private_dns_name_options":[],"ram_disk_id":null,"security_group_names":null,"tag_specifications":[{"resource_type":"instance","tags":{"Environment":"dev","Name":"ecs-jenkins-github-dev-ecs-instance","Project":"ecs-jenkins-github","Terraform":"true"}}],"tags":null,"update_default_version":null,"user_data":"IyEvYmluL2Jhc2gNCmVjaG8gRUNTX0NMVVNURVI9ZWNzLWplbmtpbnMtZ2l0aHViLWRldi1jbHVzdGVyID4+IC9ldGMvZWNzL2Vjcy5jb25maWcNCmVjaG8gRUNTX0VOQUJMRV9DT05UQUlORVJfTUVUQURBVEE9dHJ1ZSA+PiAvZXRjL2Vjcy9lY3MuY29uZmlnDQplY2hvIEVDU19FTkFCTEVfU1BPVF9JTlNUQU5DRV9EUkFJTklORz10cnVlID4+IC9ldGMvZWNzL2Vjcy5jb25maWcNCnl1bSBpbnN0YWxsIC15IGF3cy1jZm4tYm9vdHN0cmFwIGF3cy1jbGkganENCi9vcHQvYXdzL2Jpbi9jZm4tc2lnbmFsIC1lICQ/IC0tc3RhY2sgZWNzLWplbmtpbnMtZ2l0aHViLWRldiAtLXJlc291cmNlIEVDU0F1dG9TY2FsaW5nR3JvdXAgLS1yZWdpb24gZXUtd2VzdC0yDQo=","vpc_security_group_ids":null},"sensitive_values":{"block_device_mappings":[],"capacity_reservation_specification":[],"cpu_options":[],"credit_specification":[],"elastic_gpu_specifications":[],"elastic_inference_accelerator":[],"enclave_options":[],"hibernation_options":[],"iam_instance_profile":[{}],"instance_market_options":[],"instance_requirements":[],"license_specification":[],"maintenance_options":[],"metadata_options":[],"monitoring":[{}],"network_interfaces":[{"connection_tracking_specification":[],"ena_srd_specification":[],"security_groups":[]}],"placement":[],"private_dns_name_options":[],"tag_specifications":[{"tags":{}}],"tags_all":{}}},{"address":"module.ecs.aws_lb.main","mode":"managed","type":"aws_lb","name":"main","provider_name":"registry.terraform.io/hashicorp/aws","schema_version":0,"values":{"access_logs":[],"client_keep_alive":3600,"connection_logs":[],"customer_owned_ipv4_pool":null,"desync_mitigation_mode":"defensive","dns_record_client_routing_policy":null,"drop_invalid_header_fields":false,"enable_cross_zone_load_balancing":null,"enable_deletion_protection":false,"enable_http2":true,"enable_tls_version_and_cipher_suite_headers":false,"enable_waf_fail_open":false,"enable_xff_client_port":false,"enable_zonal_shift":false,"idle_timeout":60,"internal":false,"ipam_pools":[],"load_balancer_type":"application","minimum_load_balancer_capacity":[],"name":"ecs-jenkins-github-dev-alb","preserve_host_header":false,"tags":{"Environment":"dev","Name":"ecs-jenkins-github-dev-alb","Project":"ecs-jenkins-github","Terraform":"true"},"tags_all":{"Environment":"dev","Name":"ecs-jenkins-github-dev-alb","Project":"ecs-jenkins-github","Terraform":"true"},"timeouts":null,"xff_header_processing_mode":"append"},"sensitive_values":{"access_logs":[],"connection_logs":[],"ipam_pools":[],"minimum_load_balancer_capacity":[],"security_groups":[],"subnet_mapping":[],"subnets":[],"tags":{},"tags_all":{}}},{"address":"module.ecs.aws_lb_listener.http_redirect","mode":"managed","type":"aws_lb_listener","name":"http_redirect","provider_name":"registry.terraform.io/hashicorp/aws","schema_version":0,"values":{"alpn_policy":null,"certificate_arn":null,"default_action":[{"authenticate_cognito":[],"authenticate_oidc":[],"fixed_response":[],"forward":[],"redirect":[{"host":"#{host}","path":"/#{path}","port":"443","protocol":"HTTPS","query":"#{query}","status_code":"HTTP_301"}],"target_group_arn":null,"type":"redirect"}],"port":80,"protocol":"HTTP","tags":null,"timeouts":null},"sensitive_values":{"default_action":[{"authenticate_cognito":[],"authenticate_oidc":[],"fixed_response":[],"forward":[],"redirect":[{}]}],"mutual_authentication":[],"tags_all":{}}},{"address":"module.ecs.aws_lb_listener.https","mode":"managed","type":"aws_lb_listener","name":"https","provider_name":"registry.terraform.io/hashicorp/aws","schema_version":0,"values":{"alpn_policy":null,"default_action":[{"authenticate_cognito":[],"authenticate_oidc":[],"fixed_response":[],"forward":[],"redirect":[],"type":"forward"}],"port":443,"protocol":"HTTPS","ssl_policy":"ELBSecurityPolicy-TLS13-1-2-2021-06","tags":null,"timeouts":null},"sensitive_values":{"default_action":[{"authenticate_cognito":[],"authenticate_oidc":[],"fixed_response":[],"forward":[],"redirect":[]}],"mutual_authentication":[],"tags_all":{}}},{"address":"module.ecs.aws_lb_target_group.app","mode":"managed","type":"aws_lb_target_group","name":"app","provider_name":"registry.terraform.io/hashicorp/aws","schema_version":0,"values":{"deregistration_delay":"30","health_check":[{"enabled":true,"healthy_threshold":3,"interval":30,"matcher":"200-299","path":"/","port":"traffic-port","protocol":"HTTP","timeout":5,"unhealthy_threshold":3}],"lambda_multi_value_headers_enabled":false,"name":"ecs-jenkins-github-dev-tg","port":80,"protocol":"HTTP","proxy_protocol_v2":false,"slow_start":0,"tags":{"Environment":"dev","Name":"ecs-jenkins-github-dev-tg","Project":"ecs-jenkins-github","Terraform":"true"},"tags_all":{"Environment":"dev","Name":"ecs-jenkins-github-dev-tg","Project":"ecs-jenkins-github","Terraform":"true"},"target_type":"instance"},"sensitive_values":{"health_check":[{}],"load_balancer_arns":[],"stickiness":[],"tags":{},"tags_all":{},"target_failover":[],"target_group_health":[],"target_health_state":[]}}],"address":"module.ecs"},{"resources":[{"address":"module.iam.aws_iam_instance_profile.jenkins","mode":"managed","type":"aws_iam_instance_profile","name":"jenkins","provider_name":"registry.terraform.io/hashicorp/aws","schema_version":0,"values":{"name":"ecs-jenkins-github-dev-jenkins-profile","path":"/","role":"ecs-jenkins-github-dev-jenkins-role","tags":null},"sensitive_values":{"tags_all":{}}},{"address":"module.iam.aws_iam_policy.jenkins_ecr_ecs_access","mode":"managed","type":"aws_iam_policy","name":"jenkins_ecr_ecs_access","provider_name":"registry.terraform.io/hashicorp/aws","schema_version":0,"values":{"description":"Allow Jenkins to push to ECR and deploy to ECS","name":"ecs-jenkins-github-dev-jenkins-ecr-ecs-access","path":"/","policy":"{\"Statement\":[{\"Action\":[\"ecr:GetAuthorizationToken\",\"ecr:BatchCheckLayerAvailability\",\"ecr:GetDownloadUrlForLayer\",\"ecr:BatchGetImage\",\"ecr:InitiateLayerUpload\",\"ecr:UploadLayerPart\",\"ecr:CompleteLayerUpload\",\"ecr:PutImage\"],\"Effect\":\"Allow\",\"Resource\":\"*\"},{\"Action\":[\"ecs:DescribeServices\",\"ecs:UpdateService\",\"ecs:RegisterTaskDefinition\",\"ecs:DescribeTaskDefinition\",\"ecs:ListTaskDefinitions\",\"ecs:DeregisterTaskDefinition\"],\"Effect\":\"Allow\",\"Resource\":\"*\"}],\"Version\":\"2012-10-17\"}","tags":null},"sensitive_values":{"tags_all":{}}},{"address":"module.iam.aws_iam_policy.secrets_manager_access","mode":"managed","type":"aws_iam_policy","name":"secrets_manager_access","provider_name":"registry.terraform.io/hashicorp/aws","schema_version":0,"values":{"description":"Allow access to Secrets Manager","name":"ecs-jenkins-github-dev-secrets-manager-access","path":"/","policy":"{\"Statement\":[{\"Action\":[\"secretsmanager:GetSecretValue\",\"kms:Decrypt\"],\"Effect\":\"Allow\",\"Resource\":\"arn:aws:secretsmanager:eu-west-2:667021093945:secret:/ecs-jenkins-github/dev/*\"}],\"Version\":\"2012-10-17\"}","tags":null},"sensitive_values":{"tags_all":{}}},{"address":"module.iam.aws_iam_role.codedeploy_role","mode":"managed","type":"aws_iam_role","name":"codedeploy_role","provider_name":"registry.terraform.io/hashicorp/aws","schema_version":0,"values":{"assume_role_policy":"{\"Statement\":[{\"Action\":\"sts:AssumeRole\",\"Effect\":\"Allow\",\"Principal\":{\"Service\":\"codedeploy.amazonaws.com\"}}],\"Version\":\"2012-10-17\"}","description":null,"force_detach_policies":false,"max_session_duration":3600,"name":"ecs-jenkins-github-dev-codedeploy-role","path":"/","permissions_boundary":null,"tags":{"Environment":"dev","Name":"ecs-jenkins-github-dev-codedeploy-role","Project":"ecs-jenkins-github","Terraform":"true"},"tags_all":{"Environment":"dev","Name":"ecs-jenkins-github-dev-codedeploy-role","Project":"ecs-jenkins-github","Terraform":"true"}},"sensitive_values":{"inline_policy":[],"managed_policy_arns":[],"tags":{},"tags_all":{}}},{"address":"module.iam.aws_iam_role.ecs_task_execution_role","mode":"managed","type":"aws_iam_role","name":"ecs_task_execution_role","provider_name":"registry.terraform.io/hashicorp/aws","schema_version":0,"values":{"assume_role_policy":"{\"Statement\":[{\"Action\":\"sts:AssumeRole\",\"Effect\":\"Allow\",\"Principal\":{\"Service\":\"ecs-tasks.amazonaws.com\"}}],\"Version\":\"2012-10-17\"}","description":null,"force_detach_policies":false,"max_session_duration":3600,"name":"ecs-jenkins-github-dev-ecs-task-execution-role","path":"/","permissions_boundary":null,"tags":{"Environment":"dev","Name":"ecs-jenkins-github-dev-ecs-task-execution-role","Project":"ecs-jenkins-github","Terraform":"true"},"tags_all":{"Environment":"dev","Name":"ecs-jenkins-github-dev-ecs-task-execution-role","Project":"ecs-jenkins-github","Terraform":"true"}},"sensitive_values":{"inline_policy":[],"managed_policy_arns":[],"tags":{},"tags_all":{}}},{"address":"module.iam.aws_iam_role.ecs_task_role","mode":"managed","type":"aws_iam_role","name":"ecs_task_role","provider_name":"registry.terraform.io/hashicorp/aws","schema_version":0,"values":{"assume_role_policy":"{\"Statement\":[{\"Action\":\"sts:AssumeRole\",\"Effect\":\"Allow\",\"Principal\":{\"Service\":\"ecs-tasks.amazonaws.com\"}}],\"Version\":\"2012-10-17\"}","description":null,"force_detach_policies":false,"max_session_duration":3600,"name":"ecs-jenkins-github-dev-ecs-task-role","path":"/","permissions_boundary":null,"tags":{"Environment":"dev","Name":"ecs-jenkins-github-dev-ecs-task-role","Project":"ecs-jenkins-github","Terraform":"true"},"tags_all":{"Environment":"dev","Name":"ecs-jenkins-github-dev-ecs-task-role","Project":"ecs-jenkins-github","Terraform":"true"}},"sensitive_values":{"inline_policy":[],"managed_policy_arns":[],"tags":{},"tags_all":{}}},{"address":"module.iam.aws_iam_role.jenkins_role","mode":"managed","type":"aws_iam_role","name":"jenkins_role","provider_name":"registry.terraform.io/hashicorp/aws","schema_version":0,"values":{"assume_role_policy":"{\"Statement\":[{\"Action\":\"sts:AssumeRole\",\"Effect\":\"Allow\",\"Principal\":{\"Service\":\"ec2.amazonaws.com\"}}],\"Version\":\"2012-10-17\"}","description":null,"force_detach_policies":false,"max_session_duration":3600,"name":"ecs-jenkins-github-dev-jenkins-role","path":"/","permissions_boundary":null,"tags":{"Environment":"dev","Name":"ecs-jenkins-github-dev-jenkins-role","Project":"ecs-jenkins-github","Terraform":"true"},"tags_all":{"Environment":"dev","Name":"ecs-jenkins-github-dev-jenkins-role","Project":"ecs-jenkins-github","Terraform":"true"}},"sensitive_values":{"inline_policy":[],"managed_policy_arns":[],"tags":{},"tags_all":{}}},{"address":"module.iam.aws_iam_role_policy_attachment.codedeploy","mode":"managed","type":"aws_iam_role_policy_attachment","name":"codedeploy","provider_name":"registry.terraform.io/hashicorp/aws","schema_version":0,"values":{"policy_arn":"arn:aws:iam::aws:policy/service-role/AWSCodeDeployRole","role":"ecs-jenkins-github-dev-codedeploy-role"},"sensitive_values":{}},{"address":"module.iam.aws_iam_role_policy_attachment.ecs_task_execution_policy","mode":"managed","type":"aws_iam_role_policy_attachment","name":"ecs_task_execution_policy","provider_name":"registry.terraform.io/hashicorp/aws","schema_version":0,"values":{"policy_arn":"arn:aws:iam::aws:policy/service-role/AmazonECSTaskExecutionRolePolicy","role":"ecs-jenkins-github-dev-ecs-task-execution-role"},"sensitive_values":{}},{"address":"module.iam.aws_iam_role_policy_attachment.ecs_task_secrets_manager","mode":"managed","type":"aws_iam_role_policy_attachment","name":"ecs_task_secrets_manager","provider_name":"registry.terraform.io/hashicorp/aws","schema_version":0,"values":{"role":"ecs-jenkins-github-dev-ecs-task-role"},"sensitive_values":{}},{"address":"module.iam.aws_iam_role_policy_attachment.jenkins_ecr_ecs","mode":"managed","type":"aws_iam_role_policy_attachment","name":"jenkins_ecr_ecs","provider_name":"registry.terraform.io/hashicorp/aws","schema_version":0,"values":{"role":"ecs-jenkins-github-dev-jenkins-role"},"sensitive_values":{}}],"address":"module.iam"},{"resources":[{"address":"module.monitoring.aws_cloudwatch_dashboard.main","mode":"managed","type":"aws_cloudwatch_dashboard","name":"main","provider_name":"registry.terraform.io/hashicorp/aws","schema_version":0,"values":{"dashboard_name":"ecs-jenkins-github-dev-dashboard"},"sensitive_values":{}},{"address":"module.monitoring.aws_cloudwatch_log_group.app","mode":"managed","type":"aws_cloudwatch_log_group","name":"app","provider_name":"registry.terraform.io/hashicorp/aws","schema_version":0,"values":{"kms_key_id":null,"name":"/aws/application/ecs-jenkins-github-dev","retention_in_days":30,"skip_destroy":false,"tags":{"Environment":"dev","Name":"ecs-jenkins-github-dev-app-log-group","Project":"ecs-jenkins-github","Terraform":"true"},"tags_all":{"Environment":"dev","Name":"ecs-jenkins-github-dev-app-log-group","Project":"ecs-jenkins-github","Terraform":"true"}},"sensitive_values":{"tags":{},"tags_all":{}}},{"address":"module.monitoring.aws_cloudwatch_log_group.grafana","mode":"managed","type":"aws_cloudwatch_log_group","name":"grafana","provider_name":"registry.terraform.io/hashicorp/aws","schema_version":0,"values":{"kms_key_id":null,"name":"/aws/ecs/ecs-jenkins-github-dev/grafana","retention_in_days":30,"skip_destroy":false,"tags":{"Environment":"dev","Name":"ecs-jenkins-github-dev-grafana-log-group","Project":"ecs-jenkins-github","Terraform":"true"},"tags_all":{"Environment":"dev","Name":"ecs-jenkins-github-dev-grafana-log-group","Project":"ecs-jenkins-github","Terraform":"true"}},"sensitive_values":{"tags":{},"tags_all":{}}},{"address":"module.monitoring.aws_cloudwatch_log_group.prometheus","mode":"managed","type":"aws_cloudwatch_log_group","name":"prometheus","provider_name":"registry.terraform.io/hashicorp/aws","schema_version":0,"values":{"kms_key_id":null,"name":"/aws/ecs/ecs-jenkins-github-dev/prometheus","retention_in_days":30,"skip_destroy":false,"tags":{"Environment":"dev","Name":"ecs-jenkins-github-dev-prometheus-log-group","Project":"ecs-jenkins-github","Terraform":"true"},"tags_all":{"Environment":"dev","Name":"ecs-jenkins-github-dev-prometheus-log-group","Project":"ecs-jenkins-github","Terraform":"true"}},"sensitive_values":{"tags":{},"tags_all":{}}},{"address":"module.monitoring.aws_cloudwatch_metric_alarm.db_cpu_high[0]","mode":"managed","type":"aws_cloudwatch_metric_alarm","name":"db_cpu_high","index":0,"provider_name":"registry.terraform.io/hashicorp/aws","schema_version":1,"values":{"actions_enabled":true,"alarm_description":"This alarm monitors RDS CPU utilization","alarm_name":"ecs-jenkins-github-dev-db-cpu-high","comparison_operator":"GreaterThanThreshold","datapoints_to_alarm":null,"evaluation_periods":2,"extended_statistic":null,"insufficient_data_actions":null,"metric_name":"CPUUtilization","metric_query":[],"namespace":"AWS/RDS","period":60,"statistic":"Average","tags":{"Environment":"dev","Name":"ecs-jenkins-github-dev-db-cpu-high-alarm","Project":"ecs-jenkins-github","Terraform":"true"},"tags_all":{"Environment":"dev","Name":"ecs-jenkins-github-dev-db-cpu-high-alarm","Project":"ecs-jenkins-github","Terraform":"true"},"threshold":80,"threshold_metric_id":null,"treat_missing_data":"missing","unit":null},"sensitive_values":{"alarm_actions":[],"dimensions":{},"metric_query":[],"ok_actions":[],"tags":{},"tags_all":{}}},{"address":"module.monitoring.aws_cloudwatch_metric_alarm.ecs_cpu_high[0]","mode":"managed","type":"aws_cloudwatch_metric_alarm","name":"ecs_cpu_high","index":0,"provider_name":"registry.terraform.io/hashicorp/aws","schema_version":1,"values":{"actions_enabled":true,"alarm_description":"This alarm monitors ECS CPU utilization","alarm_name":"ecs-jenkins-github-dev-cpu-high","comparison_operator":"GreaterThanThreshold","datapoints_to_alarm":null,"dimensions":{"ClusterName":"ecs-jenkins-github-dev-cluster","ServiceName":"app-service"},"evaluation_periods":2,"extended_statistic":null,"insufficient_data_actions":null,"metric_name":"CPUUtilization","metric_query":[],"namespace":"AWS/ECS","period":60,"statistic":"Average","tags":{"Environment":"dev","Name":"ecs-jenkins-github-dev-cpu-high-alarm","Project":"ecs-jenkins-github","Terraform":"true"},"tags_all":{"Environment":"dev","Name":"ecs-jenkins-github-dev-cpu-high-alarm","Project":"ecs-jenkins-github","Terraform":"true"},"threshold":80,"threshold_metric_id":null,"treat_missing_data":"missing","unit":null},"sensitive_values":{"alarm_actions":[],"dimensions":{},"metric_query":[],"ok_actions":[],"tags":{},"tags_all":{}}},{"address":"module.monitoring.aws_ecs_service.monitoring[0]","mode":"managed","type":"aws_ecs_service","name":"monitoring","index":0,"provider_name":"registry.terraform.io/hashicorp/aws","schema_version":1,"values":{"alarms":[],"availability_zone_rebalancing":"DISABLED","capacity_provider_strategy":[],"deployment_circuit_breaker":[],"deployment_controller":[],"deployment_maximum_percent":200,"deployment_minimum_healthy_percent":100,"desired_count":1,"enable_ecs_managed_tags":false,"enable_execute_command":false,"force_delete":null,"force_new_deployment":null,"health_check_grace_period_seconds":null,"launch_type":"EC2","load_balancer":[],"name":"ecs-jenkins-github-dev-monitoring","network_configuration":[{"assign_public_ip":false}],"ordered_placement_strategy":[],"placement_constraints":[],"propagate_tags":null,"scheduling_strategy":"REPLICA","service_connect_configuration":[],"service_registries":[],"tags":{"Environment":"dev","Name":"ecs-jenkins-github-dev-monitoring-service","Project":"ecs-jenkins-github","Terraform":"true"},"tags_all":{"Environment":"dev","Name":"ecs-jenkins-github-dev-monitoring-service","Project":"ecs-jenkins-github","Terraform":"true"},"timeouts":null,"volume_configuration":[],"vpc_lattice_configurations":[],"wait_for_steady_state":false},"sensitive_values":{"alarms":[],"capacity_provider_strategy":[],"deployment_circuit_breaker":[],"deployment_controller":[],"load_balancer":[],"network_configuration":[{"security_groups":[],"subnets":[]}],"ordered_placement_strategy":[],"placement_constraints":[],"service_connect_configuration":[],"service_registries":[],"tags":{},"tags_all":{},"triggers":{},"volume_configuration":[],"vpc_lattice_configurations":[]}},{"address":"module.monitoring.aws_ecs_task_definition.monitoring[0]","mode":"managed","type":"aws_ecs_task_definition","name":"monitoring","index":0,"provider_name":"registry.terraform.io/hashicorp/aws","schema_version":1,"values":{"container_definitions":"[{\"cpu\":256,\"environment\":[{\"name\":\"GF_SECURITY_ADMIN_PASSWORD\",\"value\":\"changeme\"},{\"name\":\"GF_SECURITY_ADMIN_USER\",\"value\":\"admin\"},{\"name\":\"GF_USERS_ALLOW_SIGN_UP\",\"value\":\"false\"}],\"essential\":true,\"image\":\"grafana/grafana:latest\",\"logConfiguration\":{\"logDriver\":\"awslogs\",\"options\":{\"awslogs-group\":\"/aws/ecs/ecs-jenkins-github-dev/grafana\",\"awslogs-region\":\"eu-west-2\",\"awslogs-stream-prefix\":\"grafana\"}},\"memory\":512,\"mountPoints\":[{\"containerPath\":\"/var/lib/grafana\",\"sourceVolume\":\"grafana-data\"}],\"name\":\"grafana\",\"portMappings\":[{\"containerPort\":3000,\"hostPort\":3000,\"protocol\":\"tcp\"}]},{\"cpu\":256,\"essential\":true,\"image\":\"prom/prometheus:latest\",\"logConfiguration\":{\"logDriver\":\"awslogs\",\"options\":{\"awslogs-group\":\"/aws/ecs/ecs-jenkins-github-dev/prometheus\",\"awslogs-region\":\"eu-west-2\",\"awslogs-stream-prefix\":\"prometheus\"}},\"memory\":512,\"mountPoints\":[{\"containerPath\":\"/etc/prometheus\",\"sourceVolume\":\"prometheus-config\"},{\"containerPath\":\"/prometheus\",\"sourceVolume\":\"prometheus-data\"}],\"name\":\"prometheus\",\"portMappings\":[{\"containerPort\":9090,\"hostPort\":9090,\"protocol\":\"tcp\"}]}]","cpu":null,"ephemeral_storage":[],"family":"ecs-jenkins-github-dev-monitoring","inference_accelerator":[],"ipc_mode":null,"memory":null,"network_mode":"awsvpc","pid_mode":null,"placement_constraints":[],"proxy_configuration":[],"requires_compatibilities":["EC2"],"runtime_platform":[],"skip_destroy":false,"tags":{"Environment":"dev","Name":"ecs-jenkins-github-dev-monitoring-task","Project":"ecs-jenkins-github","Terraform":"true"},"tags_all":{"Environment":"dev","Name":"ecs-jenkins-github-dev-monitoring-task","Project":"ecs-jenkins-github","Terraform":"true"},"track_latest":false,"volume":[{"docker_volume_configuration":[{"autoprovision":true,"driver":"local","driver_opts":null,"labels":null,"scope":"shared"}],"efs_volume_configuration":[],"fsx_windows_file_server_volume_configuration":[],"host_path":"","name":"grafana-data"},{"docker_volume_configuration":[{"autoprovision":true,"driver":"local","driver_opts":null,"labels":null,"scope":"shared"}],"efs_volume_configuration":[],"fsx_windows_file_server_volume_configuration":[],"host_path":"","name":"prometheus-data"},{"docker_volume_configuration":[],"efs_volume_configuration":[],"fsx_windows_file_server_volume_configuration":[],"host_path":"","name":"prometheus-config"}]},"sensitive_values":{"container_definitions":true,"ephemeral_storage":[],"inference_accelerator":[],"placement_constraints":[],"proxy_configuration":[],"requires_compatibilities":[false],"runtime_platform":[],"tags":{},"tags_all":{},"volume":[{"docker_volume_configuration":[{}],"efs_volume_configuration":[],"fsx_windows_file_server_volume_configuration":[]},{"docker_volume_configuration":[{}],"efs_volume_configuration":[],"fsx_windows_file_server_volume_configuration":[]},{"docker_volume_configuration":[],"efs_volume_configuration":[],"fsx_windows_file_server_volume_configuration":[]}]}},{"address":"module.monitoring.aws_security_group.monitoring","mode":"managed","type":"aws_security_group","name":"monitoring","provider_name":"registry.terraform.io/hashicorp/aws","schema_version":1,"values":{"description":"Security group for monitoring services","egress":[{"cidr_blocks":["0.0.0.0/0"],"description":"","from_port":0,"ipv6_cidr_blocks":[],"prefix_list_ids":[],"protocol":"-1","security_groups":[],"self":false,"to_port":0}],"ingress":[{"cidr_blocks":[],"description":"","from_port":3000,"ipv6_cidr_blocks":[],"prefix_list_ids":[],"protocol":"tcp","self":false,"to_port":3000},{"cidr_blocks":[],"description":"","from_port":9090,"ipv6_cidr_blocks":[],"prefix_list_ids":[],"protocol":"tcp","self":false,"to_port":9090}],"name":"ecs-jenkins-github-dev-monitoring-sg","revoke_rules_on_delete":false,"tags":{"Environment":"dev","Name":"ecs-jenkins-github-dev-monitoring-sg","Project":"ecs-jenkins-github","Terraform":"true"},"tags_all":{"Environment":"dev","Name":"ecs-jenkins-github-dev-monitoring-sg","Project":"ecs-jenkins-github","Terraform":"true"},"timeouts":null},"sensitive_values":{"egress":[{"cidr_blocks":[false],"ipv6_cidr_blocks":[],"prefix_list_ids":[],"security_groups":[]}],"ingress":[{"cidr_blocks":[],"ipv6_cidr_blocks":[],"prefix_list_ids":[],"security_groups":[]},{"cidr_blocks":[],"ipv6_cidr_blocks":[],"prefix_list_ids":[],"security_groups":[]}],"tags":{},"tags_all":{}}},{"address":"module.monitoring.aws_sns_topic.alarms[0]","mode":"managed","type":"aws_sns_topic","name":"alarms","index":0,"provider_name":"registry.terraform.io/hashicorp/aws","schema_version":0,"values":{"application_failure_feedback_role_arn":null,"application_success_feedback_role_arn":null,"application_success_feedback_sample_rate":null,"archive_policy":null,"content_based_deduplication":false,"delivery_policy":null,"display_name":null,"fifo_topic":false,"firehose_failure_feedback_role_arn":null,"firehose_success_feedback_role_arn":null,"firehose_success_feedback_sample_rate":null,"http_failure_feedback_role_arn":null,"http_success_feedback_role_arn":null,"http_success_feedback_sample_rate":null,"kms_master_key_id":null,"lambda_failure_feedback_role_arn":null,"lambda_success_feedback_role_arn":null,"lambda_success_feedback_sample_rate":null,"name":"ecs-jenkins-github-dev-alarms","sqs_failure_feedback_role_arn":null,"sqs_success_feedback_role_arn":null,"sqs_success_feedback_sample_rate":null,"tags":{"Environment":"dev","Name":"ecs-jenkins-github-dev-alarms-topic","Project":"ecs-jenkins-github","Terraform":"true"},"tags_all":{"Environment":"dev","Name":"ecs-jenkins-github-dev-alarms-topic","Project":"ecs-jenkins-github","Terraform":"true"}},"sensitive_values":{"tags":{},"tags_all":{}}}],"address":"module.monitoring"},{"resources":[{"address":"module.network.aws_eip.nat[0]","mode":"managed","type":"aws_eip","name":"nat","index":0,"provider_name":"registry.terraform.io/hashicorp/aws","schema_version":0,"values":{"address":null,"associate_with_private_ip":null,"customer_owned_ipv4_pool":null,"domain":"vpc","tags":{"Environment":"dev","Name":"ecs-jenkins-github-dev-eip-1","Project":"ecs-jenkins-github","Terraform":"true"},"tags_all":{"Environment":"dev","Name":"ecs-jenkins-github-dev-eip-1","Project":"ecs-jenkins-github","Terraform":"true"},"timeouts":null},"sensitive_values":{"tags":{},"tags_all":{}}},{"address":"module.network.aws_eip.nat[1]","mode":"managed","type":"aws_eip","name":"nat","index":1,"provider_name":"registry.terraform.io/hashicorp/aws","schema_version":0,"values":{"address":null,"associate_with_private_ip":null,"customer_owned_ipv4_pool":null,"domain":"vpc","tags":{"Environment":"dev","Name":"ecs-jenkins-github-dev-eip-2","Project":"ecs-jenkins-github","Terraform":"true"},"tags_all":{"Environment":"dev","Name":"ecs-jenkins-github-dev-eip-2","Project":"ecs-jenkins-github","Terraform":"true"},"timeouts":null},"sensitive_values":{"tags":{},"tags_all":{}}},{"address":"module.network.aws_internet_gateway.main","mode":"managed","type":"aws_internet_gateway","name":"main","provider_name":"registry.terraform.io/hashicorp/aws","schema_version":0,"values":{"tags":{"Environment":"dev","Name":"ecs-jenkins-github-dev-igw","Project":"ecs-jenkins-github","Terraform":"true"},"tags_all":{"Environment":"dev","Name":"ecs-jenkins-github-dev-igw","Project":"ecs-jenkins-github","Terraform":"true"},"timeouts":null},"sensitive_values":{"tags":{},"tags_all":{}}},{"address":"module.network.aws_nat_gateway.main[0]","mode":"managed","type":"aws_nat_gateway","name":"main","index":0,"provider_name":"registry.terraform.io/hashicorp/aws","schema_version":0,"values":{"connectivity_type":"public","secondary_allocation_ids":null,"tags":{"Environment":"dev","Name":"ecs-jenkins-github-dev-nat-1","Project":"ecs-jenkins-github","Terraform":"true"},"tags_all":{"Environment":"dev","Name":"ecs-jenkins-github-dev-nat-1","Project":"ecs-jenkins-github","Terraform":"true"},"timeouts":null},"sensitive_values":{"secondary_private_ip_addresses":[],"tags":{},"tags_all":{}}},{"address":"module.network.aws_nat_gateway.main[1]","mode":"managed","type":"aws_nat_gateway","name":"main","index":1,"provider_name":"registry.terraform.io/hashicorp/aws","schema_version":0,"values":{"connectivity_type":"public","secondary_allocation_ids":null,"tags":{"Environment":"dev","Name":"ecs-jenkins-github-dev-nat-2","Project":"ecs-jenkins-github","Terraform":"true"},"tags_all":{"Environment":"dev","Name":"ecs-jenkins-github-dev-nat-2","Project":"ecs-jenkins-github","Terraform":"true"},"timeouts":null},"sensitive_values":{"secondary_private_ip_addresses":[],"tags":{},"tags_all":{}}},{"address":"module.network.aws_route_table.database[0]","mode":"managed","type":"aws_route_table","name":"database","index":0,"provider_name":"registry.terraform.io/hashicorp/aws","schema_version":0,"values":{"route":[{"carrier_gateway_id":"","cidr_block":"0.0.0.0/0","core_network_arn":"","destination_prefix_list_id":"","egress_only_gateway_id":"","gateway_id":"","ipv6_cidr_block":"","local_gateway_id":"","network_interface_id":"","transit_gateway_id":"","vpc_endpoint_id":"","vpc_peering_connection_id":""}],"tags":{"Environment":"dev","Name":"ecs-jenkins-github-dev-database-rt-1","Project":"ecs-jenkins-github","Terraform":"true"},"tags_all":{"Environment":"dev","Name":"ecs-jenkins-github-dev-database-rt-1","Project":"ecs-jenkins-github","Terraform":"true"},"timeouts":null},"sensitive_values":{"propagating_vgws":[],"route":[{}],"tags":{},"tags_all":{}}},{"address":"module.network.aws_route_table.database[1]","mode":"managed","type":"aws_route_table","name":"database","index":1,"provider_name":"registry.terraform.io/hashicorp/aws","schema_version":0,"values":{"route":[{"carrier_gateway_id":"","cidr_block":"0.0.0.0/0","core_network_arn":"","destination_prefix_list_id":"","egress_only_gateway_id":"","gateway_id":"","ipv6_cidr_block":"","local_gateway_id":"","network_interface_id":"","transit_gateway_id":"","vpc_endpoint_id":"","vpc_peering_connection_id":""}],"tags":{"Environment":"dev","Name":"ecs-jenkins-github-dev-database-rt-2","Project":"ecs-jenkins-github","Terraform":"true"},"tags_all":{"Environment":"dev","Name":"ecs-jenkins-github-dev-database-rt-2","Project":"ecs-jenkins-github","Terraform":"true"},"timeouts":null},"sensitive_values":{"propagating_vgws":[],"route":[{}],"tags":{},"tags_all":{}}},{"address":"module.network.aws_route_table.private[0]","mode":"managed","type":"aws_route_table","name":"private","index":0,"provider_name":"registry.terraform.io/hashicorp/aws","schema_version":0,"values":{"route":[{"carrier_gateway_id":"","cidr_block":"0.0.0.0/0","core_network_arn":"","destination_prefix_list_id":"","egress_only_gateway_id":"","gateway_id":"","ipv6_cidr_block":"","local_gateway_id":"","network_interface_id":"","transit_gateway_id":"","vpc_endpoint_id":"","vpc_peering_connection_id":""}],"tags":{"Environment":"dev","Name":"ecs-jenkins-github-dev-private-rt-1","Project":"ecs-jenkins-github","Terraform":"true"},"tags_all":{"Environment":"dev","Name":"ecs-jenkins-github-dev-private-rt-1","Project":"ecs-jenkins-github","Terraform":"true"},"timeouts":null},"sensitive_values":{"propagating_vgws":[],"route":[{}],"tags":{},"tags_all":{}}},{"address":"module.network.aws_route_table.private[1]","mode":"managed","type":"aws_route_table","name":"private","index":1,"provider_name":"registry.terraform.io/hashicorp/aws","schema_version":0,"values":{"route":[{"carrier_gateway_id":"","cidr_block":"0.0.0.0/0","core_network_arn":"","destination_prefix_list_id":"","egress_only_gateway_id":"","gateway_id":"","ipv6_cidr_block":"","local_gateway_id":"","network_interface_id":"","transit_gateway_id":"","vpc_endpoint_id":"","vpc_peering_connection_id":""}],"tags":{"Environment":"dev","Name":"ecs-jenkins-github-dev-private-rt-2","Project":"ecs-jenkins-github","Terraform":"true"},"tags_all":{"Environment":"dev","Name":"ecs-jenkins-github-dev-private-rt-2","Project":"ecs-jenkins-github","Terraform":"true"},"timeouts":null},"sensitive_values":{"propagating_vgws":[],"route":[{}],"tags":{},"tags_all":{}}},{"address":"module.network.aws_route_table.public","mode":"managed","type":"aws_route_table","name":"public","provider_name":"registry.terraform.io/hashicorp/aws","schema_version":0,"values":{"route":[{"carrier_gateway_id":"","cidr_block":"0.0.0.0/0","core_network_arn":"","destination_prefix_list_id":"","egress_only_gateway_id":"","ipv6_cidr_block":"","local_gateway_id":"","nat_gateway_id":"","network_interface_id":"","transit_gateway_id":"","vpc_endpoint_id":"","vpc_peering_connection_id":""}],"tags":{"Environment":"dev","Name":"ecs-jenkins-github-dev-public-rt","Project":"ecs-jenkins-github","Terraform":"true"},"tags_all":{"Environment":"dev","Name":"ecs-jenkins-github-dev-public-rt","Project":"ecs-jenkins-github","Terraform":"true"},"timeouts":null},"sensitive_values":{"propagating_vgws":[],"route":[{}],"tags":{},"tags_all":{}}},{"address":"module.network.aws_route_table_association.database[0]","mode":"managed","type":"aws_route_table_association","name":"database","index":0,"provider_name":"registry.terraform.io/hashicorp/aws","schema_version":0,"values":{"gateway_id":null,"timeouts":null},"sensitive_values":{}},{"address":"module.network.aws_route_table_association.database[1]","mode":"managed","type":"aws_route_table_association","name":"database","index":1,"provider_name":"registry.terraform.io/hashicorp/aws","schema_version":0,"values":{"gateway_id":null,"timeouts":null},"sensitive_values":{}},{"address":"module.network.aws_route_table_association.private[0]","mode":"managed","type":"aws_route_table_association","name":"private","index":0,"provider_name":"registry.terraform.io/hashicorp/aws","schema_version":0,"values":{"gateway_id":null,"timeouts":null},"sensitive_values":{}},{"address":"module.network.aws_route_table_association.private[1]","mode":"managed","type":"aws_route_table_association","name":"private","index":1,"provider_name":"registry.terraform.io/hashicorp/aws","schema_version":0,"values":{"gateway_id":null,"timeouts":null},"sensitive_values":{}},{"address":"module.network.aws_route_table_association.public[0]","mode":"managed","type":"aws_route_table_association","name":"public","index":0,"provider_name":"registry.terraform.io/hashicorp/aws","schema_version":0,"values":{"gateway_id":null,"timeouts":null},"sensitive_values":{}},{"address":"module.network.aws_route_table_association.public[1]","mode":"managed","type":"aws_route_table_association","name":"public","index":1,"provider_name":"registry.terraform.io/hashicorp/aws","schema_version":0,"values":{"gateway_id":null,"timeouts":null},"sensitive_values":{}},{"address":"module.network.aws_security_group.alb","mode":"managed","type":"aws_security_group","name":"alb","provider_name":"registry.terraform.io/hashicorp/aws","schema_version":1,"values":{"description":"Security group for the Application Load Balancer","egress":[{"cidr_blocks":["0.0.0.0/0"],"description":"","from_port":0,"ipv6_cidr_blocks":[],"prefix_list_ids":[],"protocol":"-1","security_groups":[],"self":false,"to_port":0}],"ingress":[{"cidr_blocks":["0.0.0.0/0"],"description":"","from_port":443,"ipv6_cidr_blocks":[],"prefix_list_ids":[],"protocol":"tcp","security_groups":[],"self":false,"to_port":443},{"cidr_blocks":["0.0.0.0/0"],"description":"","from_port":80,"ipv6_cidr_blocks":[],"prefix_list_ids":[],"protocol":"tcp","security_groups":[],"self":false,"to_port":80}],"name":"ecs-jenkins-github-dev-alb-sg","revoke_rules_on_delete":false,"tags":{"Environment":"dev","Name":"ecs-jenkins-github-dev-alb-sg","Project":"ecs-jenkins-github","Terraform":"true"},"tags_all":{"Environment":"dev","Name":"ecs-jenkins-github-dev-alb-sg","Project":"ecs-jenkins-github","Terraform":"true"},"timeouts":null},"sensitive_values":{"egress":[{"cidr_blocks":[false],"ipv6_cidr_blocks":[],"prefix_list_ids":[],"security_groups":[]}],"ingress":[{"cidr_blocks":[false],"ipv6_cidr_blocks":[],"prefix_list_ids":[],"security_groups":[]},{"cidr_blocks":[false],"ipv6_cidr_blocks":[],"prefix_list_ids":[],"security_groups":[]}],"tags":{},"tags_all":{}}},{"address":"module.network.aws_security_group.db","mode":"managed","type":"aws_security_group","name":"db","provider_name":"registry.terraform.io/hashicorp/aws","schema_version":1,"values":{"description":"Security group for RDS database","egress":[{"cidr_blocks":["0.0.0.0/0"],"description":"","from_port":0,"ipv6_cidr_blocks":[],"prefix_list_ids":[],"protocol":"-1","security_groups":[],"self":false,"to_port":0}],"ingress":[{"cidr_blocks":[],"description":"","from_port":5432,"ipv6_cidr_blocks":[],"prefix_list_ids":[],"protocol":"tcp","self":false,"to_port":5432}],"name":"ecs-jenkins-github-dev-db-sg","revoke_rules_on_delete":false,"tags":{"Environment":"dev","Name":"ecs-jenkins-github-dev-db-sg","Project":"ecs-jenkins-github","Terraform":"true"},"tags_all":{"Environment":"dev","Name":"ecs-jenkins-github-dev-db-sg","Project":"ecs-jenkins-github","Terraform":"true"},"timeouts":null},"sensitive_values":{"egress":[{"cidr_blocks":[false],"ipv6_cidr_blocks":[],"prefix_list_ids":[],"security_groups":[]}],"ingress":[{"cidr_blocks":[],"ipv6_cidr_blocks":[],"prefix_list_ids":[],"security_groups":[]}],"tags":{},"tags_all":{}}},{"address":"module.network.aws_security_group.ecs","mode":"managed","type":"aws_security_group","name":"ecs","provider_name":"registry.terraform.io/hashicorp/aws","schema_version":1,"values":{"description":"Security group for ECS tasks","egress":[{"cidr_blocks":["0.0.0.0/0"],"description":"","from_port":0,"ipv6_cidr_blocks":[],"prefix_list_ids":[],"protocol":"-1","security_groups":[],"self":false,"to_port":0}],"ingress":[{"cidr_blocks":[],"description":"","from_port":0,"ipv6_cidr_blocks":[],"prefix_list_ids":[],"protocol":"-1","self":false,"to_port":0}],"name":"ecs-jenkins-github-dev-ecs-sg","revoke_rules_on_delete":false,"tags":{"Environment":"dev","Name":"ecs-jenkins-github-dev-ecs-sg","Project":"ecs-jenkins-github","Terraform":"true"},"tags_all":{"Environment":"dev","Name":"ecs-jenkins-github-dev-ecs-sg","Project":"ecs-jenkins-github","Terraform":"true"},"timeouts":null},"sensitive_values":{"egress":[{"cidr_blocks":[false],"ipv6_cidr_blocks":[],"prefix_list_ids":[],"security_groups":[]}],"ingress":[{"cidr_blocks":[],"ipv6_cidr_blocks":[],"prefix_list_ids":[],"security_groups":[]}],"tags":{},"tags_all":{}}},{"address":"module.network.aws_security_group.jenkins","mode":"managed","type":"aws_security_group","name":"jenkins","provider_name":"registry.terraform.io/hashicorp/aws","schema_version":1,"values":{"description":"Security group for Jenkins server","egress":[{"cidr_blocks":["0.0.0.0/0"],"description":"","from_port":0,"ipv6_cidr_blocks":[],"prefix_list_ids":[],"protocol":"-1","security_groups":[],"self":false,"to_port":0}],"ingress":[{"cidr_blocks":["0.0.0.0/0"],"description":"","from_port":22,"ipv6_cidr_blocks":[],"prefix_list_ids":[],"protocol":"tcp","security_groups":[],"self":false,"to_port":22},{"cidr_blocks":["0.0.0.0/0"],"description":"","from_port":8080,"ipv6_cidr_blocks":[],"prefix_list_ids":[],"protocol":"tcp","security_groups":[],"self":false,"to_port":8080}],"name":"ecs-jenkins-github-dev-jenkins-sg","revoke_rules_on_delete":false,"tags":{"Environment":"dev","Name":"ecs-jenkins-github-dev-jenkins-sg","Project":"ecs-jenkins-github","Terraform":"true"},"tags_all":{"Environment":"dev","Name":"ecs-jenkins-github-dev-jenkins-sg","Project":"ecs-jenkins-github","Terraform":"true"},"timeouts":null},"sensitive_values":{"egress":[{"cidr_blocks":[false],"ipv6_cidr_blocks":[],"prefix_list_ids":[],"security_groups":[]}],"ingress":[{"cidr_blocks":[false],"ipv6_cidr_blocks":[],"prefix_list_ids":[],"security_groups":[]},{"cidr_blocks":[false],"ipv6_cidr_blocks":[],"prefix_list_ids":[],"security_groups":[]}],"tags":{},"tags_all":{}}},{"address":"module.network.aws_subnet.database[0]","mode":"managed","type":"aws_subnet","name":"database","index":0,"provider_name":"registry.terraform.io/hashicorp/aws","schema_version":1,"values":{"assign_ipv6_address_on_creation":false,"availability_zone":"eu-west-2a","cidr_block":"10.0.21.0/24","customer_owned_ipv4_pool":null,"enable_dns64":false,"enable_lni_at_device_index":null,"enable_resource_name_dns_a_record_on_launch":false,"enable_resource_name_dns_aaaa_record_on_launch":false,"ipv6_cidr_block":null,"ipv6_native":false,"map_customer_owned_ip_on_launch":null,"map_public_ip_on_launch":false,"outpost_arn":null,"tags":{"Environment":"dev","Name":"ecs-jenkins-github-dev-database-subnet-1","Project":"ecs-jenkins-github","Terraform":"true","Type":"Database"},"tags_all":{"Environment":"dev","Name":"ecs-jenkins-github-dev-database-subnet-1","Project":"ecs-jenkins-github","Terraform":"true","Type":"Database"},"timeouts":null},"sensitive_values":{"tags":{},"tags_all":{}}},{"address":"module.network.aws_subnet.database[1]","mode":"managed","type":"aws_subnet","name":"database","index":1,"provider_name":"registry.terraform.io/hashicorp/aws","schema_version":1,"values":{"assign_ipv6_address_on_creation":false,"availability_zone":"eu-west-2b","cidr_block":"10.0.22.0/24","customer_owned_ipv4_pool":null,"enable_dns64":false,"enable_lni_at_device_index":null,"enable_resource_name_dns_a_record_on_launch":false,"enable_resource_name_dns_aaaa_record_on_launch":false,"ipv6_cidr_block":null,"ipv6_native":false,"map_customer_owned_ip_on_launch":null,"map_public_ip_on_launch":false,"outpost_arn":null,"tags":{"Environment":"dev","Name":"ecs-jenkins-github-dev-database-subnet-2","Project":"ecs-jenkins-github","Terraform":"true","Type":"Database"},"tags_all":{"Environment":"dev","Name":"ecs-jenkins-github-dev-database-subnet-2","Project":"ecs-jenkins-github","Terraform":"true","Type":"Database"},"timeouts":null},"sensitive_values":{"tags":{},"tags_all":{}}},{"address":"module.network.aws_subnet.private[0]","mode":"managed","type":"aws_subnet","name":"private","index":0,"provider_name":"registry.terraform.io/hashicorp/aws","schema_version":1,"values":{"assign_ipv6_address_on_creation":false,"availability_zone":"eu-west-2a","cidr_block":"10.0.11.0/24","customer_owned_ipv4_pool":null,"enable_dns64":false,"enable_lni_at_device_index":null,"enable_resource_name_dns_a_record_on_launch":false,"enable_resource_name_dns_aaaa_record_on_launch":false,"ipv6_cidr_block":null,"ipv6_native":false,"map_customer_owned_ip_on_launch":null,"map_public_ip_on_launch":false,"outpost_arn":null,"tags":{"Environment":"dev","Name":"ecs-jenkins-github-dev-private-subnet-1","Project":"ecs-jenkins-github","Terraform":"true","Type":"Private"},"tags_all":{"Environment":"dev","Name":"ecs-jenkins-github-dev-private-subnet-1","Project":"ecs-jenkins-github","Terraform":"true","Type":"Private"},"timeouts":null},"sensitive_values":{"tags":{},"tags_all":{}}},{"address":"module.network.aws_subnet.private[1]","mode":"managed","type":"aws_subnet","name":"private","index":1,"provider_name":"registry.terraform.io/hashicorp/aws","schema_version":1,"values":{"assign_ipv6_address_on_creation":false,"availability_zone":"eu-west-2b","cidr_block":"10.0.12.0/24","customer_owned_ipv4_pool":null,"enable_dns64":false,"enable_lni_at_device_index":null,"enable_resource_name_dns_a_record_on_launch":false,"enable_resource_name_dns_aaaa_record_on_launch":false,"ipv6_cidr_block":null,"ipv6_native":false,"map_customer_owned_ip_on_launch":null,"map_public_ip_on_launch":false,"outpost_arn":null,"tags":{"Environment":"dev","Name":"ecs-jenkins-github-dev-private-subnet-2","Project":"ecs-jenkins-github","Terraform":"true","Type":"Private"},"tags_all":{"Environment":"dev","Name":"ecs-jenkins-github-dev-private-subnet-2","Project":"ecs-jenkins-github","Terraform":"true","Type":"Private"},"timeouts":null},"sensitive_values":{"tags":{},"tags_all":{}}},{"address":"module.network.aws_subnet.public[0]","mode":"managed","type":"aws_subnet","name":"public","index":0,"provider_name":"registry.terraform.io/hashicorp/aws","schema_version":1,"values":{"assign_ipv6_address_on_creation":false,"availability_zone":"eu-west-2a","cidr_block":"10.0.1.0/24","customer_owned_ipv4_pool":null,"enable_dns64":false,"enable_lni_at_device_index":null,"enable_resource_name_dns_a_record_on_launch":false,"enable_resource_name_dns_aaaa_record_on_launch":false,"ipv6_cidr_block":null,"ipv6_native":false,"map_customer_owned_ip_on_launch":null,"map_public_ip_on_launch":true,"outpost_arn":null,"tags":{"Environment":"dev","Name":"ecs-jenkins-github-dev-public-subnet-1","Project":"ecs-jenkins-github","Terraform":"true","Type":"Public"},"tags_all":{"Environment":"dev","Name":"ecs-jenkins-github-dev-public-subnet-1","Project":"ecs-jenkins-github","Terraform":"true","Type":"Public"},"timeouts":null},"sensitive_values":{"tags":{},"tags_all":{}}},{"address":"module.network.aws_subnet.public[1]","mode":"managed","type":"aws_subnet","name":"public","index":1,"provider_name":"registry.terraform.io/hashicorp/aws","schema_version":1,"values":{"assign_ipv6_address_on_creation":false,"availability_zone":"eu-west-2b","cidr_block":"10.0.2.0/24","customer_owned_ipv4_pool":null,"enable_dns64":false,"enable_lni_at_device_index":null,"enable_resource_name_dns_a_record_on_launch":false,"enable_resource_name_dns_aaaa_record_on_launch":false,"ipv6_cidr_block":null,"ipv6_native":false,"map_customer_owned_ip_on_launch":null,"map_public_ip_on_launch":true,"outpost_arn":null,"tags":{"Environment":"dev","Name":"ecs-jenkins-github-dev-public-subnet-2","Project":"ecs-jenkins-github","Terraform":"true","Type":"Public"},"tags_all":{"Environment":"dev","Name":"ecs-jenkins-github-dev-public-subnet-2","Project":"ecs-jenkins-github","Terraform":"true","Type":"Public"},"timeouts":null},"sensitive_values":{"tags":{},"tags_all":{}}},{"address":"module.network.aws_vpc.main","mode":"managed","type":"aws_vpc","name":"main","provider_name":"registry.terraform.io/hashicorp/aws","schema_version":1,"values":{"assign_generated_ipv6_cidr_block":null,"cidr_block":"10.0.0.0/16","enable_dns_hostnames":true,"enable_dns_support":true,"instance_tenancy":"default","ipv4_ipam_pool_id":null,"ipv4_netmask_length":null,"ipv6_ipam_pool_id":null,"ipv6_netmask_length":null,"tags":{"Environment":"dev","Name":"ecs-jenkins-github-dev-vpc","Project":"ecs-jenkins-github","Terraform":"true"},"tags_all":{"Environment":"dev","Name":"ecs-jenkins-github-dev-vpc","Project":"ecs-jenkins-github","Terraform":"true"}},"sensitive_values":{"tags":{},"tags_all":{}}}],"address":"module.network"},{"resources":[{"address":"module.security.aws_config_configuration_recorder.main[0]","mode":"managed","type":"aws_config_configuration_recorder","name":"main","index":0,"provider_name":"registry.terraform.io/hashicorp/aws","schema_version":0,"values":{"name":"ecs-jenkins-github-dev-config","recording_group":[{"all_supported":true,"include_global_resource_types":false,"resource_types":null}]},"sensitive_values":{"recording_group":[{"exclusion_by_resource_types":[],"recording_strategy":[]}],"recording_mode":[]}},{"address":"module.security.aws_config_configuration_recorder_status.main[0]","mode":"managed","type":"aws_config_configuration_recorder_status","name":"main","index":0,"provider_name":"registry.terraform.io/hashicorp/aws","schema_version":0,"values":{"is_enabled":true,"name":"ecs-jenkins-github-dev-config"},"sensitive_values":{}},{"address":"module.security.aws_config_delivery_channel.main[0]","mode":"managed","type":"aws_config_delivery_channel","name":"main","index":0,"provider_name":"registry.terraform.io/hashicorp/aws","schema_version":0,"values":{"name":"ecs-jenkins-github-dev-config-channel","s3_bucket_name":"ecs-jenkins-github-dev-config-logs-667021093945","s3_key_prefix":null,"s3_kms_key_arn":null,"snapshot_delivery_properties":[],"sns_topic_arn":null},"sensitive_values":{"snapshot_delivery_properties":[]}},{"address":"module.security.aws_guardduty_detector.main[0]","mode":"managed","type":"aws_guardduty_detector","name":"main","index":0,"provider_name":"registry.terraform.io/hashicorp/aws","schema_version":0,"values":{"enable":true,"finding_publishing_frequency":"ONE_HOUR","tags":{"Environment":"dev","Name":"ecs-jenkins-github-dev-guardduty","Project":"ecs-jenkins-github","Terraform":"true"},"tags_all":{"Environment":"dev","Name":"ecs-jenkins-github-dev-guardduty","Project":"ecs-jenkins-github","Terraform":"true"}},"sensitive_values":{"datasources":[],"tags":{},"tags_all":{}}},{"address":"module.security.aws_iam_role.config[0]","mode":"managed","type":"aws_iam_role","name":"config","index":0,"provider_name":"registry.terraform.io/hashicorp/aws","schema_version":0,"values":{"assume_role_policy":"{\"Statement\":[{\"Action\":\"sts:AssumeRole\",\"Effect\":\"Allow\",\"Principal\":{\"Service\":\"config.amazonaws.com\"}}],\"Version\":\"2012-10-17\"}","description":null,"force_detach_policies":false,"max_session_duration":3600,"name":"ecs-jenkins-github-dev-config-role","path":"/","permissions_boundary":null,"tags":{"Environment":"dev","Name":"ecs-jenkins-github-dev-config-role","Project":"ecs-jenkins-github","Terraform":"true"},"tags_all":{"Environment":"dev","Name":"ecs-jenkins-github-dev-config-role","Project":"ecs-jenkins-github","Terraform":"true"}},"sensitive_values":{"inline_policy":[],"managed_policy_arns":[],"tags":{},"tags_all":{}}},{"address":"module.security.aws_iam_role_policy_attachment.config[0]","mode":"managed","type":"aws_iam_role_policy_attachment","name":"config","index":0,"provider_name":"registry.terraform.io/hashicorp/aws","schema_version":0,"values":{"policy_arn":"arn:aws:iam::aws:policy/service-role/AWS_ConfigRole","role":"ecs-jenkins-github-dev-config-role"},"sensitive_values":{}},{"address":"module.security.aws_s3_bucket.config[0]","mode":"managed","type":"aws_s3_bucket","name":"config","index":0,"provider_name":"registry.terraform.io/hashicorp/aws","schema_version":0,"values":{"bucket":"ecs-jenkins-github-dev-config-logs-667021093945","force_destroy":false,"tags":{"Environment":"dev","Name":"ecs-jenkins-github-dev-config-logs","Project":"ecs-jenkins-github","Terraform":"true"},"tags_all":{"Environment":"dev","Name":"ecs-jenkins-github-dev-config-logs","Project":"ecs-jenkins-github","Terraform":"true"},"timeouts":null},"sensitive_values":{"cors_rule":[],"grant":[],"lifecycle_rule":[],"logging":[],"object_lock_configuration":[],"replication_configuration":[],"server_side_encryption_configuration":[],"tags":{},"tags_all":{},"versioning":[],"website":[]}},{"address":"module.security.aws_s3_bucket_lifecycle_configuration.config[0]","mode":"managed","type":"aws_s3_bucket_lifecycle_configuration","name":"config","index":0,"provider_name":"registry.terraform.io/hashicorp/aws","schema_version":1,"values":{"rule":[{"abort_incomplete_multipart_upload":[],"expiration":[{"date":null,"days":365,"expired_object_delete_marker":false}],"filter":[{"and":[],"object_size_greater_than":null,"object_size_less_than":null,"prefix":"","tag":[]}],"id":"log-retention","noncurrent_version_expiration":[],"noncurrent_version_transition":[],"prefix":"","status":"Enabled","transition":[]}],"timeouts":null,"transition_default_minimum_object_size":"all_storage_classes_128K"},"sensitive_values":{"rule":[{"abort_incomplete_multipart_upload":[],"expiration":[{}],"filter":[{"and":[],"tag":[]}],"noncurrent_version_expiration":[],"noncurrent_version_transition":[],"transition":[]}]}},{"address":"module.security.aws_s3_bucket_public_access_block.config[0]","mode":"managed","type":"aws_s3_bucket_public_access_block","name":"config","index":0,"provider_name":"registry.terraform.io/hashicorp/aws","schema_version":0,"values":{"block_public_acls":true,"block_public_policy":true,"ignore_public_acls":true,"restrict_public_buckets":true},"sensitive_values":{}},{"address":"module.security.aws_s3_bucket_server_side_encryption_configuration.config[0]","mode":"managed","type":"aws_s3_bucket_server_side_encryption_configuration","name":"config","index":0,"provider_name":"registry.terraform.io/hashicorp/aws","schema_version":0,"values":{"expected_bucket_owner":null,"rule":[{"apply_server_side_encryption_by_default":[{"kms_master_key_id":"","sse_algorithm":"AES256"}],"bucket_key_enabled":null}]},"sensitive_values":{"rule":[{"apply_server_side_encryption_by_default":[{}]}]}},{"address":"module.security.aws_securityhub_account.main[0]","mode":"managed","type":"aws_securityhub_account","name":"main","index":0,"provider_name":"registry.terraform.io/hashicorp/aws","schema_version":1,"values":{"auto_enable_controls":true,"enable_default_standards":true},"sensitive_values":{}},{"address":"module.security.aws_securityhub_standards_subscription.aws_best_practices[0]","mode":"managed","type":"aws_securityhub_standards_subscription","name":"aws_best_practices","index":0,"provider_name":"registry.terraform.io/hashicorp/aws","schema_version":0,"values":{"standards_arn":"arn:aws:securityhub:eu-west-2::standards/aws-foundational-security-best-practices/v/1.0.0","timeouts":null},"sensitive_values":{}},{"address":"module.security.aws_securityhub_standards_subscription.cis_aws_foundations[0]","mode":"managed","type":"aws_securityhub_standards_subscription","name":"cis_aws_foundations","index":0,"provider_name":"registry.terraform.io/hashicorp/aws","schema_version":0,"values":{"standards_arn":"arn:aws:securityhub:eu-west-2::standards/cis-aws-foundations-benchmark/v/1.2.0","timeouts":null},"sensitive_values":{}},{"address":"module.security.aws_wafv2_web_acl.main","mode":"managed","type":"aws_wafv2_web_acl","name":"main","provider_name":"registry.terraform.io/hashicorp/aws","schema_version":0,"values":{"association_config":[],"captcha_config":[],"challenge_config":[],"custom_response_body":[],"data_protection_config":[],"default_action":[{"allow":[{"custom_request_handling":[]}],"block":[]}],"description":"WAF for ecs-jenkins-github dev environment","name":"ecs-jenkins-github-dev-waf","rule":[{"action":[{"allow":[],"block":[{"custom_response":[]}],"captcha":[],"challenge":[],"count":[]}],"captcha_config":[],"challenge_config":[],"name":"RateLimit","override_action":[],"priority":40,"rule_label":[],"statement":[{"and_statement":[],"asn_match_statement":[],"byte_match_statement":[],"geo_match_statement":[],"ip_set_reference_statement":[],"label_match_statement":[],"managed_rule_group_statement":[],"not_statement":[],"or_statement":[],"rate_based_statement":[{"aggregate_key_type":"IP","custom_key":[],"evaluation_window_sec":300,"forwarded_ip_config":[],"limit":100,"scope_down_statement":[]}],"regex_match_statement":[],"regex_pattern_set_reference_statement":[],"rule_group_reference_statement":[],"size_constraint_statement":[],"sqli_match_statement":[],"xss_match_statement":[]}],"visibility_config":[{"cloudwatch_metrics_enabled":true,"metric_name":"RateLimit","sampled_requests_enabled":true}]},{"action":[],"captcha_config":[],"challenge_config":[],"name":"AWS-AWSManagedRulesCommonRuleSet","override_action":[{"count":[],"none":[{}]}],"priority":10,"rule_label":[],"statement":[{"and_statement":[],"asn_match_statement":[],"byte_match_statement":[],"geo_match_statement":[],"ip_set_reference_statement":[],"label_match_statement":[],"managed_rule_group_statement":[{"managed_rule_group_configs":[],"name":"AWSManagedRulesCommonRuleSet","rule_action_override":[],"scope_down_statement":[],"vendor_name":"AWS","version":""}],"not_statement":[],"or_statement":[],"rate_based_statement":[],"regex_match_statement":[],"regex_pattern_set_reference_statement":[],"rule_group_reference_statement":[],"size_constraint_statement":[],"sqli_match_statement":[],"xss_match_statement":[]}],"visibility_config":[{"cloudwatch_metrics_enabled":true,"metric_name":"AWS-AWSManagedRulesCommonRuleSet","sampled_requests_enabled":true}]},{"action":[],"captcha_config":[],"challenge_config":[],"name":"AWS-AWSManagedRulesKnownBadInputsRuleSet","override_action":[{"count":[],"none":[{}]}],"priority":20,"rule_label":[],"statement":[{"and_statement":[],"asn_match_statement":[],"byte_match_statement":[],"geo_match_statement":[],"ip_set_reference_statement":[],"label_match_statement":[],"managed_rule_group_statement":[{"managed_rule_group_configs":[],"name":"AWSManagedRulesKnownBadInputsRuleSet","rule_action_override":[],"scope_down_statement":[],"vendor_name":"AWS","version":""}],"not_statement":[],"or_statement":[],"rate_based_statement":[],"regex_match_statement":[],"regex_pattern_set_reference_statement":[],"rule_group_reference_statement":[],"size_constraint_statement":[],"sqli_match_statement":[],"xss_match_statement":[]}],"visibility_config":[{"cloudwatch_metrics_enabled":true,"metric_name":"AWS-AWSManagedRulesKnownBadInputsRuleSet","sampled_requests_enabled":true}]},{"action":[],"captcha_config":[],"challenge_config":[],"name":"AWS-AWSManagedRulesSQLiRuleSet","override_action":[{"count":[],"none":[{}]}],"priority":30,"rule_label":[],"statement":[{"and_statement":[],"asn_match_statement":[],"byte_match_statement":[],"geo_match_statement":[],"ip_set_reference_statement":[],"label_match_statement":[],"managed_rule_group_statement":[{"managed_rule_group_configs":[],"name":"AWSManagedRulesSQLiRuleSet","rule_action_override":[],"scope_down_statement":[],"vendor_name":"AWS","version":""}],"not_statement":[],"or_statement":[],"rate_based_statement":[],"regex_match_statement":[],"regex_pattern_set_reference_statement":[],"rule_group_reference_statement":[],"size_constraint_statement":[],"sqli_match_statement":[],"xss_match_statement":[]}],"visibility_config":[{"cloudwatch_metrics_enabled":true,"metric_name":"AWS-AWSManagedRulesSQLiRuleSet","sampled_requests_enabled":true}]}],"rule_json":null,"scope":"REGIONAL","tags":{"Environment":"dev","Name":"ecs-jenkins-github-dev-waf","Project":"ecs-jenkins-github","Terraform":"true"},"tags_all":{"Environment":"dev","Name":"ecs-jenkins-github-dev-waf","Project":"ecs-jenkins-github","Terraform":"true"},"token_domains":null,"visibility_config":[{"cloudwatch_metrics_enabled":true,"metric_name":"ecs-jenkins-github-dev-waf","sampled_requests_enabled":true}]},"sensitive_values":{"association_config":[],"captcha_config":[],"challenge_config":[],"custom_response_body":[],"data_protection_config":[],"default_action":[{"allow":[{"custom_request_handling":[]}],"block":[]}],"rule":[{"action":[{"allow":[],"block":[{"custom_response":[]}],"captcha":[],"challenge":[],"count":[]}],"captcha_config":[],"challenge_config":[],"override_action":[],"rule_label":[],"statement":[{"and_statement":[],"asn_match_statement":[],"byte_match_statement":[],"geo_match_statement":[],"ip_set_reference_statement":[],"label_match_statement":[],"managed_rule_group_statement":[],"not_statement":[],"or_statement":[],"rate_based_statement":[{"custom_key":[],"forwarded_ip_config":[],"scope_down_statement":[]}],"regex_match_statement":[],"regex_pattern_set_reference_statement":[],"rule_group_reference_statement":[],"size_constraint_statement":[],"sqli_match_statement":[],"xss_match_statement":[]}],"visibility_config":[{}]},{"action":[],"captcha_config":[],"challenge_config":[],"override_action":[{"count":[],"none":[{}]}],"rule_label":[],"statement":[{"and_statement":[],"asn_match_statement":[],"byte_match_statement":[],"geo_match_statement":[],"ip_set_reference_statement":[],"label_match_statement":[],"managed_rule_group_statement":[{"managed_rule_group_configs":[],"rule_action_override":[],"scope_down_statement":[]}],"not_statement":[],"or_statement":[],"rate_based_statement":[],"regex_match_statement":[],"regex_pattern_set_reference_statement":[],"rule_group_reference_statement":[],"size_constraint_statement":[],"sqli_match_statement":[],"xss_match_statement":[]}],"visibility_config":[{}]},{"action":[],"captcha_config":[],"challenge_config":[],"override_action":[{"count":[],"none":[{}]}],"rule_label":[],"statement":[{"and_statement":[],"asn_match_statement":[],"byte_match_statement":[],"geo_match_statement":[],"ip_set_reference_statement":[],"label_match_statement":[],"managed_rule_group_statement":[{"managed_rule_group_configs":[],"rule_action_override":[],"scope_down_statement":[]}],"not_statement":[],"or_statement":[],"rate_based_statement":[],"regex_match_statement":[],"regex_pattern_set_reference_statement":[],"rule_group_reference_statement":[],"size_constraint_statement":[],"sqli_match_statement":[],"xss_match_statement":[]}],"visibility_config":[{}]},{"action":[],"captcha_config":[],"challenge_config":[],"override_action":[{"count":[],"none":[{}]}],"rule_label":[],"statement":[{"and_statement":[],"asn_match_statement":[],"byte_match_statement":[],"geo_match_statement":[],"ip_set_reference_statement":[],"label_match_statement":[],"managed_rule_group_statement":[{"managed_rule_group_configs":[],"rule_action_override":[],"scope_down_statement":[]}],"not_statement":[],"or_statement":[],"rate_based_statement":[],"regex_match_statement":[],"regex_pattern_set_reference_statement":[],"rule_group_reference_statement":[],"size_constraint_statement":[],"sqli_match_statement":[],"xss_match_statement":[]}],"visibility_config":[{}]}],"tags":{},"tags_all":{},"visibility_config":[{}]}},{"address":"module.security.aws_wafv2_web_acl_association.alb[0]","mode":"managed","type":"aws_wafv2_web_acl_association","name":"alb","index":0,"provider_name":"registry.terraform.io/hashicorp/aws","schema_version":0,"values":{"timeouts":null},"sensitive_values":{}}],"address":"module.security"}]}},"resource_changes":[{"address":"module.cicd.aws_codedeploy_app.app","module_address":"module.cicd","mode":"managed","type":"aws_codedeploy_app","name":"app","provider_name":"registry.terraform.io/hashicorp/aws","change":{"actions":["create"],"before":null,"after":{"compute_platform":"ECS","name":"ecs-jenkins-github-dev-app","tags":null},"after_unknown":{"application_id":true,"arn":true,"github_account_name":true,"id":true,"linked_to_github":true,"tags_all":true},"before_sensitive":false,"after_sensitive":{"tags_all":{}}}},{"address":"module.cicd.aws_codedeploy_deployment_group.app","module_address":"module.cicd","mode":"managed","type":"aws_codedeploy_deployment_group","name":"app","provider_name":"registry.terraform.io/hashicorp/aws","change":{"actions":["create"],"before":null,"after":{"alarm_configuration":[],"app_name":"ecs-jenkins-github-dev-app","auto_rollback_configuration":[{"enabled":true,"events":["DEPLOYMENT_FAILURE"]}],"autoscaling_groups":null,"blue_green_deployment_config":[{"deployment_ready_option":[{"action_on_timeout":"CONTINUE_DEPLOYMENT","wait_time_in_minutes":null}],"terminate_blue_instances_on_deployment_success":[{"action":"TERMINATE","termination_wait_time_in_minutes":5}]}],"deployment_config_name":"CodeDeployDefault.ECSAllAtOnce","deployment_group_name":"app-deployment-group","deployment_style":[{"deployment_option":"WITH_TRAFFIC_CONTROL","deployment_type":"BLUE_GREEN"}],"ec2_tag_filter":[],"ec2_tag_set":[],"ecs_service":[{"cluster_name":"ecs-jenkins-github-dev-cluster","service_name":"app-service"}],"load_balancer_info":[{"elb_info":[],"target_group_info":[],"target_group_pair_info":[{"prod_traffic_route":[{"listener_arns":[""]}],"target_group":[{"name":"blue-tg"},{"name":"green-tg"}],"test_traffic_route":[]}]}],"on_premises_instance_tag_filter":[],"outdated_instances_strategy":"UPDATE","tags":{"Environment":"dev","Name":"ecs-jenkins-github-dev-deployment-group","Project":"ecs-jenkins-github","Terraform":"true"},"tags_all":{"Environment":"dev","Name":"ecs-jenkins-github-dev-deployment-group","Project":"ecs-jenkins-github","Terraform":"true"},"termination_hook_enabled":false,"trigger_configuration":[]},"after_unknown":{"alarm_configuration":[],"arn":true,"auto_rollback_configuration":[{"events":[false]}],"blue_green_deployment_config":[{"deployment_ready_option":[{}],"green_fleet_provisioning_option":true,"terminate_blue_instances_on_deployment_success":[{}]}],"compute_platform":true,"deployment_group_id":true,"deployment_style":[{}],"ec2_tag_filter":[],"ec2_tag_set":[],"ecs_service":[{}],"id":true,"load_balancer_info":[{"elb_info":[],"target_group_info":[],"target_group_pair_info":[{"prod_traffic_route":[{"listener_arns":[false]}],"target_group":[{},{}],"test_traffic_route":[]}]}],"on_premises_instance_tag_filter":[],"service_role_arn":true,"tags":{},"tags_all":{},"trigger_configuration":[]},"before_sensitive":false,"after_sensitive":{"alarm_configuration":[],"auto_rollback_configuration":[{"events":[false]}],"blue_green_deployment_config":[{"deployment_ready_option":[{}],"green_fleet_provisioning_option":[],"terminate_blue_instances_on_deployment_success":[{}]}],"deployment_style":[{}],"ec2_tag_filter":[],"ec2_tag_set":[],"ecs_service":[{}],"load_balancer_info":[{"elb_info":[],"target_group_info":[],"target_group_pair_info":[{"prod_traffic_route":[{"listener_arns":[false]}],"target_group":[{},{}],"test_traffic_route":[]}]}],"on_premises_instance_tag_filter":[],"tags":{},"tags_all":{},"trigger_configuration":[]}}},{"address":"module.cicd.aws_ecr_lifecycle_policy.app","module_address":"module.cicd","mode":"managed","type":"aws_ecr_lifecycle_policy","name":"app","provider_name":"registry.terraform.io/hashicorp/aws","change":{"actions":["create"],"before":null,"after":{"policy":"{\"rules\":[{\"action\":{\"type\":\"expire\"},\"description\":\"Keep last 30 images\",\"rulePriority\":1,\"selection\":{\"countNumber\":30,\"countType\":\"imageCountMoreThan\",\"tagStatus\":\"any\"}}]}","repository":"ecs-jenkins-github-dev"},"after_unknown":{"id":true,"registry_id":true},"before_sensitive":false,"after_sensitive":{}}},{"address":"module.cicd.aws_ecr_repository.app","module_address":"module.cicd","mode":"managed","type":"aws_ecr_repository","name":"app","provider_name":"registry.terraform.io/hashicorp/aws","change":{"actions":["create"],"before":null,"after":{"encryption_configuration":[{"encryption_type":"KMS"}],"force_delete":null,"image_scanning_configuration":[{"scan_on_push":true}],"image_tag_mutability":"IMMUTABLE","name":"ecs-jenkins-github-dev","tags":{"Environment":"dev","Name":"ecs-jenkins-github-dev-ecr","Project":"ecs-jenkins-github","Terraform":"true"},"tags_all":{"Environment":"dev","Name":"ecs-jenkins-github-dev-ecr","Project":"ecs-jenkins-github","Terraform":"true"},"timeouts":null},"after_unknown":{"arn":true,"encryption_configuration":[{"kms_key":true}],"id":true,"image_scanning_configuration":[{}],"registry_id":true,"repository_url":true,"tags":{},"tags_all":{}},"before_sensitive":false,"after_sensitive":{"encryption_configuration":[{}],"image_scanning_configuration":[{}],"tags":{},"tags_all":{}}}},{"address":"module.cicd.aws_eip.jenkins","module_address":"module.cicd","mode":"managed","type":"aws_eip","name":"jenkins","provider_name":"registry.terraform.io/hashicorp/aws","change":{"actions":["create"],"before":null,"after":{"address":null,"associate_with_private_ip":null,"customer_owned_ipv4_pool":null,"domain":"vpc","tags":{"Environment":"dev","Name":"ecs-jenkins-github-dev-jenkins-eip","Project":"ecs-jenkins-github","Terraform":"true"},"tags_all":{"Environment":"dev","Name":"ecs-jenkins-github-dev-jenkins-eip","Project":"ecs-jenkins-github","Terraform":"true"},"timeouts":null},"after_unknown":{"allocation_id":true,"arn":true,"association_id":true,"carrier_ip":true,"customer_owned_ip":true,"id":true,"instance":true,"ipam_pool_id":true,"network_border_group":true,"network_interface":true,"private_dns":true,"private_ip":true,"ptr_record":true,"public_dns":true,"public_ip":true,"public_ipv4_pool":true,"tags":{},"tags_all":{},"vpc":true},"before_sensitive":false,"after_sensitive":{"tags":{},"tags_all":{}}}},{"address":"module.cicd.aws_instance.jenkins","module_address":"module.cicd","mode":"managed","type":"aws_instance","name":"jenkins","provider_name":"registry.terraform.io/hashicorp/aws","change":{"actions":["create"],"before":null,"after":{"ami":"ami-0e608be7af912dd2e","credit_specification":[],"get_password_data":false,"hibernation":null,"iam_instance_profile":"ecs-jenkins-github-dev-jenkins-profile","instance_type":"t3.small","launch_template":[],"root_block_device":[{"delete_on_termination":true,"encrypted":true,"tags":null,"volume_size":30,"volume_type":"gp3"}],"source_dest_check":true,"tags":{"Environment":"dev","Name":"ecs-jenkins-github-dev-jenkins","Project":"ecs-jenkins-github","Terraform":"true"},"tags_all":{"Environment":"dev","Name":"ecs-jenkins-github-dev-jenkins","Project":"ecs-jenkins-github","Terraform":"true"},"timeouts":null,"user_data":"467bf5a2a971d9674f2a781792633b5e14daae21","user_data_replace_on_change":false,"volume_tags":null},"after_unknown":{"arn":true,"associate_public_ip_address":true,"availability_zone":true,"capacity_reservation_specification":true,"cpu_core_count":true,"cpu_options":true,"cpu_threads_per_core":true,"credit_specification":[],"disable_api_stop":true,"disable_api_termination":true,"ebs_block_device":true,"ebs_optimized":true,"enable_primary_ipv6":true,"enclave_options":true,"ephemeral_block_device":true,"host_id":true,"host_resource_group_arn":true,"id":true,"instance_initiated_shutdown_behavior":true,"instance_lifecycle":true,"instance_market_options":true,"instance_state":true,"ipv6_address_count":true,"ipv6_addresses":true,"key_name":true,"launch_template":[],"maintenance_options":true,"metadata_options":true,"monitoring":true,"network_interface":true,"outpost_arn":true,"password_data":true,"placement_group":true,"placement_partition_number":true,"primary_network_interface_id":true,"private_dns":true,"private_dns_name_options":true,"private_ip":true,"public_dns":true,"public_ip":true,"root_block_device":[{"device_name":true,"iops":true,"kms_key_id":true,"tags_all":true,"throughput":true,"volume_id":true}],"secondary_private_ips":true,"security_groups":true,"spot_instance_request_id":true,"subnet_id":true,"tags":{},"tags_all":{},"tenancy":true,"user_data_base64":true,"vpc_security_group_ids":true},"before_sensitive":false,"after_sensitive":{"capacity_reservation_specification":[],"cpu_options":[],"credit_specification":[],"ebs_block_device":[],"enclave_options":[],"ephemeral_block_device":[],"instance_market_options":[],"ipv6_addresses":[],"launch_template":[],"maintenance_options":[],"metadata_options":[],"network_interface":[],"private_dns_name_options":[],"root_block_device":[{"tags_all":{}}],"secondary_private_ips":[],"security_groups":[],"tags":{},"tags_all":{},"vpc_security_group_ids":[]}}},{"address":"module.database.aws_db_instance.main","module_address":"module.database","mode":"managed","type":"aws_db_instance","name":"main","provider_name":"registry.terraform.io/hashicorp/aws","change":{"actions":["create"],"before":null,"after":{"allocated_storage":20,"allow_major_version_upgrade":null,"apply_immediately":true,"auto_minor_version_upgrade":true,"backup_retention_period":7,"backup_window":"03:00-04:00","blue_green_update":[],"copy_tags_to_snapshot":true,"custom_iam_instance_profile":null,"customer_owned_ip_enabled":null,"db_name":"appdb","db_subnet_group_name":"ecs-jenkins-github-dev-subnet-group","dedicated_log_volume":false,"delete_automated_backups":true,"deletion_protection":false,"domain":null,"domain_auth_secret_arn":null,"domain_dns_ips":null,"domain_iam_role_name":null,"domain_ou":null,"enabled_cloudwatch_logs_exports":["postgresql","upgrade"],"engine":"postgres","engine_version":"15.4","final_snapshot_identifier":null,"iam_database_authentication_enabled":null,"identifier":"ecs-jenkins-github-dev-db","instance_class":"db.t3.small","maintenance_window":"sun:04:30-sun:05:30","manage_master_user_password":null,"max_allocated_storage":100,"monitoring_interval":60,"multi_az":false,"parameter_group_name":"ecs-jenkins-github-dev-pg","password_wo":null,"password_wo_version":null,"performance_insights_enabled":true,"port":5432,"publicly_accessible":false,"replicate_source_db":null,"restore_to_point_in_time":[],"s3_import":[],"skip_final_snapshot":true,"storage_encrypted":true,"storage_type":"gp3","tags":{"Environment":"dev","Name":"ecs-jenkins-github-dev-db","Project":"ecs-jenkins-github","Terraform":"true"},"tags_all":{"Environment":"dev","Name":"ecs-jenkins-github-dev-db","Project":"ecs-jenkins-github","Terraform":"true"},"timeouts":null,"upgrade_storage_config":null,"username":"dbadmin"},"after_unknown":{"address":true,"arn":true,"availability_zone":true,"backup_target":true,"blue_green_update":[],"ca_cert_identifier":true,"character_set_name":true,"database_insights_mode":true,"domain_fqdn":true,"enabled_cloudwatch_logs_exports":[false,false],"endpoint":true,"engine_lifecycle_support":true,"engine_version_actual":true,"hosted_zone_id":true,"id":true,"identifier_prefix":true,"iops":true,"kms_key_id":true,"latest_restorable_time":true,"license_model":true,"listener_endpoint":true,"master_user_secret":true,"master_user_secret_kms_key_id":true,"monitoring_role_arn":true,"nchar_character_set_name":true,"network_type":true,"option_group_name":true,"password":true,"performance_insights_kms_key_id":true,"performance_insights_retention_period":true,"replica_mode":true,"replicas":true,"resource_id":true,"restore_to_point_in_time":[],"s3_import":[],"snapshot_identifier":true,"status":true,"storage_throughput":true,"tags":{},"tags_all":{},"timezone":true,"vpc_security_group_ids":true},"before_sensitive":false,"after_sensitive":{"blue_green_update":[],"enabled_cloudwatch_logs_exports":[false,false],"listener_endpoint":[],"master_user_secret":[],"password":true,"password_wo":true,"replicas":[],"restore_to_point_in_time":[],"s3_import":[],"tags":{},"tags_all":{},"vpc_security_group_ids":[]}}},{"address":"module.database.aws_db_parameter_group.main","module_address":"module.database","mode":"managed","type":"aws_db_parameter_group","name":"main","provider_name":"registry.terraform.io/hashicorp/aws","change":{"actions":["create"],"before":null,"after":{"description":"Parameter group for ecs-jenkins-github-dev postgres","family":"postgres154","name":"ecs-jenkins-github-dev-pg","parameter":[{"apply_method":"immediate","name":"log_min_duration_statement","value":"1000"},{"apply_method":"immediate","name":"log_statement","value":"all"},{"apply_method":"immediate","name":"max_connections","value":"100"},{"apply_method":"immediate","name":"shared_buffers","value":"16384"}],"skip_destroy":false,"tags":{"Environment":"dev","Name":"ecs-jenkins-github-dev-pg","Project":"ecs-jenkins-github","Terraform":"true"},"tags_all":{"Environment":"dev","Name":"ecs-jenkins-github-dev-pg","Project":"ecs-jenkins-github","Terraform":"true"}},"after_unknown":{"arn":true,"id":true,"name_prefix":true,"parameter":[{},{},{},{}],"tags":{},"tags_all":{}},"before_sensitive":false,"after_sensitive":{"parameter":[{},{},{},{}],"tags":{},"tags_all":{}}}},{"address":"module.database.aws_db_subnet_group.main","module_address":"module.database","mode":"managed","type":"aws_db_subnet_group","name":"main","provider_name":"registry.terraform.io/hashicorp/aws","change":{"actions":["create"],"before":null,"after":{"description":"DB subnet group for ecs-jenkins-github-dev","name":"ecs-jenkins-github-dev-subnet-group","tags":{"Environment":"dev","Name":"ecs-jenkins-github-dev-subnet-group","Project":"ecs-jenkins-github","Terraform":"true"},"tags_all":{"Environment":"dev","Name":"ecs-jenkins-github-dev-subnet-group","Project":"ecs-jenkins-github","Terraform":"true"}},"after_unknown":{"arn":true,"id":true,"name_prefix":true,"subnet_ids":true,"supported_network_types":true,"tags":{},"tags_all":{},"vpc_id":true},"before_sensitive":false,"after_sensitive":{"subnet_ids":[],"supported_network_types":[],"tags":{},"tags_all":{}}}},{"address":"module.database.aws_iam_role.rds_monitoring_role","module_address":"module.database","mode":"managed","type":"aws_iam_role","name":"rds_monitoring_role","provider_name":"registry.terraform.io/hashicorp/aws","change":{"actions":["create"],"before":null,"after":{"assume_role_policy":"{\"Statement\":[{\"Action\":\"sts:AssumeRole\",\"Effect\":\"Allow\",\"Principal\":{\"Service\":\"monitoring.rds.amazonaws.com\"}}],\"Version\":\"2012-10-17\"}","description":null,"force_detach_policies":false,"max_session_duration":3600,"name":"ecs-jenkins-github-dev-rds-monitoring-role","path":"/","permissions_boundary":null,"tags":{"Environment":"dev","Name":"ecs-jenkins-github-dev-rds-monitoring-role","Project":"ecs-jenkins-github","Terraform":"true"},"tags_all":{"Environment":"dev","Name":"ecs-jenkins-github-dev-rds-monitoring-role","Project":"ecs-jenkins-github","Terraform":"true"}},"after_unknown":{"arn":true,"create_date":true,"id":true,"inline_policy":true,"managed_policy_arns":true,"name_prefix":true,"tags":{},"tags_all":{},"unique_id":true},"before_sensitive":false,"after_sensitive":{"inline_policy":[],"managed_policy_arns":[],"tags":{},"tags_all":{}}}},{"address":"module.database.aws_iam_role_policy_attachment.rds_monitoring","module_address":"module.database","mode":"managed","type":"aws_iam_role_policy_attachment","name":"rds_monitoring","provider_name":"registry.terraform.io/hashicorp/aws","change":{"actions":["create"],"before":null,"after":{"policy_arn":"arn:aws:iam::aws:policy/service-role/AmazonRDSEnhancedMonitoringRole","role":"ecs-jenkins-github-dev-rds-monitoring-role"},"after_unknown":{"id":true},"before_sensitive":false,"after_sensitive":{}}},{"address":"module.database.aws_secretsmanager_secret.db_credentials","module_address":"module.database","mode":"managed","type":"aws_secretsmanager_secret","name":"db_credentials","provider_name":"registry.terraform.io/hashicorp/aws","change":{"actions":["create"],"before":null,"after":{"description":"Database credentials for ecs-jenkins-github dev","force_overwrite_replica_secret":false,"kms_key_id":null,"name":"/ecs-jenkins-github/dev/database","recovery_window_in_days":0,"tags":{"Environment":"dev","Name":"ecs-jenkins-github-dev-db-credentials","Project":"ecs-jenkins-github","Terraform":"true"},"tags_all":{"Environment":"dev","Name":"ecs-jenkins-github-dev-db-credentials","Project":"ecs-jenkins-github","Terraform":"true"}},"after_unknown":{"arn":true,"id":true,"name_prefix":true,"policy":true,"replica":true,"tags":{},"tags_all":{}},"before_sensitive":false,"after_sensitive":{"replica":[],"tags":{},"tags_all":{}}}},{"address":"module.database.aws_secretsmanager_secret_version.db_credentials","module_address":"module.database","mode":"managed","type":"aws_secretsmanager_secret_version","name":"db_credentials","provider_name":"registry.terraform.io/hashicorp/aws","change":{"actions":["create"],"before":null,"after":{"secret_binary":null,"secret_string_wo":null,"secret_string_wo_version":null},"after_unknown":{"arn":true,"has_secret_string_wo":true,"id":true,"secret_id":true,"secret_string":true,"version_id":true,"version_stages":true},"before_sensitive":false,"after_sensitive":{"secret_binary":true,"secret_string":true,"secret_string_wo":true,"version_stages":[]}}},{"address":"module.database.random_password.db_password[0]","module_address":"module.database","mode":"managed","type":"random_password","name":"db_password","index":0,"provider_name":"registry.terraform.io/hashicorp/random","change":{"actions":["create"],"before":null,"after":{"keepers":null,"length":16,"lower":true,"min_lower":0,"min_numeric":0,"min_special":0,"min_upper":0,"number":true,"numeric":true,"override_special":"!#$%\u0026*()-_=+[]{}\u003c\u003e:?","special":true,"upper":true},"after_unknown":{"bcrypt_hash":true,"id":true,"result":true},"before_sensitive":false,"after_sensitive":{"bcrypt_hash":true,"result":true}}},{"address":"module.ecs.aws_acm_certificate.cert[0]","module_address":"module.ecs","mode":"managed","type":"aws_acm_certificate","name":"cert","index":0,"provider_name":"registry.terraform.io/hashicorp/aws","change":{"actions":["create"],"before":null,"after":{"certificate_authority_arn":null,"certificate_body":null,"certificate_chain":null,"domain_name":"dev.example.com","domain_validation_options":[{"domain_name":"dev.example.com"}],"early_renewal_duration":null,"private_key":null,"subject_alternative_names":["dev.example.com"],"tags":{"Environment":"dev","Name":"ecs-jenkins-github-dev-cert","Project":"ecs-jenkins-github","Terraform":"true"},"tags_all":{"Environment":"dev","Name":"ecs-jenkins-github-dev-cert","Project":"ecs-jenkins-github","Terraform":"true"},"validation_method":"DNS","validation_option":[]},"after_unknown":{"arn":true,"domain_validation_options":[{"resource_record_name":true,"resource_record_type":true,"resource_record_value":true}],"id":true,"key_algorithm":true,"not_after":true,"not_before":true,"options":true,"pending_renewal":true,"renewal_eligibility":true,"renewal_summary":true,"status":true,"subject_alternative_names":[false],"tags":{},"tags_all":{},"type":true,"validation_emails":true,"validation_option":[]},"before_sensitive":false,"after_sensitive":{"domain_validation_options":[{}],"options":[],"private_key":true,"renewal_summary":[],"subject_alternative_names":[false],"tags":{},"tags_all":{},"validation_emails":[],"validation_option":[]}}},{"address":"module.ecs.aws_acm_certificate_validation.cert[0]","module_address":"module.ecs","mode":"managed","type":"aws_acm_certificate_validation","name":"cert","index":0,"provider_name":"registry.terraform.io/hashicorp/aws","change":{"actions":["create"],"before":null,"after":{"timeouts":null,"validation_record_fqdns":["dummy.dev.example.com"]},"after_unknown":{"certificate_arn":true,"id":true,"validation_record_fqdns":[false]},"before_sensitive":false,"after_sensitive":{"validation_record_fqdns":[false]}}},{"address":"module.ecs.aws_appautoscaling_policy.ecs_cpu_policy_scale_down","module_address":"module.ecs","mode":"managed","type":"aws_appautoscaling_policy","name":"ecs_cpu_policy_scale_down","provider_name":"registry.terraform.io/hashicorp/aws","change":{"actions":["create"],"before":null,"after":{"name":"ecs-jenkins-github-dev-scale-down-cpu","policy_type":"StepScaling","resource_id":"service/ecs-jenkins-github-dev-cluster/ecs-jenkins-github-dev-service","scalable_dimension":"ecs:service:DesiredCount","service_namespace":"ecs","step_scaling_policy_configuration":[{"adjustment_type":"ChangeInCapacity","cooldown":60,"metric_aggregation_type":"Average","min_adjustment_magnitude":null,"step_adjustment":[{"metric_interval_lower_bound":"","metric_interval_upper_bound":"0","scaling_adjustment":-1}]}],"target_tracking_scaling_policy_configuration":[]},"after_unknown":{"alarm_arns":true,"arn":true,"id":true,"step_scaling_policy_configuration":[{"step_adjustment":[{}]}],"target_tracking_scaling_policy_configuration":[]},"before_sensitive":false,"after_sensitive":{"alarm_arns":[],"step_scaling_policy_configuration":[{"step_adjustment":[{}]}],"target_tracking_scaling_policy_configuration":[]}}},{"address":"module.ecs.aws_appautoscaling_policy.ecs_cpu_policy_scale_up","module_address":"module.ecs","mode":"managed","type":"aws_appautoscaling_policy","name":"ecs_cpu_policy_scale_up","provider_name":"registry.terraform.io/hashicorp/aws","change":{"actions":["create"],"before":null,"after":{"name":"ecs-jenkins-github-dev-scale-up-cpu","policy_type":"StepScaling","resource_id":"service/ecs-jenkins-github-dev-cluster/ecs-jenkins-github-dev-service","scalable_dimension":"ecs:service:DesiredCount","service_namespace":"ecs","step_scaling_policy_configuration":[{"adjustment_type":"ChangeInCapacity","cooldown":60,"metric_aggregation_type":"Average","min_adjustment_magnitude":null,"step_adjustment":[{"metric_interval_lower_bound":"0","metric_interval_upper_bound":"","scaling_adjustment":1}]}],"target_tracking_scaling_policy_configuration":[]},"after_unknown":{"alarm_arns":true,"arn":true,"id":true,"step_scaling_policy_configuration":[{"step_adjustment":[{}]}],"target_tracking_scaling_policy_configuration":[]},"before_sensitive":false,"after_sensitive":{"alarm_arns":[],"step_scaling_policy_configuration":[{"step_adjustment":[{}]}],"target_tracking_scaling_policy_configuration":[]}}},{"address":"module.ecs.aws_appautoscaling_target.ecs_service","module_address":"module.ecs","mode":"managed","type":"aws_appautoscaling_target","name":"ecs_service","provider_name":"registry.terraform.io/hashicorp/aws","change":{"actions":["create"],"before":null,"after":{"max_capacity":4,"min_capacity":2,"resource_id":"service/ecs-jenkins-github-dev-cluster/ecs-jenkins-github-dev-service","scalable_dimension":"ecs:service:DesiredCount","service_namespace":"ecs","tags":null},"after_unknown":{"arn":true,"id":true,"role_arn":true,"suspended_state":true,"tags_all":true},"before_sensitive":false,"after_sensitive":{"suspended_state":[],"tags_all":{}}}},{"address":"module.ecs.aws_autoscaling_group.ecs","module_address":"module.ecs","mode":"managed","type":"aws_autoscaling_group","name":"ecs","provider_name":"registry.terraform.io/hashicorp/aws","change":{"actions":["create"],"before":null,"after":{"capacity_rebalance":null,"context":null,"default_instance_warmup":null,"desired_capacity":2,"desired_capacity_type":null,"enabled_metrics":null,"force_delete":false,"force_delete_warm_pool":false,"health_check_grace_period":300,"ignore_failed_scaling_activities":false,"initial_lifecycle_hook":[],"instance_maintenance_policy":[],"instance_refresh":[],"launch_configuration":null,"launch_template":[{"version":"$Latest"}],"max_instance_lifetime":null,"max_size":4,"metrics_granularity":"1Minute","min_elb_capacity":null,"min_size":2,"name":"ecs-jenkins-github-dev-ecs-asg","placement_group":null,"protect_from_scale_in":false,"suspended_processes":null,"tag":[{"key":"AmazonECSManaged","propagate_at_launch":true,"value":"true"},{"key":"Environment","propagate_at_launch":true,"value":"dev"},{"key":"Name","propagate_at_launch":true,"value":"ecs-jenkins-github-dev-ecs-instance"}],"termination_policies":null,"timeouts":null,"wait_for_capacity_timeout":"10m","wait_for_elb_capacity":null,"warm_pool":[]},"after_unknown":{"arn":true,"availability_zone_distribution":true,"availability_zones":true,"capacity_reservation_specification":true,"default_cooldown":true,"health_check_type":true,"id":true,"initial_lifecycle_hook":[],"instance_maintenance_policy":[],"instance_refresh":[],"launch_template":[{"id":true,"name":true}],"load_balancers":true,"mixed_instances_policy":true,"name_prefix":true,"predicted_capacity":true,"service_linked_role_arn":true,"tag":[{},{},{}],"target_group_arns":true,"traffic_source":true,"vpc_zone_identifier":true,"warm_pool":[],"warm_pool_size":true},"before_sensitive":false,"after_sensitive":{"availability_zone_distribution":[],"availability_zones":[],"capacity_reservation_specification":[],"initial_lifecycle_hook":[],"instance_maintenance_policy":[],"instance_refresh":[],"launch_template":[{}],"load_balancers":[],"mixed_instances_policy":[],"tag":[{},{},{}],"target_group_arns":[],"traffic_source":[],"vpc_zone_identifier":[],"warm_pool":[]}}},{"address":"module.ecs.aws_cloudwatch_log_group.ecs","module_address":"module.ecs","mode":"managed","type":"aws_cloudwatch_log_group","name":"ecs","provider_name":"registry.terraform.io/hashicorp/aws","change":{"actions":["create"],"before":null,"after":{"kms_key_id":null,"name":"/ecs/ecs-jenkins-github-dev","retention_in_days":30,"skip_destroy":false,"tags":{"Environment":"dev","Name":"ecs-jenkins-github-dev-log-group","Project":"ecs-jenkins-github","Terraform":"true"},"tags_all":{"Environment":"dev","Name":"ecs-jenkins-github-dev-log-group","Project":"ecs-jenkins-github","Terraform":"true"}},"after_unknown":{"arn":true,"id":true,"log_group_class":true,"name_prefix":true,"tags":{},"tags_all":{}},"before_sensitive":false,"after_sensitive":{"tags":{},"tags_all":{}}}},{"address":"module.ecs.aws_cloudwatch_metric_alarm.ecs_cpu_high","module_address":"module.ecs","mode":"managed","type":"aws_cloudwatch_metric_alarm","name":"ecs_cpu_high","provider_name":"registry.terraform.io/hashicorp/aws","change":{"actions":["create"],"before":null,"after":{"actions_enabled":true,"alarm_description":"This metric monitors ECS CPU utilization for scaling up","alarm_name":"ecs-jenkins-github-dev-cpu-high","comparison_operator":"GreaterThanOrEqualToThreshold","datapoints_to_alarm":null,"dimensions":{"ClusterName":"ecs-jenkins-github-dev-cluster","ServiceName":"ecs-jenkins-github-dev-service"},"evaluation_periods":2,"extended_statistic":null,"insufficient_data_actions":null,"metric_name":"CPUUtilization","metric_query":[],"namespace":"AWS/ECS","ok_actions":null,"period":60,"statistic":"Average","tags":{"Environment":"dev","Name":"ecs-jenkins-github-dev-cpu-high-alarm","Project":"ecs-jenkins-github","Terraform":"true"},"tags_all":{"Environment":"dev","Name":"ecs-jenkins-github-dev-cpu-high-alarm","Project":"ecs-jenkins-github","Terraform":"true"},"threshold":75,"threshold_metric_id":null,"treat_missing_data":"missing","unit":null},"after_unknown":{"alarm_actions":true,"arn":true,"dimensions":{},"evaluate_low_sample_count_percentiles":true,"id":true,"metric_query":[],"tags":{},"tags_all":{}},"before_sensitive":false,"after_sensitive":{"alarm_actions":[],"dimensions":{},"metric_query":[],"tags":{},"tags_all":{}}}},{"address":"module.ecs.aws_cloudwatch_metric_alarm.ecs_cpu_low","module_address":"module.ecs","mode":"managed","type":"aws_cloudwatch_metric_alarm","name":"ecs_cpu_low","provider_name":"registry.terraform.io/hashicorp/aws","change":{"actions":["create"],"before":null,"after":{"actions_enabled":true,"alarm_description":"This metric monitors ECS CPU utilization for scaling down","alarm_name":"ecs-jenkins-github-dev-cpu-low","comparison_operator":"LessThanOrEqualToThreshold","datapoints_to_alarm":null,"dimensions":{"ClusterName":"ecs-jenkins-github-dev-cluster","ServiceName":"ecs-jenkins-github-dev-service"},"evaluation_periods":2,"extended_statistic":null,"insufficient_data_actions":null,"metric_name":"CPUUtilization","metric_query":[],"namespace":"AWS/ECS","ok_actions":null,"period":60,"statistic":"Average","tags":{"Environment":"dev","Name":"ecs-jenkins-github-dev-cpu-low-alarm","Project":"ecs-jenkins-github","Terraform":"true"},"tags_all":{"Environment":"dev","Name":"ecs-jenkins-github-dev-cpu-low-alarm","Project":"ecs-jenkins-github","Terraform":"true"},"threshold":30,"threshold_metric_id":null,"treat_missing_data":"missing","unit":null},"after_unknown":{"alarm_actions":true,"arn":true,"dimensions":{},"evaluate_low_sample_count_percentiles":true,"id":true,"metric_query":[],"tags":{},"tags_all":{}},"before_sensitive":false,"after_sensitive":{"alarm_actions":[],"dimensions":{},"metric_query":[],"tags":{},"tags_all":{}}}},{"address":"module.ecs.aws_ecs_capacity_provider.main","module_address":"module.ecs","mode":"managed","type":"aws_ecs_capacity_provider","name":"main","provider_name":"registry.terraform.io/hashicorp/aws","change":{"actions":["create"],"before":null,"after":{"auto_scaling_group_provider":[{"managed_scaling":[{"maximum_scaling_step_size":1,"minimum_scaling_step_size":1,"status":"ENABLED","target_capacity":100}]}],"name":"ecs-jenkins-github-dev-capacity-provider","tags":null},"after_unknown":{"arn":true,"auto_scaling_group_provider":[{"auto_scaling_group_arn":true,"managed_draining":true,"managed_scaling":[{"instance_warmup_period":true}],"managed_termination_protection":true}],"id":true,"tags_all":true},"before_sensitive":false,"after_sensitive":{"auto_scaling_group_provider":[{"managed_scaling":[{}]}],"tags_all":{}}}},{"address":"module.ecs.aws_ecs_cluster.main","module_address":"module.ecs","mode":"managed","type":"aws_ecs_cluster","name":"main","provider_name":"registry.terraform.io/hashicorp/aws","change":{"actions":["create"],"before":null,"after":{"configuration":[],"name":"ecs-jenkins-github-dev-cluster","service_connect_defaults":[],"setting":[{"name":"containerInsights","value":"enabled"}],"tags":{"Environment":"dev","Name":"ecs-jenkins-github-dev-cluster","Project":"ecs-jenkins-github","Terraform":"true"},"tags_all":{"Environment":"dev","Name":"ecs-jenkins-github-dev-cluster","Project":"ecs-jenkins-github","Terraform":"true"}},"after_unknown":{"arn":true,"configuration":[],"id":true,"service_connect_defaults":[],"setting":[{}],"tags":{},"tags_all":{}},"before_sensitive":false,"after_sensitive":{"configuration":[],"service_connect_defaults":[],"setting":[{}],"tags":{},"tags_all":{}}}},{"address":"module.ecs.aws_ecs_cluster_capacity_providers.main","module_address":"module.ecs","mode":"managed","type":"aws_ecs_cluster_capacity_providers","name":"main","provider_name":"registry.terraform.io/hashicorp/aws","change":{"actions":["create"],"before":null,"after":{"capacity_providers":["ecs-jenkins-github-dev-capacity-provider"],"cluster_name":"ecs-jenkins-github-dev-cluster","default_capacity_provider_strategy":[{"base":0,"capacity_provider":"ecs-jenkins-github-dev-capacity-provider","weight":1}]},"after_unknown":{"capacity_providers":[false],"default_capacity_provider_strategy":[{}],"id":true},"before_sensitive":false,"after_sensitive":{"capacity_providers":[false],"default_capacity_provider_strategy":[{}]}}},{"address":"module.ecs.aws_ecs_service.app","module_address":"module.ecs","mode":"managed","type":"aws_ecs_service","name":"app","provider_name":"registry.terraform.io/hashicorp/aws","change":{"actions":["create"],"before":null,"after":{"alarms":[],"availability_zone_rebalancing":"DISABLED","capacity_provider_strategy":[],"deployment_circuit_breaker":[],"deployment_controller":[{"type":"ECS"}],"deployment_maximum_percent":200,"deployment_minimum_healthy_percent":50,"desired_count":2,"enable_ecs_managed_tags":false,"enable_execute_command":false,"force_delete":null,"force_new_deployment":null,"health_check_grace_period_seconds":60,"launch_type":"EC2","load_balancer":[{"container_name":"ecs-jenkins-github-dev-container","container_port":80,"elb_name":""}],"name":"ecs-jenkins-github-dev-service","network_configuration":[],"ordered_placement_strategy":[{"field":"attribute:ecs.availability-zone","type":"spread"},{"field":"instanceId","type":"spread"}],"placement_constraints":[],"propagate_tags":null,"scheduling_strategy":"REPLICA","service_connect_configuration":[],"service_registries":[],"tags":{"Environment":"dev","Name":"ecs-jenkins-github-dev-service","Project":"ecs-jenkins-github","Terraform":"true"},"tags_all":{"Environment":"dev","Name":"ecs-jenkins-github-dev-service","Project":"ecs-jenkins-github","Terraform":"true"},"timeouts":null,"volume_configuration":[],"vpc_lattice_configurations":[],"wait_for_steady_state":false},"after_unknown":{"alarms":[],"capacity_provider_strategy":[],"cluster":true,"deployment_circuit_breaker":[],"deployment_controller":[{}],"iam_role":true,"id":true,"load_balancer":[{"target_group_arn":true}],"network_configuration":[],"ordered_placement_strategy":[{},{}],"placement_constraints":[],"platform_version":true,"service_connect_configuration":[],"service_registries":[],"tags":{},"tags_all":{},"task_definition":true,"triggers":true,"volume_configuration":[],"vpc_lattice_configurations":[]},"before_sensitive":false,"after_sensitive":{"alarms":[],"capacity_provider_strategy":[],"deployment_circuit_breaker":[],"deployment_controller":[{}],"load_balancer":[{}],"network_configuration":[],"ordered_placement_strategy":[{},{}],"placement_constraints":[],"service_connect_configuration":[],"service_registries":[],"tags":{},"tags_all":{},"triggers":{},"volume_configuration":[],"vpc_lattice_configurations":[]}}},{"address":"module.ecs.aws_ecs_task_definition.app","module_address":"module.ecs","mode":"managed","type":"aws_ecs_task_definition","name":"app","provider_name":"registry.terraform.io/hashicorp/aws","change":{"actions":["create"],"before":null,"after":{"container_definitions":"[{\"environment\":[{\"name\":\"ENVIRONMENT\",\"value\":\"dev\"}],\"essential\":true,\"healthCheck\":{\"command\":[\"CMD-SHELL\",\"curl -f http://localhost:80/ || exit 1\"],\"interval\":30,\"retries\":3,\"startPeriod\":60,\"timeout\":5},\"image\":\"nginx:latest\",\"logConfiguration\":{\"logDriver\":\"awslogs\",\"options\":{\"awslogs-group\":\"/ecs/ecs-jenkins-github-dev\",\"awslogs-region\":\"eu-west-2\",\"awslogs-stream-prefix\":\"ecs\"}},\"name\":\"ecs-jenkins-github-dev-container\",\"portMappings\":[{\"containerPort\":80,\"hostPort\":0,\"protocol\":\"tcp\"}],\"secrets\":[{\"name\":\"DATABASE_URL\",\"valueFrom\":\"arn:aws:secretsmanager:eu-west-2:667021093945:secret:/ecs-jenkins-github/dev/database:url::\"}]}]","cpu":"256","ephemeral_storage":[],"family":"ecs-jenkins-github-dev-task","inference_accelerator":[],"ipc_mode":null,"memory":"512","network_mode":"bridge","pid_mode":null,"placement_constraints":[],"proxy_configuration":[],"requires_compatibilities":["EC2"],"runtime_platform":[],"skip_destroy":false,"tags":{"Environment":"dev","Name":"ecs-jenkins-github-dev-task","Project":"ecs-jenkins-github","Terraform":"true"},"tags_all":{"Environment":"dev","Name":"ecs-jenkins-github-dev-task","Project":"ecs-jenkins-github","Terraform":"true"},"track_latest":false,"volume":[]},"after_unknown":{"arn":true,"arn_without_revision":true,"enable_fault_injection":true,"ephemeral_storage":[],"execution_role_arn":true,"id":true,"inference_accelerator":[],"placement_constraints":[],"proxy_configuration":[],"requires_compatibilities":[false],"revision":true,"runtime_platform":[],"tags":{},"tags_all":{},"task_role_arn":true,"volume":[]},"before_sensitive":false,"after_sensitive":{"ephemeral_storage":[],"inference_accelerator":[],"placement_constraints":[],"proxy_configuration":[],"requires_compatibilities":[false],"runtime_platform":[],"tags":{},"tags_all":{},"volume":[]}}},{"address":"module.ecs.aws_iam_instance_profile.ecs_instance_profile","module_address":"module.ecs","mode":"managed","type":"aws_iam_instance_profile","name":"ecs_instance_profile","provider_name":"registry.terraform.io/hashicorp/aws","change":{"actions":["create"],"before":null,"after":{"name":"ecs-jenkins-github-dev-ecs-instance-profile","path":"/","role":"ecs-jenkins-github-dev-ecs-instance-role","tags":null},"after_unknown":{"arn":true,"create_date":true,"id":true,"name_prefix":true,"tags_all":true,"unique_id":true},"before_sensitive":false,"after_sensitive":{"tags_all":{}}}},{"address":"module.ecs.aws_iam_role.ecs_instance_role","module_address":"module.ecs","mode":"managed","type":"aws_iam_role","name":"ecs_instance_role","provider_name":"registry.terraform.io/hashicorp/aws","change":{"actions":["create"],"before":null,"after":{"assume_role_policy":"{\"Statement\":[{\"Action\":\"sts:AssumeRole\",\"Effect\":\"Allow\",\"Principal\":{\"Service\":\"ec2.amazonaws.com\"}}],\"Version\":\"2012-10-17\"}","description":null,"force_detach_policies":false,"max_session_duration":3600,"name":"ecs-jenkins-github-dev-ecs-instance-role","path":"/","permissions_boundary":null,"tags":{"Environment":"dev","Name":"ecs-jenkins-github-dev-ecs-instance-role","Project":"ecs-jenkins-github","Terraform":"true"},"tags_all":{"Environment":"dev","Name":"ecs-jenkins-github-dev-ecs-instance-role","Project":"ecs-jenkins-github","Terraform":"true"}},"after_unknown":{"arn":true,"create_date":true,"id":true,"inline_policy":true,"managed_policy_arns":true,"name_prefix":true,"tags":{},"tags_all":{},"unique_id":true},"before_sensitive":false,"after_sensitive":{"inline_policy":[],"managed_policy_arns":[],"tags":{},"tags_all":{}}}},{"address":"module.ecs.aws_iam_role_policy_attachment.ecs_instance_role","module_address":"module.ecs","mode":"managed","type":"aws_iam_role_policy_attachment","name":"ecs_instance_role","provider_name":"registry.terraform.io/hashicorp/aws","change":{"actions":["create"],"before":null,"after":{"policy_arn":"arn:aws:iam::aws:policy/service-role/AmazonEC2ContainerServiceforEC2Role","role":"ecs-jenkins-github-dev-ecs-instance-role"},"after_unknown":{"id":true},"before_sensitive":false,"after_sensitive":{}}},{"address":"module.ecs.aws_launch_template.ecs","module_address":"module.ecs","mode":"managed","type":"aws_launch_template","name":"ecs","provider_name":"registry.terraform.io/hashicorp/aws","change":{"actions":["create"],"before":null,"after":{"block_device_mappings":[],"capacity_reservation_specification":[],"cpu_options":[],"credit_specification":[],"description":null,"disable_api_stop":null,"disable_api_termination":null,"ebs_optimized":null,"elastic_gpu_specifications":[],"elastic_inference_accelerator":[],"enclave_options":[],"hibernation_options":[],"iam_instance_profile":[{"arn":null,"name":"ecs-jenkins-github-dev-ecs-instance-profile"}],"image_id":"ami-05c95876f21a09cab","instance_initiated_shutdown_behavior":null,"instance_market_options":[],"instance_requirements":[],"instance_type":"t3.micro","kernel_id":null,"key_name":"","license_specification":[],"maintenance_options":[],"monitoring":[{"enabled":true}],"name_prefix":"ecs-jenkins-github-dev-launch-template-","network_interfaces":[{"associate_carrier_ip_address":null,"associate_public_ip_address":"false","connection_tracking_specification":[],"delete_on_termination":"true","description":null,"device_index":null,"ena_srd_specification":[],"interface_type":null,"ipv4_address_count":null,"ipv4_addresses":null,"ipv4_prefix_count":null,"ipv4_prefixes":null,"ipv6_address_count":null,"ipv6_addresses":null,"ipv6_prefix_count":null,"ipv6_prefixes":null,"network_card_index":null,"network_interface_id":null,"primary_ipv6":null,"private_ip_address":null,"subnet_id":null}],"placement":[],"private_dns_name_options":[],"ram_disk_id":null,"security_group_names":null,"tag_specifications":[{"resource_type":"instance","tags":{"Environment":"dev","Name":"ecs-jenkins-github-dev-ecs-instance","Project":"ecs-jenkins-github","Terraform":"true"}}],"tags":null,"update_default_version":null,"user_data":"IyEvYmluL2Jhc2gNCmVjaG8gRUNTX0NMVVNURVI9ZWNzLWplbmtpbnMtZ2l0aHViLWRldi1jbHVzdGVyID4+IC9ldGMvZWNzL2Vjcy5jb25maWcNCmVjaG8gRUNTX0VOQUJMRV9DT05UQUlORVJfTUVUQURBVEE9dHJ1ZSA+PiAvZXRjL2Vjcy9lY3MuY29uZmlnDQplY2hvIEVDU19FTkFCTEVfU1BPVF9JTlNUQU5DRV9EUkFJTklORz10cnVlID4+IC9ldGMvZWNzL2Vjcy5jb25maWcNCnl1bSBpbnN0YWxsIC15IGF3cy1jZm4tYm9vdHN0cmFwIGF3cy1jbGkganENCi9vcHQvYXdzL2Jpbi9jZm4tc2lnbmFsIC1lICQ/IC0tc3RhY2sgZWNzLWplbmtpbnMtZ2l0aHViLWRldiAtLXJlc291cmNlIEVDU0F1dG9TY2FsaW5nR3JvdXAgLS1yZWdpb24gZXUtd2VzdC0yDQo=","vpc_security_group_ids":null},"after_unknown":{"arn":true,"block_device_mappings":[],"capacity_reservation_specification":[],"cpu_options":[],"credit_specification":[],"default_version":true,"elastic_gpu_specifications":[],"elastic_inference_accelerator":[],"enclave_options":[],"hibernation_options":[],"iam_instance_profile":[{}],"id":true,"instance_market_options":[],"instance_requirements":[],"latest_version":true,"license_specification":[],"maintenance_options":[],"metadata_options":true,"monitoring":[{}],"name":true,"network_interfaces":[{"connection_tracking_specification":[],"ena_srd_specification":[],"security_groups":true}],"placement":[],"private_dns_name_options":[],"tag_specifications":[{"tags":{}}],"tags_all":true},"before_sensitive":false,"after_sensitive":{"block_device_mappings":[],"capacity_reservation_specification":[],"cpu_options":[],"credit_specification":[],"elastic_gpu_specifications":[],"elastic_inference_accelerator":[],"enclave_options":[],"hibernation_options":[],"iam_instance_profile":[{}],"instance_market_options":[],"instance_requirements":[],"license_specification":[],"maintenance_options":[],"metadata_options":[],"monitoring":[{}],"network_interfaces":[{"connection_tracking_specification":[],"ena_srd_specification":[],"security_groups":[]}],"placement":[],"private_dns_name_options":[],"tag_specifications":[{"tags":{}}],"tags_all":{}}}},{"address":"module.ecs.aws_lb.main","module_address":"module.ecs","mode":"managed","type":"aws_lb","name":"main","provider_name":"registry.terraform.io/hashicorp/aws","change":{"actions":["create"],"before":null,"after":{"access_logs":[],"client_keep_alive":3600,"connection_logs":[],"customer_owned_ipv4_pool":null,"desync_mitigation_mode":"defensive","dns_record_client_routing_policy":null,"drop_invalid_header_fields":false,"enable_cross_zone_load_balancing":null,"enable_deletion_protection":false,"enable_http2":true,"enable_tls_version_and_cipher_suite_headers":false,"enable_waf_fail_open":false,"enable_xff_client_port":false,"enable_zonal_shift":false,"idle_timeout":60,"internal":false,"ipam_pools":[],"load_balancer_type":"application","minimum_load_balancer_capacity":[],"name":"ecs-jenkins-github-dev-alb","preserve_host_header":false,"tags":{"Environment":"dev","Name":"ecs-jenkins-github-dev-alb","Project":"ecs-jenkins-github","Terraform":"true"},"tags_all":{"Environment":"dev","Name":"ecs-jenkins-github-dev-alb","Project":"ecs-jenkins-github","Terraform":"true"},"timeouts":null,"xff_header_processing_mode":"append"},"after_unknown":{"access_logs":[],"arn":true,"arn_suffix":true,"connection_logs":[],"dns_name":true,"enforce_security_group_inbound_rules_on_private_link_traffic":true,"id":true,"ip_address_type":true,"ipam_pools":[],"minimum_load_balancer_capacity":[],"name_prefix":true,"security_groups":true,"subnet_mapping":true,"subnets":true,"tags":{},"tags_all":{},"vpc_id":true,"zone_id":true},"before_sensitive":false,"after_sensitive":{"access_logs":[],"connection_logs":[],"ipam_pools":[],"minimum_load_balancer_capacity":[],"security_groups":[],"subnet_mapping":[],"subnets":[],"tags":{},"tags_all":{}}}},{"address":"module.ecs.aws_lb_listener.http_redirect","module_address":"module.ecs","mode":"managed","type":"aws_lb_listener","name":"http_redirect","provider_name":"registry.terraform.io/hashicorp/aws","change":{"actions":["create"],"before":null,"after":{"alpn_policy":null,"certificate_arn":null,"default_action":[{"authenticate_cognito":[],"authenticate_oidc":[],"fixed_response":[],"forward":[],"redirect":[{"host":"#{host}","path":"/#{path}","port":"443","protocol":"HTTPS","query":"#{query}","status_code":"HTTP_301"}],"target_group_arn":null,"type":"redirect"}],"port":80,"protocol":"HTTP","tags":null,"timeouts":null},"after_unknown":{"arn":true,"default_action":[{"authenticate_cognito":[],"authenticate_oidc":[],"fixed_response":[],"forward":[],"order":true,"redirect":[{}]}],"id":true,"load_balancer_arn":true,"mutual_authentication":true,"routing_http_request_x_amzn_mtls_clientcert_header_name":true,"routing_http_request_x_amzn_mtls_clientcert_issuer_header_name":true,"routing_http_request_x_amzn_mtls_clientcert_leaf_header_name":true,"routing_http_request_x_amzn_mtls_clientcert_serial_number_header_name":true,"routing_http_request_x_amzn_mtls_clientcert_subject_header_name":true,"routing_http_request_x_amzn_mtls_clientcert_validity_header_name":true,"routing_http_request_x_amzn_tls_cipher_suite_header_name":true,"routing_http_request_x_amzn_tls_version_header_name":true,"routing_http_response_access_control_allow_credentials_header_value":true,"routing_http_response_access_control_allow_headers_header_value":true,"routing_http_response_access_control_allow_methods_header_value":true,"routing_http_response_access_control_allow_origin_header_value":true,"routing_http_response_access_control_expose_headers_header_value":true,"routing_http_response_access_control_max_age_header_value":true,"routing_http_response_content_security_policy_header_value":true,"routing_http_response_server_enabled":true,"routing_http_response_strict_transport_security_header_value":true,"routing_http_response_x_content_type_options_header_value":true,"routing_http_response_x_frame_options_header_value":true,"ssl_policy":true,"tags_all":true,"tcp_idle_timeout_seconds":true},"before_sensitive":false,"after_sensitive":{"default_action":[{"authenticate_cognito":[],"authenticate_oidc":[],"fixed_response":[],"forward":[],"redirect":[{}]}],"mutual_authentication":[],"tags_all":{}}}},{"address":"module.ecs.aws_lb_listener.https","module_address":"module.ecs","mode":"managed","type":"aws_lb_listener","name":"https","provider_name":"registry.terraform.io/hashicorp/aws","change":{"actions":["create"],"before":null,"after":{"alpn_policy":null,"default_action":[{"authenticate_cognito":[],"authenticate_oidc":[],"fixed_response":[],"forward":[],"redirect":[],"type":"forward"}],"port":443,"protocol":"HTTPS","ssl_policy":"ELBSecurityPolicy-TLS13-1-2-2021-06","tags":null,"timeouts":null},"after_unknown":{"arn":true,"certificate_arn":true,"default_action":[{"authenticate_cognito":[],"authenticate_oidc":[],"fixed_response":[],"forward":[],"order":true,"redirect":[],"target_group_arn":true}],"id":true,"load_balancer_arn":true,"mutual_authentication":true,"routing_http_request_x_amzn_mtls_clientcert_header_name":true,"routing_http_request_x_amzn_mtls_clientcert_issuer_header_name":true,"routing_http_request_x_amzn_mtls_clientcert_leaf_header_name":true,"routing_http_request_x_amzn_mtls_clientcert_serial_number_header_name":true,"routing_http_request_x_amzn_mtls_clientcert_subject_header_name":true,"routing_http_request_x_amzn_mtls_clientcert_validity_header_name":true,"routing_http_request_x_amzn_tls_cipher_suite_header_name":true,"routing_http_request_x_amzn_tls_version_header_name":true,"routing_http_response_access_control_allow_credentials_header_value":true,"routing_http_response_access_control_allow_headers_header_value":true,"routing_http_response_access_control_allow_methods_header_value":true,"routing_http_response_access_control_allow_origin_header_value":true,"routing_http_response_access_control_expose_headers_header_value":true,"routing_http_response_access_control_max_age_header_value":true,"routing_http_response_content_security_policy_header_value":true,"routing_http_response_server_enabled":true,"routing_http_response_strict_transport_security_header_value":true,"routing_http_response_x_content_type_options_header_value":true,"routing_http_response_x_frame_options_header_value":true,"tags_all":true,"tcp_idle_timeout_seconds":true},"before_sensitive":false,"after_sensitive":{"default_action":[{"authenticate_cognito":[],"authenticate_oidc":[],"fixed_response":[],"forward":[],"redirect":[]}],"mutual_authentication":[],"tags_all":{}}}},{"address":"module.ecs.aws_lb_target_group.app","module_address":"module.ecs","mode":"managed","type":"aws_lb_target_group","name":"app","provider_name":"registry.terraform.io/hashicorp/aws","change":{"actions":["create"],"before":null,"after":{"deregistration_delay":"30","health_check":[{"enabled":true,"healthy_threshold":3,"interval":30,"matcher":"200-299","path":"/","port":"traffic-port","protocol":"HTTP","timeout":5,"unhealthy_threshold":3}],"lambda_multi_value_headers_enabled":false,"name":"ecs-jenkins-github-dev-tg","port":80,"protocol":"HTTP","proxy_protocol_v2":false,"slow_start":0,"tags":{"Environment":"dev","Name":"ecs-jenkins-github-dev-tg","Project":"ecs-jenkins-github","Terraform":"true"},"tags_all":{"Environment":"dev","Name":"ecs-jenkins-github-dev-tg","Project":"ecs-jenkins-github","Terraform":"true"},"target_type":"instance"},"after_unknown":{"arn":true,"arn_suffix":true,"connection_termination":true,"health_check":[{}],"id":true,"ip_address_type":true,"load_balancer_arns":true,"load_balancing_algorithm_type":true,"load_balancing_anomaly_mitigation":true,"load_balancing_cross_zone_enabled":true,"name_prefix":true,"preserve_client_ip":true,"protocol_version":true,"stickiness":true,"tags":{},"tags_all":{},"target_failover":true,"target_group_health":true,"target_health_state":true,"vpc_id":true},"before_sensitive":false,"after_sensitive":{"health_check":[{}],"load_balancer_arns":[],"stickiness":[],"tags":{},"tags_all":{},"target_failover":[],"target_group_health":[],"target_health_state":[]}}},{"address":"module.iam.aws_iam_instance_profile.jenkins","module_address":"module.iam","mode":"managed","type":"aws_iam_instance_profile","name":"jenkins","provider_name":"registry.terraform.io/hashicorp/aws","change":{"actions":["create"],"before":null,"after":{"name":"ecs-jenkins-github-dev-jenkins-profile","path":"/","role":"ecs-jenkins-github-dev-jenkins-role","tags":null},"after_unknown":{"arn":true,"create_date":true,"id":true,"name_prefix":true,"tags_all":true,"unique_id":true},"before_sensitive":false,"after_sensitive":{"tags_all":{}}}},{"address":"module.iam.aws_iam_policy.jenkins_ecr_ecs_access","module_address":"module.iam","mode":"managed","type":"aws_iam_policy","name":"jenkins_ecr_ecs_access","provider_name":"registry.terraform.io/hashicorp/aws","change":{"actions":["create"],"before":null,"after":{"description":"Allow Jenkins to push to ECR and deploy to ECS","name":"ecs-jenkins-github-dev-jenkins-ecr-ecs-access","path":"/","policy":"{\"Statement\":[{\"Action\":[\"ecr:GetAuthorizationToken\",\"ecr:BatchCheckLayerAvailability\",\"ecr:GetDownloadUrlForLayer\",\"ecr:BatchGetImage\",\"ecr:InitiateLayerUpload\",\"ecr:UploadLayerPart\",\"ecr:CompleteLayerUpload\",\"ecr:PutImage\"],\"Effect\":\"Allow\",\"Resource\":\"*\"},{\"Action\":[\"ecs:DescribeServices\",\"ecs:UpdateService\",\"ecs:RegisterTaskDefinition\",\"ecs:DescribeTaskDefinition\",\"ecs:ListTaskDefinitions\",\"ecs:DeregisterTaskDefinition\"],\"Effect\":\"Allow\",\"Resource\":\"*\"}],\"Version\":\"2012-10-17\"}","tags":null},"after_unknown":{"arn":true,"attachment_count":true,"id":true,"name_prefix":true,"policy_id":true,"tags_all":true},"before_sensitive":false,"after_sensitive":{"tags_all":{}}}},{"address":"module.iam.aws_iam_policy.secrets_manager_access","module_address":"module.iam","mode":"managed","type":"aws_iam_policy","name":"secrets_manager_access","provider_name":"registry.terraform.io/hashicorp/aws","change":{"actions":["create"],"before":null,"after":{"description":"Allow access to Secrets Manager","name":"ecs-jenkins-github-dev-secrets-manager-access","path":"/","policy":"{\"Statement\":[{\"Action\":[\"secretsmanager:GetSecretValue\",\"kms:Decrypt\"],\"Effect\":\"Allow\",\"Resource\":\"arn:aws:secretsmanager:eu-west-2:667021093945:secret:/ecs-jenkins-github/dev/*\"}],\"Version\":\"2012-10-17\"}","tags":null},"after_unknown":{"arn":true,"attachment_count":true,"id":true,"name_prefix":true,"policy_id":true,"tags_all":true},"before_sensitive":false,"after_sensitive":{"tags_all":{}}}},{"address":"module.iam.aws_iam_role.codedeploy_role","module_address":"module.iam","mode":"managed","type":"aws_iam_role","name":"codedeploy_role","provider_name":"registry.terraform.io/hashicorp/aws","change":{"actions":["create"],"before":null,"after":{"assume_role_policy":"{\"Statement\":[{\"Action\":\"sts:AssumeRole\",\"Effect\":\"Allow\",\"Principal\":{\"Service\":\"codedeploy.amazonaws.com\"}}],\"Version\":\"2012-10-17\"}","description":null,"force_detach_policies":false,"max_session_duration":3600,"name":"ecs-jenkins-github-dev-codedeploy-role","path":"/","permissions_boundary":null,"tags":{"Environment":"dev","Name":"ecs-jenkins-github-dev-codedeploy-role","Project":"ecs-jenkins-github","Terraform":"true"},"tags_all":{"Environment":"dev","Name":"ecs-jenkins-github-dev-codedeploy-role","Project":"ecs-jenkins-github","Terraform":"true"}},"after_unknown":{"arn":true,"create_date":true,"id":true,"inline_policy":true,"managed_policy_arns":true,"name_prefix":true,"tags":{},"tags_all":{},"unique_id":true},"before_sensitive":false,"after_sensitive":{"inline_policy":[],"managed_policy_arns":[],"tags":{},"tags_all":{}}}},{"address":"module.iam.aws_iam_role.ecs_task_execution_role","module_address":"module.iam","mode":"managed","type":"aws_iam_role","name":"ecs_task_execution_role","provider_name":"registry.terraform.io/hashicorp/aws","change":{"actions":["create"],"before":null,"after":{"assume_role_policy":"{\"Statement\":[{\"Action\":\"sts:AssumeRole\",\"Effect\":\"Allow\",\"Principal\":{\"Service\":\"ecs-tasks.amazonaws.com\"}}],\"Version\":\"2012-10-17\"}","description":null,"force_detach_policies":false,"max_session_duration":3600,"name":"ecs-jenkins-github-dev-ecs-task-execution-role","path":"/","permissions_boundary":null,"tags":{"Environment":"dev","Name":"ecs-jenkins-github-dev-ecs-task-execution-role","Project":"ecs-jenkins-github","Terraform":"true"},"tags_all":{"Environment":"dev","Name":"ecs-jenkins-github-dev-ecs-task-execution-role","Project":"ecs-jenkins-github","Terraform":"true"}},"after_unknown":{"arn":true,"create_date":true,"id":true,"inline_policy":true,"managed_policy_arns":true,"name_prefix":true,"tags":{},"tags_all":{},"unique_id":true},"before_sensitive":false,"after_sensitive":{"inline_policy":[],"managed_policy_arns":[],"tags":{},"tags_all":{}}}},{"address":"module.iam.aws_iam_role.ecs_task_role","module_address":"module.iam","mode":"managed","type":"aws_iam_role","name":"ecs_task_role","provider_name":"registry.terraform.io/hashicorp/aws","change":{"actions":["create"],"before":null,"after":{"assume_role_policy":"{\"Statement\":[{\"Action\":\"sts:AssumeRole\",\"Effect\":\"Allow\",\"Principal\":{\"Service\":\"ecs-tasks.amazonaws.com\"}}],\"Version\":\"2012-10-17\"}","description":null,"force_detach_policies":false,"max_session_duration":3600,"name":"ecs-jenkins-github-dev-ecs-task-role","path":"/","permissions_boundary":null,"tags":{"Environment":"dev","Name":"ecs-jenkins-github-dev-ecs-task-role","Project":"ecs-jenkins-github","Terraform":"true"},"tags_all":{"Environment":"dev","Name":"ecs-jenkins-github-dev-ecs-task-role","Project":"ecs-jenkins-github","Terraform":"true"}},"after_unknown":{"arn":true,"create_date":true,"id":true,"inline_policy":true,"managed_policy_arns":true,"name_prefix":true,"tags":{},"tags_all":{},"unique_id":true},"before_sensitive":false,"after_sensitive":{"inline_policy":[],"managed_policy_arns":[],"tags":{},"tags_all":{}}}},{"address":"module.iam.aws_iam_role.jenkins_role","module_address":"module.iam","mode":"managed","type":"aws_iam_role","name":"jenkins_role","provider_name":"registry.terraform.io/hashicorp/aws","change":{"actions":["create"],"before":null,"after":{"assume_role_policy":"{\"Statement\":[{\"Action\":\"sts:AssumeRole\",\"Effect\":\"Allow\",\"Principal\":{\"Service\":\"ec2.amazonaws.com\"}}],\"Version\":\"2012-10-17\"}","description":null,"force_detach_policies":false,"max_session_duration":3600,"name":"ecs-jenkins-github-dev-jenkins-role","path":"/","permissions_boundary":null,"tags":{"Environment":"dev","Name":"ecs-jenkins-github-dev-jenkins-role","Project":"ecs-jenkins-github","Terraform":"true"},"tags_all":{"Environment":"dev","Name":"ecs-jenkins-github-dev-jenkins-role","Project":"ecs-jenkins-github","Terraform":"true"}},"after_unknown":{"arn":true,"create_date":true,"id":true,"inline_policy":true,"managed_policy_arns":true,"name_prefix":true,"tags":{},"tags_all":{},"unique_id":true},"before_sensitive":false,"after_sensitive":{"inline_policy":[],"managed_policy_arns":[],"tags":{},"tags_all":{}}}},{"address":"module.iam.aws_iam_role_policy_attachment.codedeploy","module_address":"module.iam","mode":"managed","type":"aws_iam_role_policy_attachment","name":"codedeploy","provider_name":"registry.terraform.io/hashicorp/aws","change":{"actions":["create"],"before":null,"after":{"policy_arn":"arn:aws:iam::aws:policy/service-role/AWSCodeDeployRole","role":"ecs-jenkins-github-dev-codedeploy-role"},"after_unknown":{"id":true},"before_sensitive":false,"after_sensitive":{}}},{"address":"module.iam.aws_iam_role_policy_attachment.ecs_task_execution_policy","module_address":"module.iam","mode":"managed","type":"aws_iam_role_policy_attachment","name":"ecs_task_execution_policy","provider_name":"registry.terraform.io/hashicorp/aws","change":{"actions":["create"],"before":null,"after":{"policy_arn":"arn:aws:iam::aws:policy/service-role/AmazonECSTaskExecutionRolePolicy","role":"ecs-jenkins-github-dev-ecs-task-execution-role"},"after_unknown":{"id":true},"before_sensitive":false,"after_sensitive":{}}},{"address":"module.iam.aws_iam_role_policy_attachment.ecs_task_secrets_manager","module_address":"module.iam","mode":"managed","type":"aws_iam_role_policy_attachment","name":"ecs_task_secrets_manager","provider_name":"registry.terraform.io/hashicorp/aws","change":{"actions":["create"],"before":null,"after":{"role":"ecs-jenkins-github-dev-ecs-task-role"},"after_unknown":{"id":true,"policy_arn":true},"before_sensitive":false,"after_sensitive":{}}},{"address":"module.iam.aws_iam_role_policy_attachment.jenkins_ecr_ecs","module_address":"module.iam","mode":"managed","type":"aws_iam_role_policy_attachment","name":"jenkins_ecr_ecs","provider_name":"registry.terraform.io/hashicorp/aws","change":{"actions":["create"],"before":null,"after":{"role":"ecs-jenkins-github-dev-jenkins-role"},"after_unknown":{"id":true,"policy_arn":true},"before_sensitive":false,"after_sensitive":{}}},{"address":"module.monitoring.aws_cloudwatch_dashboard.main","module_address":"module.monitoring","mode":"managed","type":"aws_cloudwatch_dashboard","name":"main","provider_name":"registry.terraform.io/hashicorp/aws","change":{"actions":["create"],"before":null,"after":{"dashboard_name":"ecs-jenkins-github-dev-dashboard"},"after_unknown":{"dashboard_arn":true,"dashboard_body":true,"id":true},"before_sensitive":false,"after_sensitive":{}}},{"address":"module.monitoring.aws_cloudwatch_log_group.app","module_address":"module.monitoring","mode":"managed","type":"aws_cloudwatch_log_group","name":"app","provider_name":"registry.terraform.io/hashicorp/aws","change":{"actions":["create"],"before":null,"after":{"kms_key_id":null,"name":"/aws/application/ecs-jenkins-github-dev","retention_in_days":30,"skip_destroy":false,"tags":{"Environment":"dev","Name":"ecs-jenkins-github-dev-app-log-group","Project":"ecs-jenkins-github","Terraform":"true"},"tags_all":{"Environment":"dev","Name":"ecs-jenkins-github-dev-app-log-group","Project":"ecs-jenkins-github","Terraform":"true"}},"after_unknown":{"arn":true,"id":true,"log_group_class":true,"name_prefix":true,"tags":{},"tags_all":{}},"before_sensitive":false,"after_sensitive":{"tags":{},"tags_all":{}}}},{"address":"module.monitoring.aws_cloudwatch_log_group.grafana","module_address":"module.monitoring","mode":"managed","type":"aws_cloudwatch_log_group","name":"grafana","provider_name":"registry.terraform.io/hashicorp/aws","change":{"actions":["create"],"before":null,"after":{"kms_key_id":null,"name":"/aws/ecs/ecs-jenkins-github-dev/grafana","retention_in_days":30,"skip_destroy":false,"tags":{"Environment":"dev","Name":"ecs-jenkins-github-dev-grafana-log-group","Project":"ecs-jenkins-github","Terraform":"true"},"tags_all":{"Environment":"dev","Name":"ecs-jenkins-github-dev-grafana-log-group","Project":"ecs-jenkins-github","Terraform":"true"}},"after_unknown":{"arn":true,"id":true,"log_group_class":true,"name_prefix":true,"tags":{},"tags_all":{}},"before_sensitive":false,"after_sensitive":{"tags":{},"tags_all":{}}}},{"address":"module.monitoring.aws_cloudwatch_log_group.prometheus","module_address":"module.monitoring","mode":"managed","type":"aws_cloudwatch_log_group","name":"prometheus","provider_name":"registry.terraform.io/hashicorp/aws","change":{"actions":["create"],"before":null,"after":{"kms_key_id":null,"name":"/aws/ecs/ecs-jenkins-github-dev/prometheus","retention_in_days":30,"skip_destroy":false,"tags":{"Environment":"dev","Name":"ecs-jenkins-github-dev-prometheus-log-group","Project":"ecs-jenkins-github","Terraform":"true"},"tags_all":{"Environment":"dev","Name":"ecs-jenkins-github-dev-prometheus-log-group","Project":"ecs-jenkins-github","Terraform":"true"}},"after_unknown":{"arn":true,"id":true,"log_group_class":true,"name_prefix":true,"tags":{},"tags_all":{}},"before_sensitive":false,"after_sensitive":{"tags":{},"tags_all":{}}}},{"address":"module.monitoring.aws_cloudwatch_metric_alarm.db_cpu_high[0]","module_address":"module.monitoring","mode":"managed","type":"aws_cloudwatch_metric_alarm","name":"db_cpu_high","index":0,"provider_name":"registry.terraform.io/hashicorp/aws","change":{"actions":["create"],"before":null,"after":{"actions_enabled":true,"alarm_description":"This alarm monitors RDS CPU utilization","alarm_name":"ecs-jenkins-github-dev-db-cpu-high","comparison_operator":"GreaterThanThreshold","datapoints_to_alarm":null,"evaluation_periods":2,"extended_statistic":null,"insufficient_data_actions":null,"metric_name":"CPUUtilization","metric_query":[],"namespace":"AWS/RDS","period":60,"statistic":"Average","tags":{"Environment":"dev","Name":"ecs-jenkins-github-dev-db-cpu-high-alarm","Project":"ecs-jenkins-github","Terraform":"true"},"tags_all":{"Environment":"dev","Name":"ecs-jenkins-github-dev-db-cpu-high-alarm","Project":"ecs-jenkins-github","Terraform":"true"},"threshold":80,"threshold_metric_id":null,"treat_missing_data":"missing","unit":null},"after_unknown":{"alarm_actions":true,"arn":true,"dimensions":true,"evaluate_low_sample_count_percentiles":true,"id":true,"metric_query":[],"ok_actions":true,"tags":{},"tags_all":{}},"before_sensitive":false,"after_sensitive":{"alarm_actions":[],"dimensions":{},"metric_query":[],"ok_actions":[],"tags":{},"tags_all":{}}}},{"address":"module.monitoring.aws_cloudwatch_metric_alarm.ecs_cpu_high[0]","module_address":"module.monitoring","mode":"managed","type":"aws_cloudwatch_metric_alarm","name":"ecs_cpu_high","index":0,"provider_name":"registry.terraform.io/hashicorp/aws","change":{"actions":["create"],"before":null,"after":{"actions_enabled":true,"alarm_description":"This alarm monitors ECS CPU utilization","alarm_name":"ecs-jenkins-github-dev-cpu-high","comparison_operator":"GreaterThanThreshold","datapoints_to_alarm":null,"dimensions":{"ClusterName":"ecs-jenkins-github-dev-cluster","ServiceName":"app-service"},"evaluation_periods":2,"extended_statistic":null,"insufficient_data_actions":null,"metric_name":"CPUUtilization","metric_query":[],"namespace":"AWS/ECS","period":60,"statistic":"Average","tags":{"Environment":"dev","Name":"ecs-jenkins-github-dev-cpu-high-alarm","Project":"ecs-jenkins-github","Terraform":"true"},"tags_all":{"Environment":"dev","Name":"ecs-jenkins-github-dev-cpu-high-alarm","Project":"ecs-jenkins-github","Terraform":"true"},"threshold":80,"threshold_metric_id":null,"treat_missing_data":"missing","unit":null},"after_unknown":{"alarm_actions":true,"arn":true,"dimensions":{},"evaluate_low_sample_count_percentiles":true,"id":true,"metric_query":[],"ok_actions":true,"tags":{},"tags_all":{}},"before_sensitive":false,"after_sensitive":{"alarm_actions":[],"dimensions":{},"metric_query":[],"ok_actions":[],"tags":{},"tags_all":{}}}},{"address":"module.monitoring.aws_ecs_service.monitoring[0]","module_address":"module.monitoring","mode":"managed","type":"aws_ecs_service","name":"monitoring","index":0,"provider_name":"registry.terraform.io/hashicorp/aws","change":{"actions":["create"],"before":null,"after":{"alarms":[],"availability_zone_rebalancing":"DISABLED","capacity_provider_strategy":[],"deployment_circuit_breaker":[],"deployment_controller":[],"deployment_maximum_percent":200,"deployment_minimum_healthy_percent":100,"desired_count":1,"enable_ecs_managed_tags":false,"enable_execute_command":false,"force_delete":null,"force_new_deployment":null,"health_check_grace_period_seconds":null,"launch_type":"EC2","load_balancer":[],"name":"ecs-jenkins-github-dev-monitoring","network_configuration":[{"assign_public_ip":false}],"ordered_placement_strategy":[],"placement_constraints":[],"propagate_tags":null,"scheduling_strategy":"REPLICA","service_connect_configuration":[],"service_registries":[],"tags":{"Environment":"dev","Name":"ecs-jenkins-github-dev-monitoring-service","Project":"ecs-jenkins-github","Terraform":"true"},"tags_all":{"Environment":"dev","Name":"ecs-jenkins-github-dev-monitoring-service","Project":"ecs-jenkins-github","Terraform":"true"},"timeouts":null,"volume_configuration":[],"vpc_lattice_configurations":[],"wait_for_steady_state":false},"after_unknown":{"alarms":[],"capacity_provider_strategy":[],"cluster":true,"deployment_circuit_breaker":[],"deployment_controller":[],"iam_role":true,"id":true,"load_balancer":[],"network_configuration":[{"security_groups":true,"subnets":true}],"ordered_placement_strategy":[],"placement_constraints":[],"platform_version":true,"service_connect_configuration":[],"service_registries":[],"tags":{},"tags_all":{},"task_definition":true,"triggers":true,"volume_configuration":[],"vpc_lattice_configurations":[]},"before_sensitive":false,"after_sensitive":{"alarms":[],"capacity_provider_strategy":[],"deployment_circuit_breaker":[],"deployment_controller":[],"load_balancer":[],"network_configuration":[{"security_groups":[],"subnets":[]}],"ordered_placement_strategy":[],"placement_constraints":[],"service_connect_configuration":[],"service_registries":[],"tags":{},"tags_all":{},"triggers":{},"volume_configuration":[],"vpc_lattice_configurations":[]}}},{"address":"module.monitoring.aws_ecs_task_definition.monitoring[0]","module_address":"module.monitoring","mode":"managed","type":"aws_ecs_task_definition","name":"monitoring","index":0,"provider_name":"registry.terraform.io/hashicorp/aws","change":{"actions":["create"],"before":null,"after":{"container_definitions":"[{\"cpu\":256,\"environment\":[{\"name\":\"GF_SECURITY_ADMIN_PASSWORD\",\"value\":\"changeme\"},{\"name\":\"GF_SECURITY_ADMIN_USER\",\"value\":\"admin\"},{\"name\":\"GF_USERS_ALLOW_SIGN_UP\",\"value\":\"false\"}],\"essential\":true,\"image\":\"grafana/grafana:latest\",\"logConfiguration\":{\"logDriver\":\"awslogs\",\"options\":{\"awslogs-group\":\"/aws/ecs/ecs-jenkins-github-dev/grafana\",\"awslogs-region\":\"eu-west-2\",\"awslogs-stream-prefix\":\"grafana\"}},\"memory\":512,\"mountPoints\":[{\"containerPath\":\"/var/lib/grafana\",\"sourceVolume\":\"grafana-data\"}],\"name\":\"grafana\",\"portMappings\":[{\"containerPort\":3000,\"hostPort\":3000,\"protocol\":\"tcp\"}]},{\"cpu\":256,\"essential\":true,\"image\":\"prom/prometheus:latest\",\"logConfiguration\":{\"logDriver\":\"awslogs\",\"options\":{\"awslogs-group\":\"/aws/ecs/ecs-jenkins-github-dev/prometheus\",\"awslogs-region\":\"eu-west-2\",\"awslogs-stream-prefix\":\"prometheus\"}},\"memory\":512,\"mountPoints\":[{\"containerPath\":\"/etc/prometheus\",\"sourceVolume\":\"prometheus-config\"},{\"containerPath\":\"/prometheus\",\"sourceVolume\":\"prometheus-data\"}],\"name\":\"prometheus\",\"portMappings\":[{\"containerPort\":9090,\"hostPort\":9090,\"protocol\":\"tcp\"}]}]","cpu":null,"ephemeral_storage":[],"family":"ecs-jenkins-github-dev-monitoring","inference_accelerator":[],"ipc_mode":null,"memory":null,"network_mode":"awsvpc","pid_mode":null,"placement_constraints":[],"proxy_configuration":[],"requires_compatibilities":["EC2"],"runtime_platform":[],"skip_destroy":false,"tags":{"Environment":"dev","Name":"ecs-jenkins-github-dev-monitoring-task","Project":"ecs-jenkins-github","Terraform":"true"},"tags_all":{"Environment":"dev","Name":"ecs-jenkins-github-dev-monitoring-task","Project":"ecs-jenkins-github","Terraform":"true"},"track_latest":false,"volume":[{"docker_volume_configuration":[{"autoprovision":true,"driver":"local","driver_opts":null,"labels":null,"scope":"shared"}],"efs_volume_configuration":[],"fsx_windows_file_server_volume_configuration":[],"host_path":"","name":"grafana-data"},{"docker_volume_configuration":[{"autoprovision":true,"driver":"local","driver_opts":null,"labels":null,"scope":"shared"}],"efs_volume_configuration":[],"fsx_windows_file_server_volume_configuration":[],"host_path":"","name":"prometheus-data"},{"docker_volume_configuration":[],"efs_volume_configuration":[],"fsx_windows_file_server_volume_configuration":[],"host_path":"","name":"prometheus-config"}]},"after_unknown":{"arn":true,"arn_without_revision":true,"enable_fault_injection":true,"ephemeral_storage":[],"execution_role_arn":true,"id":true,"inference_accelerator":[],"placement_constraints":[],"proxy_configuration":[],"requires_compatibilities":[false],"revision":true,"runtime_platform":[],"tags":{},"tags_all":{},"task_role_arn":true,"volume":[{"configure_at_launch":true,"docker_volume_configuration":[{}],"efs_volume_configuration":[],"fsx_windows_file_server_volume_configuration":[]},{"configure_at_launch":true,"docker_volume_configuration":[{}],"efs_volume_configuration":[],"fsx_windows_file_server_volume_configuration":[]},{"configure_at_launch":true,"docker_volume_configuration":[],"efs_volume_configuration":[],"fsx_windows_file_server_volume_configuration":[]}]},"before_sensitive":false,"after_sensitive":{"container_definitions":true,"ephemeral_storage":[],"inference_accelerator":[],"placement_constraints":[],"proxy_configuration":[],"requires_compatibilities":[false],"runtime_platform":[],"tags":{},"tags_all":{},"volume":[{"docker_volume_configuration":[{}],"efs_volume_configuration":[],"fsx_windows_file_server_volume_configuration":[]},{"docker_volume_configuration":[{}],"efs_volume_configuration":[],"fsx_windows_file_server_volume_configuration":[]},{"docker_volume_configuration":[],"efs_volume_configuration":[],"fsx_windows_file_server_volume_configuration":[]}]}}},{"address":"module.monitoring.aws_security_group.monitoring","module_address":"module.monitoring","mode":"managed","type":"aws_security_group","name":"monitoring","provider_name":"registry.terraform.io/hashicorp/aws","change":{"actions":["create"],"before":null,"after":{"description":"Security group for monitoring services","egress":[{"cidr_blocks":["0.0.0.0/0"],"description":"","from_port":0,"ipv6_cidr_blocks":[],"prefix_list_ids":[],"protocol":"-1","security_groups":[],"self":false,"to_port":0}],"ingress":[{"cidr_blocks":[],"description":"","from_port":3000,"ipv6_cidr_blocks":[],"prefix_list_ids":[],"protocol":"tcp","self":false,"to_port":3000},{"cidr_blocks":[],"description":"","from_port":9090,"ipv6_cidr_blocks":[],"prefix_list_ids":[],"protocol":"tcp","self":false,"to_port":9090}],"name":"ecs-jenkins-github-dev-monitoring-sg","revoke_rules_on_delete":false,"tags":{"Environment":"dev","Name":"ecs-jenkins-github-dev-monitoring-sg","Project":"ecs-jenkins-github","Terraform":"true"},"tags_all":{"Environment":"dev","Name":"ecs-jenkins-github-dev-monitoring-sg","Project":"ecs-jenkins-github","Terraform":"true"},"timeouts":null},"after_unknown":{"arn":true,"egress":[{"cidr_blocks":[false],"ipv6_cidr_blocks":[],"prefix_list_ids":[],"security_groups":[]}],"id":true,"ingress":[{"cidr_blocks":[],"ipv6_cidr_blocks":[],"prefix_list_ids":[],"security_groups":true},{"cidr_blocks":[],"ipv6_cidr_blocks":[],"prefix_list_ids":[],"security_groups":true}],"name_prefix":true,"owner_id":true,"tags":{},"tags_all":{},"vpc_id":true},"before_sensitive":false,"after_sensitive":{"egress":[{"cidr_blocks":[false],"ipv6_cidr_blocks":[],"prefix_list_ids":[],"security_groups":[]}],"ingress":[{"cidr_blocks":[],"ipv6_cidr_blocks":[],"prefix_list_ids":[],"security_groups":[]},{"cidr_blocks":[],"ipv6_cidr_blocks":[],"prefix_list_ids":[],"security_groups":[]}],"tags":{},"tags_all":{}}}},{"address":"module.monitoring.aws_sns_topic.alarms[0]","module_address":"module.monitoring","mode":"managed","type":"aws_sns_topic","name":"alarms","index":0,"provider_name":"registry.terraform.io/hashicorp/aws","change":{"actions":["create"],"before":null,"after":{"application_failure_feedback_role_arn":null,"application_success_feedback_role_arn":null,"application_success_feedback_sample_rate":null,"archive_policy":null,"content_based_deduplication":false,"delivery_policy":null,"display_name":null,"fifo_topic":false,"firehose_failure_feedback_role_arn":null,"firehose_success_feedback_role_arn":null,"firehose_success_feedback_sample_rate":null,"http_failure_feedback_role_arn":null,"http_success_feedback_role_arn":null,"http_success_feedback_sample_rate":null,"kms_master_key_id":null,"lambda_failure_feedback_role_arn":null,"lambda_success_feedback_role_arn":null,"lambda_success_feedback_sample_rate":null,"name":"ecs-jenkins-github-dev-alarms","sqs_failure_feedback_role_arn":null,"sqs_success_feedback_role_arn":null,"sqs_success_feedback_sample_rate":null,"tags":{"Environment":"dev","Name":"ecs-jenkins-github-dev-alarms-topic","Project":"ecs-jenkins-github","Terraform":"true"},"tags_all":{"Environment":"dev","Name":"ecs-jenkins-github-dev-alarms-topic","Project":"ecs-jenkins-github","Terraform":"true"}},"after_unknown":{"arn":true,"beginning_archive_time":true,"fifo_throughput_scope":true,"id":true,"name_prefix":true,"owner":true,"policy":true,"signature_version":true,"tags":{},"tags_all":{},"tracing_config":true},"before_sensitive":false,"after_sensitive":{"tags":{},"tags_all":{}}}},{"address":"module.network.aws_eip.nat[0]","module_address":"module.network","mode":"managed","type":"aws_eip","name":"nat","index":0,"provider_name":"registry.terraform.io/hashicorp/aws","change":{"actions":["create"],"before":null,"after":{"address":null,"associate_with_private_ip":null,"customer_owned_ipv4_pool":null,"domain":"vpc","tags":{"Environment":"dev","Name":"ecs-jenkins-github-dev-eip-1","Project":"ecs-jenkins-github","Terraform":"true"},"tags_all":{"Environment":"dev","Name":"ecs-jenkins-github-dev-eip-1","Project":"ecs-jenkins-github","Terraform":"true"},"timeouts":null},"after_unknown":{"allocation_id":true,"arn":true,"association_id":true,"carrier_ip":true,"customer_owned_ip":true,"id":true,"instance":true,"ipam_pool_id":true,"network_border_group":true,"network_interface":true,"private_dns":true,"private_ip":true,"ptr_record":true,"public_dns":true,"public_ip":true,"public_ipv4_pool":true,"tags":{},"tags_all":{},"vpc":true},"before_sensitive":false,"after_sensitive":{"tags":{},"tags_all":{}}}},{"address":"module.network.aws_eip.nat[1]","module_address":"module.network","mode":"managed","type":"aws_eip","name":"nat","index":1,"provider_name":"registry.terraform.io/hashicorp/aws","change":{"actions":["create"],"before":null,"after":{"address":null,"associate_with_private_ip":null,"customer_owned_ipv4_pool":null,"domain":"vpc","tags":{"Environment":"dev","Name":"ecs-jenkins-github-dev-eip-2","Project":"ecs-jenkins-github","Terraform":"true"},"tags_all":{"Environment":"dev","Name":"ecs-jenkins-github-dev-eip-2","Project":"ecs-jenkins-github","Terraform":"true"},"timeouts":null},"after_unknown":{"allocation_id":true,"arn":true,"association_id":true,"carrier_ip":true,"customer_owned_ip":true,"id":true,"instance":true,"ipam_pool_id":true,"network_border_group":true,"network_interface":true,"private_dns":true,"private_ip":true,"ptr_record":true,"public_dns":true,"public_ip":true,"public_ipv4_pool":true,"tags":{},"tags_all":{},"vpc":true},"before_sensitive":false,"after_sensitive":{"tags":{},"tags_all":{}}}},{"address":"module.network.aws_internet_gateway.main","module_address":"module.network","mode":"managed","type":"aws_internet_gateway","name":"main","provider_name":"registry.terraform.io/hashicorp/aws","change":{"actions":["create"],"before":null,"after":{"tags":{"Environment":"dev","Name":"ecs-jenkins-github-dev-igw","Project":"ecs-jenkins-github","Terraform":"true"},"tags_all":{"Environment":"dev","Name":"ecs-jenkins-github-dev-igw","Project":"ecs-jenkins-github","Terraform":"true"},"timeouts":null},"after_unknown":{"arn":true,"id":true,"owner_id":true,"tags":{},"tags_all":{},"vpc_id":true},"before_sensitive":false,"after_sensitive":{"tags":{},"tags_all":{}}}},{"address":"module.network.aws_nat_gateway.main[0]","module_address":"module.network","mode":"managed","type":"aws_nat_gateway","name":"main","index":0,"provider_name":"registry.terraform.io/hashicorp/aws","change":{"actions":["create"],"before":null,"after":{"connectivity_type":"public","secondary_allocation_ids":null,"tags":{"Environment":"dev","Name":"ecs-jenkins-github-dev-nat-1","Project":"ecs-jenkins-github","Terraform":"true"},"tags_all":{"Environment":"dev","Name":"ecs-jenkins-github-dev-nat-1","Project":"ecs-jenkins-github","Terraform":"true"},"timeouts":null},"after_unknown":{"allocation_id":true,"association_id":true,"id":true,"network_interface_id":true,"private_ip":true,"public_ip":true,"secondary_private_ip_address_count":true,"secondary_private_ip_addresses":true,"subnet_id":true,"tags":{},"tags_all":{}},"before_sensitive":false,"after_sensitive":{"secondary_private_ip_addresses":[],"tags":{},"tags_all":{}}}},{"address":"module.network.aws_nat_gateway.main[1]","module_address":"module.network","mode":"managed","type":"aws_nat_gateway","name":"main","index":1,"provider_name":"registry.terraform.io/hashicorp/aws","change":{"actions":["create"],"before":null,"after":{"connectivity_type":"public","secondary_allocation_ids":null,"tags":{"Environment":"dev","Name":"ecs-jenkins-github-dev-nat-2","Project":"ecs-jenkins-github","Terraform":"true"},"tags_all":{"Environment":"dev","Name":"ecs-jenkins-github-dev-nat-2","Project":"ecs-jenkins-github","Terraform":"true"},"timeouts":null},"after_unknown":{"allocation_id":true,"association_id":true,"id":true,"network_interface_id":true,"private_ip":true,"public_ip":true,"secondary_private_ip_address_count":true,"secondary_private_ip_addresses":true,"subnet_id":true,"tags":{},"tags_all":{}},"before_sensitive":false,"after_sensitive":{"secondary_private_ip_addresses":[],"tags":{},"tags_all":{}}}},{"address":"module.network.aws_route_table.database[0]","module_address":"module.network","mode":"managed","type":"aws_route_table","name":"database","index":0,"provider_name":"registry.terraform.io/hashicorp/aws","change":{"actions":["create"],"before":null,"after":{"route":[{"carrier_gateway_id":"","cidr_block":"0.0.0.0/0","core_network_arn":"","destination_prefix_list_id":"","egress_only_gateway_id":"","gateway_id":"","ipv6_cidr_block":"","local_gateway_id":"","network_interface_id":"","transit_gateway_id":"","vpc_endpoint_id":"","vpc_peering_connection_id":""}],"tags":{"Environment":"dev","Name":"ecs-jenkins-github-dev-database-rt-1","Project":"ecs-jenkins-github","Terraform":"true"},"tags_all":{"Environment":"dev","Name":"ecs-jenkins-github-dev-database-rt-1","Project":"ecs-jenkins-github","Terraform":"true"},"timeouts":null},"after_unknown":{"arn":true,"id":true,"owner_id":true,"propagating_vgws":true,"route":[{"nat_gateway_id":true}],"tags":{},"tags_all":{},"vpc_id":true},"before_sensitive":false,"after_sensitive":{"propagating_vgws":[],"route":[{}],"tags":{},"tags_all":{}}}},{"address":"module.network.aws_route_table.database[1]","module_address":"module.network","mode":"managed","type":"aws_route_table","name":"database","index":1,"provider_name":"registry.terraform.io/hashicorp/aws","change":{"actions":["create"],"before":null,"after":{"route":[{"carrier_gateway_id":"","cidr_block":"0.0.0.0/0","core_network_arn":"","destination_prefix_list_id":"","egress_only_gateway_id":"","gateway_id":"","ipv6_cidr_block":"","local_gateway_id":"","network_interface_id":"","transit_gateway_id":"","vpc_endpoint_id":"","vpc_peering_connection_id":""}],"tags":{"Environment":"dev","Name":"ecs-jenkins-github-dev-database-rt-2","Project":"ecs-jenkins-github","Terraform":"true"},"tags_all":{"Environment":"dev","Name":"ecs-jenkins-github-dev-database-rt-2","Project":"ecs-jenkins-github","Terraform":"true"},"timeouts":null},"after_unknown":{"arn":true,"id":true,"owner_id":true,"propagating_vgws":true,"route":[{"nat_gateway_id":true}],"tags":{},"tags_all":{},"vpc_id":true},"before_sensitive":false,"after_sensitive":{"propagating_vgws":[],"route":[{}],"tags":{},"tags_all":{}}}},{"address":"module.network.aws_route_table.private[0]","module_address":"module.network","mode":"managed","type":"aws_route_table","name":"private","index":0,"provider_name":"registry.terraform.io/hashicorp/aws","change":{"actions":["create"],"before":null,"after":{"route":[{"carrier_gateway_id":"","cidr_block":"0.0.0.0/0","core_network_arn":"","destination_prefix_list_id":"","egress_only_gateway_id":"","gateway_id":"","ipv6_cidr_block":"","local_gateway_id":"","network_interface_id":"","transit_gateway_id":"","vpc_endpoint_id":"","vpc_peering_connection_id":""}],"tags":{"Environment":"dev","Name":"ecs-jenkins-github-dev-private-rt-1","Project":"ecs-jenkins-github","Terraform":"true"},"tags_all":{"Environment":"dev","Name":"ecs-jenkins-github-dev-private-rt-1","Project":"ecs-jenkins-github","Terraform":"true"},"timeouts":null},"after_unknown":{"arn":true,"id":true,"owner_id":true,"propagating_vgws":true,"route":[{"nat_gateway_id":true}],"tags":{},"tags_all":{},"vpc_id":true},"before_sensitive":false,"after_sensitive":{"propagating_vgws":[],"route":[{}],"tags":{},"tags_all":{}}}},{"address":"module.network.aws_route_table.private[1]","module_address":"module.network","mode":"managed","type":"aws_route_table","name":"private","index":1,"provider_name":"registry.terraform.io/hashicorp/aws","change":{"actions":["create"],"before":null,"after":{"route":[{"carrier_gateway_id":"","cidr_block":"0.0.0.0/0","core_network_arn":"","destination_prefix_list_id":"","egress_only_gateway_id":"","gateway_id":"","ipv6_cidr_block":"","local_gateway_id":"","network_interface_id":"","transit_gateway_id":"","vpc_endpoint_id":"","vpc_peering_connection_id":""}],"tags":{"Environment":"dev","Name":"ecs-jenkins-github-dev-private-rt-2","Project":"ecs-jenkins-github","Terraform":"true"},"tags_all":{"Environment":"dev","Name":"ecs-jenkins-github-dev-private-rt-2","Project":"ecs-jenkins-github","Terraform":"true"},"timeouts":null},"after_unknown":{"arn":true,"id":true,"owner_id":true,"propagating_vgws":true,"route":[{"nat_gateway_id":true}],"tags":{},"tags_all":{},"vpc_id":true},"before_sensitive":false,"after_sensitive":{"propagating_vgws":[],"route":[{}],"tags":{},"tags_all":{}}}},{"address":"module.network.aws_route_table.public","module_address":"module.network","mode":"managed","type":"aws_route_table","name":"public","provider_name":"registry.terraform.io/hashicorp/aws","change":{"actions":["create"],"before":null,"after":{"route":[{"carrier_gateway_id":"","cidr_block":"0.0.0.0/0","core_network_arn":"","destination_prefix_list_id":"","egress_only_gateway_id":"","ipv6_cidr_block":"","local_gateway_id":"","nat_gateway_id":"","network_interface_id":"","transit_gateway_id":"","vpc_endpoint_id":"","vpc_peering_connection_id":""}],"tags":{"Environment":"dev","Name":"ecs-jenkins-github-dev-public-rt","Project":"ecs-jenkins-github","Terraform":"true"},"tags_all":{"Environment":"dev","Name":"ecs-jenkins-github-dev-public-rt","Project":"ecs-jenkins-github","Terraform":"true"},"timeouts":null},"after_unknown":{"arn":true,"id":true,"owner_id":true,"propagating_vgws":true,"route":[{"gateway_id":true}],"tags":{},"tags_all":{},"vpc_id":true},"before_sensitive":false,"after_sensitive":{"propagating_vgws":[],"route":[{}],"tags":{},"tags_all":{}}}},{"address":"module.network.aws_route_table_association.database[0]","module_address":"module.network","mode":"managed","type":"aws_route_table_association","name":"database","index":0,"provider_name":"registry.terraform.io/hashicorp/aws","change":{"actions":["create"],"before":null,"after":{"gateway_id":null,"timeouts":null},"after_unknown":{"id":true,"route_table_id":true,"subnet_id":true},"before_sensitive":false,"after_sensitive":{}}},{"address":"module.network.aws_route_table_association.database[1]","module_address":"module.network","mode":"managed","type":"aws_route_table_association","name":"database","index":1,"provider_name":"registry.terraform.io/hashicorp/aws","change":{"actions":["create"],"before":null,"after":{"gateway_id":null,"timeouts":null},"after_unknown":{"id":true,"route_table_id":true,"subnet_id":true},"before_sensitive":false,"after_sensitive":{}}},{"address":"module.network.aws_route_table_association.private[0]","module_address":"module.network","mode":"managed","type":"aws_route_table_association","name":"private","index":0,"provider_name":"registry.terraform.io/hashicorp/aws","change":{"actions":["create"],"before":null,"after":{"gateway_id":null,"timeouts":null},"after_unknown":{"id":true,"route_table_id":true,"subnet_id":true},"before_sensitive":false,"after_sensitive":{}}},{"address":"module.network.aws_route_table_association.private[1]","module_address":"module.network","mode":"managed","type":"aws_route_table_association","name":"private","index":1,"provider_name":"registry.terraform.io/hashicorp/aws","change":{"actions":["create"],"before":null,"after":{"gateway_id":null,"timeouts":null},"after_unknown":{"id":true,"route_table_id":true,"subnet_id":true},"before_sensitive":false,"after_sensitive":{}}},{"address":"module.network.aws_route_table_association.public[0]","module_address":"module.network","mode":"managed","type":"aws_route_table_association","name":"public","index":0,"provider_name":"registry.terraform.io/hashicorp/aws","change":{"actions":["create"],"before":null,"after":{"gateway_id":null,"timeouts":null},"after_unknown":{"id":true,"route_table_id":true,"subnet_id":true},"before_sensitive":false,"after_sensitive":{}}},{"address":"module.network.aws_route_table_association.public[1]","module_address":"module.network","mode":"managed","type":"aws_route_table_association","name":"public","index":1,"provider_name":"registry.terraform.io/hashicorp/aws","change":{"actions":["create"],"before":null,"after":{"gateway_id":null,"timeouts":null},"after_unknown":{"id":true,"route_table_id":true,"subnet_id":true},"before_sensitive":false,"after_sensitive":{}}},{"address":"module.network.aws_security_group.alb","module_address":"module.network","mode":"managed","type":"aws_security_group","name":"alb","provider_name":"registry.terraform.io/hashicorp/aws","change":{"actions":["create"],"before":null,"after":{"description":"Security group for the Application Load Balancer","egress":[{"cidr_blocks":["0.0.0.0/0"],"description":"","from_port":0,"ipv6_cidr_blocks":[],"prefix_list_ids":[],"protocol":"-1","security_groups":[],"self":false,"to_port":0}],"ingress":[{"cidr_blocks":["0.0.0.0/0"],"description":"","from_port":443,"ipv6_cidr_blocks":[],"prefix_list_ids":[],"protocol":"tcp","security_groups":[],"self":false,"to_port":443},{"cidr_blocks":["0.0.0.0/0"],"description":"","from_port":80,"ipv6_cidr_blocks":[],"prefix_list_ids":[],"protocol":"tcp","security_groups":[],"self":false,"to_port":80}],"name":"ecs-jenkins-github-dev-alb-sg","revoke_rules_on_delete":false,"tags":{"Environment":"dev","Name":"ecs-jenkins-github-dev-alb-sg","Project":"ecs-jenkins-github","Terraform":"true"},"tags_all":{"Environment":"dev","Name":"ecs-jenkins-github-dev-alb-sg","Project":"ecs-jenkins-github","Terraform":"true"},"timeouts":null},"after_unknown":{"arn":true,"egress":[{"cidr_blocks":[false],"ipv6_cidr_blocks":[],"prefix_list_ids":[],"security_groups":[]}],"id":true,"ingress":[{"cidr_blocks":[false],"ipv6_cidr_blocks":[],"prefix_list_ids":[],"security_groups":[]},{"cidr_blocks":[false],"ipv6_cidr_blocks":[],"prefix_list_ids":[],"security_groups":[]}],"name_prefix":true,"owner_id":true,"tags":{},"tags_all":{},"vpc_id":true},"before_sensitive":false,"after_sensitive":{"egress":[{"cidr_blocks":[false],"ipv6_cidr_blocks":[],"prefix_list_ids":[],"security_groups":[]}],"ingress":[{"cidr_blocks":[false],"ipv6_cidr_blocks":[],"prefix_list_ids":[],"security_groups":[]},{"cidr_blocks":[false],"ipv6_cidr_blocks":[],"prefix_list_ids":[],"security_groups":[]}],"tags":{},"tags_all":{}}}},{"address":"module.network.aws_security_group.db","module_address":"module.network","mode":"managed","type":"aws_security_group","name":"db","provider_name":"registry.terraform.io/hashicorp/aws","change":{"actions":["create"],"before":null,"after":{"description":"Security group for RDS database","egress":[{"cidr_blocks":["0.0.0.0/0"],"description":"","from_port":0,"ipv6_cidr_blocks":[],"prefix_list_ids":[],"protocol":"-1","security_groups":[],"self":false,"to_port":0}],"ingress":[{"cidr_blocks":[],"description":"","from_port":5432,"ipv6_cidr_blocks":[],"prefix_list_ids":[],"protocol":"tcp","self":false,"to_port":5432}],"name":"ecs-jenkins-github-dev-db-sg","revoke_rules_on_delete":false,"tags":{"Environment":"dev","Name":"ecs-jenkins-github-dev-db-sg","Project":"ecs-jenkins-github","Terraform":"true"},"tags_all":{"Environment":"dev","Name":"ecs-jenkins-github-dev-db-sg","Project":"ecs-jenkins-github","Terraform":"true"},"timeouts":null},"after_unknown":{"arn":true,"egress":[{"cidr_blocks":[false],"ipv6_cidr_blocks":[],"prefix_list_ids":[],"security_groups":[]}],"id":true,"ingress":[{"cidr_blocks":[],"ipv6_cidr_blocks":[],"prefix_list_ids":[],"security_groups":true}],"name_prefix":true,"owner_id":true,"tags":{},"tags_all":{},"vpc_id":true},"before_sensitive":false,"after_sensitive":{"egress":[{"cidr_blocks":[false],"ipv6_cidr_blocks":[],"prefix_list_ids":[],"security_groups":[]}],"ingress":[{"cidr_blocks":[],"ipv6_cidr_blocks":[],"prefix_list_ids":[],"security_groups":[]}],"tags":{},"tags_all":{}}}},{"address":"module.network.aws_security_group.ecs","module_address":"module.network","mode":"managed","type":"aws_security_group","name":"ecs","provider_name":"registry.terraform.io/hashicorp/aws","change":{"actions":["create"],"before":null,"after":{"description":"Security group for ECS tasks","egress":[{"cidr_blocks":["0.0.0.0/0"],"description":"","from_port":0,"ipv6_cidr_blocks":[],"prefix_list_ids":[],"protocol":"-1","security_groups":[],"self":false,"to_port":0}],"ingress":[{"cidr_blocks":[],"description":"","from_port":0,"ipv6_cidr_blocks":[],"prefix_list_ids":[],"protocol":"-1","self":false,"to_port":0}],"name":"ecs-jenkins-github-dev-ecs-sg","revoke_rules_on_delete":false,"tags":{"Environment":"dev","Name":"ecs-jenkins-github-dev-ecs-sg","Project":"ecs-jenkins-github","Terraform":"true"},"tags_all":{"Environment":"dev","Name":"ecs-jenkins-github-dev-ecs-sg","Project":"ecs-jenkins-github","Terraform":"true"},"timeouts":null},"after_unknown":{"arn":true,"egress":[{"cidr_blocks":[false],"ipv6_cidr_blocks":[],"prefix_list_ids":[],"security_groups":[]}],"id":true,"ingress":[{"cidr_blocks":[],"ipv6_cidr_blocks":[],"prefix_list_ids":[],"security_groups":true}],"name_prefix":true,"owner_id":true,"tags":{},"tags_all":{},"vpc_id":true},"before_sensitive":false,"after_sensitive":{"egress":[{"cidr_blocks":[false],"ipv6_cidr_blocks":[],"prefix_list_ids":[],"security_groups":[]}],"ingress":[{"cidr_blocks":[],"ipv6_cidr_blocks":[],"prefix_list_ids":[],"security_groups":[]}],"tags":{},"tags_all":{}}}},{"address":"module.network.aws_security_group.jenkins","module_address":"module.network","mode":"managed","type":"aws_security_group","name":"jenkins","provider_name":"registry.terraform.io/hashicorp/aws","change":{"actions":["create"],"before":null,"after":{"description":"Security group for Jenkins server","egress":[{"cidr_blocks":["0.0.0.0/0"],"description":"","from_port":0,"ipv6_cidr_blocks":[],"prefix_list_ids":[],"protocol":"-1","security_groups":[],"self":false,"to_port":0}],"ingress":[{"cidr_blocks":["0.0.0.0/0"],"description":"","from_port":22,"ipv6_cidr_blocks":[],"prefix_list_ids":[],"protocol":"tcp","security_groups":[],"self":false,"to_port":22},{"cidr_blocks":["0.0.0.0/0"],"description":"","from_port":8080,"ipv6_cidr_blocks":[],"prefix_list_ids":[],"protocol":"tcp","security_groups":[],"self":false,"to_port":8080}],"name":"ecs-jenkins-github-dev-jenkins-sg","revoke_rules_on_delete":false,"tags":{"Environment":"dev","Name":"ecs-jenkins-github-dev-jenkins-sg","Project":"ecs-jenkins-github","Terraform":"true"},"tags_all":{"Environment":"dev","Name":"ecs-jenkins-github-dev-jenkins-sg","Project":"ecs-jenkins-github","Terraform":"true"},"timeouts":null},"after_unknown":{"arn":true,"egress":[{"cidr_blocks":[false],"ipv6_cidr_blocks":[],"prefix_list_ids":[],"security_groups":[]}],"id":true,"ingress":[{"cidr_blocks":[false],"ipv6_cidr_blocks":[],"prefix_list_ids":[],"security_groups":[]},{"cidr_blocks":[false],"ipv6_cidr_blocks":[],"prefix_list_ids":[],"security_groups":[]}],"name_prefix":true,"owner_id":true,"tags":{},"tags_all":{},"vpc_id":true},"before_sensitive":false,"after_sensitive":{"egress":[{"cidr_blocks":[false],"ipv6_cidr_blocks":[],"prefix_list_ids":[],"security_groups":[]}],"ingress":[{"cidr_blocks":[false],"ipv6_cidr_blocks":[],"prefix_list_ids":[],"security_groups":[]},{"cidr_blocks":[false],"ipv6_cidr_blocks":[],"prefix_list_ids":[],"security_groups":[]}],"tags":{},"tags_all":{}}}},{"address":"module.network.aws_subnet.database[0]","module_address":"module.network","mode":"managed","type":"aws_subnet","name":"database","index":0,"provider_name":"registry.terraform.io/hashicorp/aws","change":{"actions":["create"],"before":null,"after":{"assign_ipv6_address_on_creation":false,"availability_zone":"eu-west-2a","cidr_block":"10.0.21.0/24","customer_owned_ipv4_pool":null,"enable_dns64":false,"enable_lni_at_device_index":null,"enable_resource_name_dns_a_record_on_launch":false,"enable_resource_name_dns_aaaa_record_on_launch":false,"ipv6_cidr_block":null,"ipv6_native":false,"map_customer_owned_ip_on_launch":null,"map_public_ip_on_launch":false,"outpost_arn":null,"tags":{"Environment":"dev","Name":"ecs-jenkins-github-dev-database-subnet-1","Project":"ecs-jenkins-github","Terraform":"true","Type":"Database"},"tags_all":{"Environment":"dev","Name":"ecs-jenkins-github-dev-database-subnet-1","Project":"ecs-jenkins-github","Terraform":"true","Type":"Database"},"timeouts":null},"after_unknown":{"arn":true,"availability_zone_id":true,"id":true,"ipv6_cidr_block_association_id":true,"owner_id":true,"private_dns_hostname_type_on_launch":true,"tags":{},"tags_all":{},"vpc_id":true},"before_sensitive":false,"after_sensitive":{"tags":{},"tags_all":{}}}},{"address":"module.network.aws_subnet.database[1]","module_address":"module.network","mode":"managed","type":"aws_subnet","name":"database","index":1,"provider_name":"registry.terraform.io/hashicorp/aws","change":{"actions":["create"],"before":null,"after":{"assign_ipv6_address_on_creation":false,"availability_zone":"eu-west-2b","cidr_block":"10.0.22.0/24","customer_owned_ipv4_pool":null,"enable_dns64":false,"enable_lni_at_device_index":null,"enable_resource_name_dns_a_record_on_launch":false,"enable_resource_name_dns_aaaa_record_on_launch":false,"ipv6_cidr_block":null,"ipv6_native":false,"map_customer_owned_ip_on_launch":null,"map_public_ip_on_launch":false,"outpost_arn":null,"tags":{"Environment":"dev","Name":"ecs-jenkins-github-dev-database-subnet-2","Project":"ecs-jenkins-github","Terraform":"true","Type":"Database"},"tags_all":{"Environment":"dev","Name":"ecs-jenkins-github-dev-database-subnet-2","Project":"ecs-jenkins-github","Terraform":"true","Type":"Database"},"timeouts":null},"after_unknown":{"arn":true,"availability_zone_id":true,"id":true,"ipv6_cidr_block_association_id":true,"owner_id":true,"private_dns_hostname_type_on_launch":true,"tags":{},"tags_all":{},"vpc_id":true},"before_sensitive":false,"after_sensitive":{"tags":{},"tags_all":{}}}},{"address":"module.network.aws_subnet.private[0]","module_address":"module.network","mode":"managed","type":"aws_subnet","name":"private","index":0,"provider_name":"registry.terraform.io/hashicorp/aws","change":{"actions":["create"],"before":null,"after":{"assign_ipv6_address_on_creation":false,"availability_zone":"eu-west-2a","cidr_block":"10.0.11.0/24","customer_owned_ipv4_pool":null,"enable_dns64":false,"enable_lni_at_device_index":null,"enable_resource_name_dns_a_record_on_launch":false,"enable_resource_name_dns_aaaa_record_on_launch":false,"ipv6_cidr_block":null,"ipv6_native":false,"map_customer_owned_ip_on_launch":null,"map_public_ip_on_launch":false,"outpost_arn":null,"tags":{"Environment":"dev","Name":"ecs-jenkins-github-dev-private-subnet-1","Project":"ecs-jenkins-github","Terraform":"true","Type":"Private"},"tags_all":{"Environment":"dev","Name":"ecs-jenkins-github-dev-private-subnet-1","Project":"ecs-jenkins-github","Terraform":"true","Type":"Private"},"timeouts":null},"after_unknown":{"arn":true,"availability_zone_id":true,"id":true,"ipv6_cidr_block_association_id":true,"owner_id":true,"private_dns_hostname_type_on_launch":true,"tags":{},"tags_all":{},"vpc_id":true},"before_sensitive":false,"after_sensitive":{"tags":{},"tags_all":{}}}},{"address":"module.network.aws_subnet.private[1]","module_address":"module.network","mode":"managed","type":"aws_subnet","name":"private","index":1,"provider_name":"registry.terraform.io/hashicorp/aws","change":{"actions":["create"],"before":null,"after":{"assign_ipv6_address_on_creation":false,"availability_zone":"eu-west-2b","cidr_block":"10.0.12.0/24","customer_owned_ipv4_pool":null,"enable_dns64":false,"enable_lni_at_device_index":null,"enable_resource_name_dns_a_record_on_launch":false,"enable_resource_name_dns_aaaa_record_on_launch":false,"ipv6_cidr_block":null,"ipv6_native":false,"map_customer_owned_ip_on_launch":null,"map_public_ip_on_launch":false,"outpost_arn":null,"tags":{"Environment":"dev","Name":"ecs-jenkins-github-dev-private-subnet-2","Project":"ecs-jenkins-github","Terraform":"true","Type":"Private"},"tags_all":{"Environment":"dev","Name":"ecs-jenkins-github-dev-private-subnet-2","Project":"ecs-jenkins-github","Terraform":"true","Type":"Private"},"timeouts":null},"after_unknown":{"arn":true,"availability_zone_id":true,"id":true,"ipv6_cidr_block_association_id":true,"owner_id":true,"private_dns_hostname_type_on_launch":true,"tags":{},"tags_all":{},"vpc_id":true},"before_sensitive":false,"after_sensitive":{"tags":{},"tags_all":{}}}},{"address":"module.network.aws_subnet.public[0]","module_address":"module.network","mode":"managed","type":"aws_subnet","name":"public","index":0,"provider_name":"registry.terraform.io/hashicorp/aws","change":{"actions":["create"],"before":null,"after":{"assign_ipv6_address_on_creation":false,"availability_zone":"eu-west-2a","cidr_block":"10.0.1.0/24","customer_owned_ipv4_pool":null,"enable_dns64":false,"enable_lni_at_device_index":null,"enable_resource_name_dns_a_record_on_launch":false,"enable_resource_name_dns_aaaa_record_on_launch":false,"ipv6_cidr_block":null,"ipv6_native":false,"map_customer_owned_ip_on_launch":null,"map_public_ip_on_launch":true,"outpost_arn":null,"tags":{"Environment":"dev","Name":"ecs-jenkins-github-dev-public-subnet-1","Project":"ecs-jenkins-github","Terraform":"true","Type":"Public"},"tags_all":{"Environment":"dev","Name":"ecs-jenkins-github-dev-public-subnet-1","Project":"ecs-jenkins-github","Terraform":"true","Type":"Public"},"timeouts":null},"after_unknown":{"arn":true,"availability_zone_id":true,"id":true,"ipv6_cidr_block_association_id":true,"owner_id":true,"private_dns_hostname_type_on_launch":true,"tags":{},"tags_all":{},"vpc_id":true},"before_sensitive":false,"after_sensitive":{"tags":{},"tags_all":{}}}},{"address":"module.network.aws_subnet.public[1]","module_address":"module.network","mode":"managed","type":"aws_subnet","name":"public","index":1,"provider_name":"registry.terraform.io/hashicorp/aws","change":{"actions":["create"],"before":null,"after":{"assign_ipv6_address_on_creation":false,"availability_zone":"eu-west-2b","cidr_block":"10.0.2.0/24","customer_owned_ipv4_pool":null,"enable_dns64":false,"enable_lni_at_device_index":null,"enable_resource_name_dns_a_record_on_launch":false,"enable_resource_name_dns_aaaa_record_on_launch":false,"ipv6_cidr_block":null,"ipv6_native":false,"map_customer_owned_ip_on_launch":null,"map_public_ip_on_launch":true,"outpost_arn":null,"tags":{"Environment":"dev","Name":"ecs-jenkins-github-dev-public-subnet-2","Project":"ecs-jenkins-github","Terraform":"true","Type":"Public"},"tags_all":{"Environment":"dev","Name":"ecs-jenkins-github-dev-public-subnet-2","Project":"ecs-jenkins-github","Terraform":"true","Type":"Public"},"timeouts":null},"after_unknown":{"arn":true,"availability_zone_id":true,"id":true,"ipv6_cidr_block_association_id":true,"owner_id":true,"private_dns_hostname_type_on_launch":true,"tags":{},"tags_all":{},"vpc_id":true},"before_sensitive":false,"after_sensitive":{"tags":{},"tags_all":{}}}},{"address":"module.network.aws_vpc.main","module_address":"module.network","mode":"managed","type":"aws_vpc","name":"main","provider_name":"registry.terraform.io/hashicorp/aws","change":{"actions":["create"],"before":null,"after":{"assign_generated_ipv6_cidr_block":null,"cidr_block":"10.0.0.0/16","enable_dns_hostnames":true,"enable_dns_support":true,"instance_tenancy":"default","ipv4_ipam_pool_id":null,"ipv4_netmask_length":null,"ipv6_ipam_pool_id":null,"ipv6_netmask_length":null,"tags":{"Environment":"dev","Name":"ecs-jenkins-github-dev-vpc","Project":"ecs-jenkins-github","Terraform":"true"},"tags_all":{"Environment":"dev","Name":"ecs-jenkins-github-dev-vpc","Project":"ecs-jenkins-github","Terraform":"true"}},"after_unknown":{"arn":true,"default_network_acl_id":true,"default_route_table_id":true,"default_security_group_id":true,"dhcp_options_id":true,"enable_network_address_usage_metrics":true,"id":true,"ipv6_association_id":true,"ipv6_cidr_block":true,"ipv6_cidr_block_network_border_group":true,"main_route_table_id":true,"owner_id":true,"tags":{},"tags_all":{}},"before_sensitive":false,"after_sensitive":{"tags":{},"tags_all":{}}}},{"address":"module.security.aws_config_configuration_recorder.main[0]","module_address":"module.security","mode":"managed","type":"aws_config_configuration_recorder","name":"main","index":0,"provider_name":"registry.terraform.io/hashicorp/aws","change":{"actions":["create"],"before":null,"after":{"name":"ecs-jenkins-github-dev-config","recording_group":[{"all_supported":true,"include_global_resource_types":false,"resource_types":null}]},"after_unknown":{"id":true,"recording_group":[{"exclusion_by_resource_types":true,"recording_strategy":true}],"recording_mode":true,"role_arn":true},"before_sensitive":false,"after_sensitive":{"recording_group":[{"exclusion_by_resource_types":[],"recording_strategy":[]}],"recording_mode":[]}}},{"address":"module.security.aws_config_configuration_recorder_status.main[0]","module_address":"module.security","mode":"managed","type":"aws_config_configuration_recorder_status","name":"main","index":0,"provider_name":"registry.terraform.io/hashicorp/aws","change":{"actions":["create"],"before":null,"after":{"is_enabled":true,"name":"ecs-jenkins-github-dev-config"},"after_unknown":{"id":true},"before_sensitive":false,"after_sensitive":{}}},{"address":"module.security.aws_config_delivery_channel.main[0]","module_address":"module.security","mode":"managed","type":"aws_config_delivery_channel","name":"main","index":0,"provider_name":"registry.terraform.io/hashicorp/aws","change":{"actions":["create"],"before":null,"after":{"name":"ecs-jenkins-github-dev-config-channel","s3_bucket_name":"ecs-jenkins-github-dev-config-logs-667021093945","s3_key_prefix":null,"s3_kms_key_arn":null,"snapshot_delivery_properties":[],"sns_topic_arn":null},"after_unknown":{"id":true,"snapshot_delivery_properties":[]},"before_sensitive":false,"after_sensitive":{"snapshot_delivery_properties":[]}}},{"address":"module.security.aws_guardduty_detector.main[0]","module_address":"module.security","mode":"managed","type":"aws_guardduty_detector","name":"main","index":0,"provider_name":"registry.terraform.io/hashicorp/aws","change":{"actions":["create"],"before":null,"after":{"enable":true,"finding_publishing_frequency":"ONE_HOUR","tags":{"Environment":"dev","Name":"ecs-jenkins-github-dev-guardduty","Project":"ecs-jenkins-github","Terraform":"true"},"tags_all":{"Environment":"dev","Name":"ecs-jenkins-github-dev-guardduty","Project":"ecs-jenkins-github","Terraform":"true"}},"after_unknown":{"account_id":true,"arn":true,"datasources":true,"id":true,"tags":{},"tags_all":{}},"before_sensitive":false,"after_sensitive":{"datasources":[],"tags":{},"tags_all":{}}}},{"address":"module.security.aws_iam_role.config[0]","module_address":"module.security","mode":"managed","type":"aws_iam_role","name":"config","index":0,"provider_name":"registry.terraform.io/hashicorp/aws","change":{"actions":["create"],"before":null,"after":{"assume_role_policy":"{\"Statement\":[{\"Action\":\"sts:AssumeRole\",\"Effect\":\"Allow\",\"Principal\":{\"Service\":\"config.amazonaws.com\"}}],\"Version\":\"2012-10-17\"}","description":null,"force_detach_policies":false,"max_session_duration":3600,"name":"ecs-jenkins-github-dev-config-role","path":"/","permissions_boundary":null,"tags":{"Environment":"dev","Name":"ecs-jenkins-github-dev-config-role","Project":"ecs-jenkins-github","Terraform":"true"},"tags_all":{"Environment":"dev","Name":"ecs-jenkins-github-dev-config-role","Project":"ecs-jenkins-github","Terraform":"true"}},"after_unknown":{"arn":true,"create_date":true,"id":true,"inline_policy":true,"managed_policy_arns":true,"name_prefix":true,"tags":{},"tags_all":{},"unique_id":true},"before_sensitive":false,"after_sensitive":{"inline_policy":[],"managed_policy_arns":[],"tags":{},"tags_all":{}}}},{"address":"module.security.aws_iam_role_policy_attachment.config[0]","module_address":"module.security","mode":"managed","type":"aws_iam_role_policy_attachment","name":"config","index":0,"provider_name":"registry.terraform.io/hashicorp/aws","change":{"actions":["create"],"before":null,"after":{"policy_arn":"arn:aws:iam::aws:policy/service-role/AWS_ConfigRole","role":"ecs-jenkins-github-dev-config-role"},"after_unknown":{"id":true},"before_sensitive":false,"after_sensitive":{}}},{"address":"module.security.aws_s3_bucket.config[0]","module_address":"module.security","mode":"managed","type":"aws_s3_bucket","name":"config","index":0,"provider_name":"registry.terraform.io/hashicorp/aws","change":{"actions":["create"],"before":null,"after":{"bucket":"ecs-jenkins-github-dev-config-logs-667021093945","force_destroy":false,"tags":{"Environment":"dev","Name":"ecs-jenkins-github-dev-config-logs","Project":"ecs-jenkins-github","Terraform":"true"},"tags_all":{"Environment":"dev","Name":"ecs-jenkins-github-dev-config-logs","Project":"ecs-jenkins-github","Terraform":"true"},"timeouts":null},"after_unknown":{"acceleration_status":true,"acl":true,"arn":true,"bucket_domain_name":true,"bucket_prefix":true,"bucket_regional_domain_name":true,"cors_rule":true,"grant":true,"hosted_zone_id":true,"id":true,"lifecycle_rule":true,"logging":true,"object_lock_configuration":true,"object_lock_enabled":true,"policy":true,"region":true,"replication_configuration":true,"request_payer":true,"server_side_encryption_configuration":true,"tags":{},"tags_all":{},"versioning":true,"website":true,"website_domain":true,"website_endpoint":true},"before_sensitive":false,"after_sensitive":{"cors_rule":[],"grant":[],"lifecycle_rule":[],"logging":[],"object_lock_configuration":[],"replication_configuration":[],"server_side_encryption_configuration":[],"tags":{},"tags_all":{},"versioning":[],"website":[]}}},{"address":"module.security.aws_s3_bucket_lifecycle_configuration.config[0]","module_address":"module.security","mode":"managed","type":"aws_s3_bucket_lifecycle_configuration","name":"config","index":0,"provider_name":"registry.terraform.io/hashicorp/aws","change":{"actions":["create"],"before":null,"after":{"rule":[{"abort_incomplete_multipart_upload":[],"expiration":[{"date":null,"days":365,"expired_object_delete_marker":false}],"filter":[{"and":[],"object_size_greater_than":null,"object_size_less_than":null,"prefix":"","tag":[]}],"id":"log-retention","noncurrent_version_expiration":[],"noncurrent_version_transition":[],"prefix":"","status":"Enabled","transition":[]}],"timeouts":null,"transition_default_minimum_object_size":"all_storage_classes_128K"},"after_unknown":{"bucket":true,"expected_bucket_owner":true,"id":true,"rule":[{"abort_incomplete_multipart_upload":[],"expiration":[{}],"filter":[{"and":[],"tag":[]}],"noncurrent_version_expiration":[],"noncurrent_version_transition":[],"transition":[]}]},"before_sensitive":false,"after_sensitive":{"rule":[{"abort_incomplete_multipart_upload":[],"expiration":[{}],"filter":[{"and":[],"tag":[]}],"noncurrent_version_expiration":[],"noncurrent_version_transition":[],"transition":[]}]}}},{"address":"module.security.aws_s3_bucket_public_access_block.config[0]","module_address":"module.security","mode":"managed","type":"aws_s3_bucket_public_access_block","name":"config","index":0,"provider_name":"registry.terraform.io/hashicorp/aws","change":{"actions":["create"],"before":null,"after":{"block_public_acls":true,"block_public_policy":true,"ignore_public_acls":true,"restrict_public_buckets":true},"after_unknown":{"bucket":true,"id":true},"before_sensitive":false,"after_sensitive":{}}},{"address":"module.security.aws_s3_bucket_server_side_encryption_configuration.config[0]","module_address":"module.security","mode":"managed","type":"aws_s3_bucket_server_side_encryption_configuration","name":"config","index":0,"provider_name":"registry.terraform.io/hashicorp/aws","change":{"actions":["create"],"before":null,"after":{"expected_bucket_owner":null,"rule":[{"apply_server_side_encryption_by_default":[{"kms_master_key_id":"","sse_algorithm":"AES256"}],"bucket_key_enabled":null}]},"after_unknown":{"bucket":true,"id":true,"rule":[{"apply_server_side_encryption_by_default":[{}]}]},"before_sensitive":false,"after_sensitive":{"rule":[{"apply_server_side_encryption_by_default":[{}]}]}}},{"address":"module.security.aws_securityhub_account.main[0]","module_address":"module.security","mode":"managed","type":"aws_securityhub_account","name":"main","index":0,"provider_name":"registry.terraform.io/hashicorp/aws","change":{"actions":["create"],"before":null,"after":{"auto_enable_controls":true,"enable_default_standards":true},"after_unknown":{"arn":true,"control_finding_generator":true,"id":true},"before_sensitive":false,"after_sensitive":{}}},{"address":"module.security.aws_securityhub_standards_subscription.aws_best_practices[0]","module_address":"module.security","mode":"managed","type":"aws_securityhub_standards_subscription","name":"aws_best_practices","index":0,"provider_name":"registry.terraform.io/hashicorp/aws","change":{"actions":["create"],"before":null,"after":{"standards_arn":"arn:aws:securityhub:eu-west-2::standards/aws-foundational-security-best-practices/v/1.0.0","timeouts":null},"after_unknown":{"id":true},"before_sensitive":false,"after_sensitive":{}}},{"address":"module.security.aws_securityhub_standards_subscription.cis_aws_foundations[0]","module_address":"module.security","mode":"managed","type":"aws_securityhub_standards_subscription","name":"cis_aws_foundations","index":0,"provider_name":"registry.terraform.io/hashicorp/aws","change":{"actions":["create"],"before":null,"after":{"standards_arn":"arn:aws:securityhub:eu-west-2::standards/cis-aws-foundations-benchmark/v/1.2.0","timeouts":null},"after_unknown":{"id":true},"before_sensitive":false,"after_sensitive":{}}},{"address":"module.security.aws_wafv2_web_acl.main","module_address":"module.security","mode":"managed","type":"aws_wafv2_web_acl","name":"main","provider_name":"registry.terraform.io/hashicorp/aws","change":{"actions":["create"],"before":null,"after":{"association_config":[],"captcha_config":[],"challenge_config":[],"custom_response_body":[],"data_protection_config":[],"default_action":[{"allow":[{"custom_request_handling":[]}],"block":[]}],"description":"WAF for ecs-jenkins-github dev environment","name":"ecs-jenkins-github-dev-waf","rule":[{"action":[{"allow":[],"block":[{"custom_response":[]}],"captcha":[],"challenge":[],"count":[]}],"captcha_config":[],"challenge_config":[],"name":"RateLimit","override_action":[],"priority":40,"rule_label":[],"statement":[{"and_statement":[],"asn_match_statement":[],"byte_match_statement":[],"geo_match_statement":[],"ip_set_reference_statement":[],"label_match_statement":[],"managed_rule_group_statement":[],"not_statement":[],"or_statement":[],"rate_based_statement":[{"aggregate_key_type":"IP","custom_key":[],"evaluation_window_sec":300,"forwarded_ip_config":[],"limit":100,"scope_down_statement":[]}],"regex_match_statement":[],"regex_pattern_set_reference_statement":[],"rule_group_reference_statement":[],"size_constraint_statement":[],"sqli_match_statement":[],"xss_match_statement":[]}],"visibility_config":[{"cloudwatch_metrics_enabled":true,"metric_name":"RateLimit","sampled_requests_enabled":true}]},{"action":[],"captcha_config":[],"challenge_config":[],"name":"AWS-AWSManagedRulesCommonRuleSet","override_action":[{"count":[],"none":[{}]}],"priority":10,"rule_label":[],"statement":[{"and_statement":[],"asn_match_statement":[],"byte_match_statement":[],"geo_match_statement":[],"ip_set_reference_statement":[],"label_match_statement":[],"managed_rule_group_statement":[{"managed_rule_group_configs":[],"name":"AWSManagedRulesCommonRuleSet","rule_action_override":[],"scope_down_statement":[],"vendor_name":"AWS","version":""}],"not_statement":[],"or_statement":[],"rate_based_statement":[],"regex_match_statement":[],"regex_pattern_set_reference_statement":[],"rule_group_reference_statement":[],"size_constraint_statement":[],"sqli_match_statement":[],"xss_match_statement":[]}],"visibility_config":[{"cloudwatch_metrics_enabled":true,"metric_name":"AWS-AWSManagedRulesCommonRuleSet","sampled_requests_enabled":true}]},{"action":[],"captcha_config":[],"challenge_config":[],"name":"AWS-AWSManagedRulesKnownBadInputsRuleSet","override_action":[{"count":[],"none":[{}]}],"priority":20,"rule_label":[],"statement":[{"and_statement":[],"asn_match_statement":[],"byte_match_statement":[],"geo_match_statement":[],"ip_set_reference_statement":[],"label_match_statement":[],"managed_rule_group_statement":[{"managed_rule_group_configs":[],"name":"AWSManagedRulesKnownBadInputsRuleSet","rule_action_override":[],"scope_down_statement":[],"vendor_name":"AWS","version":""}],"not_statement":[],"or_statement":[],"rate_based_statement":[],"regex_match_statement":[],"regex_pattern_set_reference_statement":[],"rule_group_reference_statement":[],"size_constraint_statement":[],"sqli_match_statement":[],"xss_match_statement":[]}],"visibility_config":[{"cloudwatch_metrics_enabled":true,"metric_name":"AWS-AWSManagedRulesKnownBadInputsRuleSet","sampled_requests_enabled":true}]},{"action":[],"captcha_config":[],"challenge_config":[],"name":"AWS-AWSManagedRulesSQLiRuleSet","override_action":[{"count":[],"none":[{}]}],"priority":30,"rule_label":[],"statement":[{"and_statement":[],"asn_match_statement":[],"byte_match_statement":[],"geo_match_statement":[],"ip_set_reference_statement":[],"label_match_statement":[],"managed_rule_group_statement":[{"managed_rule_group_configs":[],"name":"AWSManagedRulesSQLiRuleSet","rule_action_override":[],"scope_down_statement":[],"vendor_name":"AWS","version":""}],"not_statement":[],"or_statement":[],"rate_based_statement":[],"regex_match_statement":[],"regex_pattern_set_reference_statement":[],"rule_group_reference_statement":[],"size_constraint_statement":[],"sqli_match_statement":[],"xss_match_statement":[]}],"visibility_config":[{"cloudwatch_metrics_enabled":true,"metric_name":"AWS-AWSManagedRulesSQLiRuleSet","sampled_requests_enabled":true}]}],"rule_json":null,"scope":"REGIONAL","tags":{"Environment":"dev","Name":"ecs-jenkins-github-dev-waf","Project":"ecs-jenkins-github","Terraform":"true"},"tags_all":{"Environment":"dev","Name":"ecs-jenkins-github-dev-waf","Project":"ecs-jenkins-github","Terraform":"true"},"token_domains":null,"visibility_config":[{"cloudwatch_metrics_enabled":true,"metric_name":"ecs-jenkins-github-dev-waf","sampled_requests_enabled":true}]},"after_unknown":{"application_integration_url":true,"arn":true,"association_config":[],"capacity":true,"captcha_config":[],"challenge_config":[],"custom_response_body":[],"data_protection_config":[],"default_action":[{"allow":[{"custom_request_handling":[]}],"block":[]}],"id":true,"lock_token":true,"name_prefix":true,"rule":[{"action":[{"allow":[],"block":[{"custom_response":[]}],"captcha":[],"challenge":[],"count":[]}],"captcha_config":[],"challenge_config":[],"override_action":[],"rule_label":[],"statement":[{"and_statement":[],"asn_match_statement":[],"byte_match_statement":[],"geo_match_statement":[],"ip_set_reference_statement":[],"label_match_statement":[],"managed_rule_group_statement":[],"not_statement":[],"or_statement":[],"rate_based_statement":[{"custom_key":[],"forwarded_ip_config":[],"scope_down_statement":[]}],"regex_match_statement":[],"regex_pattern_set_reference_statement":[],"rule_group_reference_statement":[],"size_constraint_statement":[],"sqli_match_statement":[],"xss_match_statement":[]}],"visibility_config":[{}]},{"action":[],"captcha_config":[],"challenge_config":[],"override_action":[{"count":[],"none":[{}]}],"rule_label":[],"statement":[{"and_statement":[],"asn_match_statement":[],"byte_match_statement":[],"geo_match_statement":[],"ip_set_reference_statement":[],"label_match_statement":[],"managed_rule_group_statement":[{"managed_rule_group_configs":[],"rule_action_override":[],"scope_down_statement":[]}],"not_statement":[],"or_statement":[],"rate_based_statement":[],"regex_match_statement":[],"regex_pattern_set_reference_statement":[],"rule_group_reference_statement":[],"size_constraint_statement":[],"sqli_match_statement":[],"xss_match_statement":[]}],"visibility_config":[{}]},{"action":[],"captcha_config":[],"challenge_config":[],"override_action":[{"count":[],"none":[{}]}],"rule_label":[],"statement":[{"and_statement":[],"asn_match_statement":[],"byte_match_statement":[],"geo_match_statement":[],"ip_set_reference_statement":[],"label_match_statement":[],"managed_rule_group_statement":[{"managed_rule_group_configs":[],"rule_action_override":[],"scope_down_statement":[]}],"not_statement":[],"or_statement":[],"rate_based_statement":[],"regex_match_statement":[],"regex_pattern_set_reference_statement":[],"rule_group_reference_statement":[],"size_constraint_statement":[],"sqli_match_statement":[],"xss_match_statement":[]}],"visibility_config":[{}]},{"action":[],"captcha_config":[],"challenge_config":[],"override_action":[{"count":[],"none":[{}]}],"rule_label":[],"statement":[{"and_statement":[],"asn_match_statement":[],"byte_match_statement":[],"geo_match_statement":[],"ip_set_reference_statement":[],"label_match_statement":[],"managed_rule_group_statement":[{"managed_rule_group_configs":[],"rule_action_override":[],"scope_down_statement":[]}],"not_statement":[],"or_statement":[],"rate_based_statement":[],"regex_match_statement":[],"regex_pattern_set_reference_statement":[],"rule_group_reference_statement":[],"size_constraint_statement":[],"sqli_match_statement":[],"xss_match_statement":[]}],"visibility_config":[{}]}],"tags":{},"tags_all":{},"visibility_config":[{}]},"before_sensitive":false,"after_sensitive":{"association_config":[],"captcha_config":[],"challenge_config":[],"custom_response_body":[],"data_protection_config":[],"default_action":[{"allow":[{"custom_request_handling":[]}],"block":[]}],"rule":[{"action":[{"allow":[],"block":[{"custom_response":[]}],"captcha":[],"challenge":[],"count":[]}],"captcha_config":[],"challenge_config":[],"override_action":[],"rule_label":[],"statement":[{"and_statement":[],"asn_match_statement":[],"byte_match_statement":[],"geo_match_statement":[],"ip_set_reference_statement":[],"label_match_statement":[],"managed_rule_group_statement":[],"not_statement":[],"or_statement":[],"rate_based_statement":[{"custom_key":[],"forwarded_ip_config":[],"scope_down_statement":[]}],"regex_match_statement":[],"regex_pattern_set_reference_statement":[],"rule_group_reference_statement":[],"size_constraint_statement":[],"sqli_match_statement":[],"xss_match_statement":[]}],"visibility_config":[{}]},{"action":[],"captcha_config":[],"challenge_config":[],"override_action":[{"count":[],"none":[{}]}],"rule_label":[],"statement":[{"and_statement":[],"asn_match_statement":[],"byte_match_statement":[],"geo_match_statement":[],"ip_set_reference_statement":[],"label_match_statement":[],"managed_rule_group_statement":[{"managed_rule_group_configs":[],"rule_action_override":[],"scope_down_statement":[]}],"not_statement":[],"or_statement":[],"rate_based_statement":[],"regex_match_statement":[],"regex_pattern_set_reference_statement":[],"rule_group_reference_statement":[],"size_constraint_statement":[],"sqli_match_statement":[],"xss_match_statement":[]}],"visibility_config":[{}]},{"action":[],"captcha_config":[],"challenge_config":[],"override_action":[{"count":[],"none":[{}]}],"rule_label":[],"statement":[{"and_statement":[],"asn_match_statement":[],"byte_match_statement":[],"geo_match_statement":[],"ip_set_reference_statement":[],"label_match_statement":[],"managed_rule_group_statement":[{"managed_rule_group_configs":[],"rule_action_override":[],"scope_down_statement":[]}],"not_statement":[],"or_statement":[],"rate_based_statement":[],"regex_match_statement":[],"regex_pattern_set_reference_statement":[],"rule_group_reference_statement":[],"size_constraint_statement":[],"sqli_match_statement":[],"xss_match_statement":[]}],"visibility_config":[{}]},{"action":[],"captcha_config":[],"challenge_config":[],"override_action":[{"count":[],"none":[{}]}],"rule_label":[],"statement":[{"and_statement":[],"asn_match_statement":[],"byte_match_statement":[],"geo_match_statement":[],"ip_set_reference_statement":[],"label_match_statement":[],"managed_rule_group_statement":[{"managed_rule_group_configs":[],"rule_action_override":[],"scope_down_statement":[]}],"not_statement":[],"or_statement":[],"rate_based_statement":[],"regex_match_statement":[],"regex_pattern_set_reference_statement":[],"rule_group_reference_statement":[],"size_constraint_statement":[],"sqli_match_statement":[],"xss_match_statement":[]}],"visibility_config":[{}]}],"tags":{},"tags_all":{},"visibility_config":[{}]}}},{"address":"module.security.aws_wafv2_web_acl_association.alb[0]","module_address":"module.security","mode":"managed","type":"aws_wafv2_web_acl_association","name":"alb","index":0,"provider_name":"registry.terraform.io/hashicorp/aws","change":{"actions":["create"],"before":null,"after":{"timeouts":null},"after_unknown":{"id":true,"resource_arn":true,"web_acl_arn":true},"before_sensitive":false,"after_sensitive":{}}}],"output_changes":{"alb_dns_name":{"actions":["create"],"before":null,"after_unknown":true,"before_sensitive":false,"after_sensitive":false},"dashboard_name":{"actions":["create"],"before":null,"after":"ecs-jenkins-github-dev-dashboard","after_unknown":false,"before_sensitive":false,"after_sensitive":false},"database_subnets":{"actions":["create"],"before":null,"after":[null,null],"after_unknown":[true,true],"before_sensitive":false,"after_sensitive":false},"db_instance_address":{"actions":["create"],"before":null,"after_unknown":true,"before_sensitive":false,"after_sensitive":false},"db_instance_port":{"actions":["create"],"before":null,"after":"5432","after_unknown":false,"before_sensitive":false,"after_sensitive":false},"ecr_repository_url":{"actions":["create"],"before":null,"after_unknown":true,"before_sensitive":false,"after_sensitive":false},"ecs_cluster_name":{"actions":["create"],"before":null,"after":"ecs-jenkins-github-dev-cluster","after_unknown":false,"before_sensitive":false,"after_sensitive":false},"guardduty_detector_id":{"actions":["create"],"before":null,"after_unknown":true,"before_sensitive":false,"after_sensitive":false},"jenkins_public_ip":{"actions":["create"],"before":null,"after_unknown":true,"before_sensitive":false,"after_sensitive":false},"private_subnets":{"actions":["create"],"before":null,"after":[null,null],"after_unknown":[true,true],"before_sensitive":false,"after_sensitive":false},"public_subnets":{"actions":["create"],"before":null,"after":[null,null],"after_unknown":[true,true],"before_sensitive":false,"after_sensitive":false},"vpc_id":{"actions":["create"],"before":null,"after_unknown":true,"before_sensitive":false,"after_sensitive":false},"waf_web_acl_id":{"actions":["create"],"before":null,"after_unknown":true,"before_sensitive":false,"after_sensitive":false}},"prior_state":{"format_version":"1.0","terraform_version":"1.13.4","values":{"outputs":{"dashboard_name":{"sensitive":false,"value":"ecs-jenkins-github-dev-dashboard","type":"string"},"db_instance_port":{"sensitive":false,"value":"5432","type":"string"},"ecs_cluster_name":{"sensitive":false,"value":"ecs-jenkins-github-dev-cluster","type":"string"}},"root_module":{"child_modules":[{"resources":[{"address":"module.cicd.data.aws_ami.amazon_linux_2","mode":"data","type":"aws_ami","name":"amazon_linux_2","provider_name":"registry.terraform.io/hashicorp/aws","schema_version":0,"values":{"architecture":"x86_64","arn":"arn:aws:ec2:eu-west-2::image/ami-0e608be7af912dd2e","block_device_mappings":[{"device_name":"/dev/xvda","ebs":{"delete_on_termination":"true","encrypted":"false","iops":"0","snapshot_id":"snap-0d38ba84d8bb50667","throughput":"0","volume_initialization_rate":"0","volume_size":"8","volume_type":"gp2"},"no_device":"","virtual_name":""}],"boot_mode":"","creation_date":"2025-11-08T19:20:36.000Z","deprecation_time":"2026-02-06T00:00:00.000Z","description":"Amazon Linux 2 AMI 2.0.20251110.1 x86_64 HVM gp2","ena_support":true,"executable_users":null,"filter":[{"name":"name","values":["amzn2-ami-hvm-*-x86_64-gp2"]},{"name":"virtualization-type","values":["hvm"]}],"hypervisor":"xen","id":"ami-0e608be7af912dd2e","image_id":"ami-0e608be7af912dd2e","image_location":"amazon/amzn2-ami-hvm-2.0.20251110.1-x86_64-gp2","image_owner_alias":"amazon","image_type":"machine","imds_support":"","include_deprecated":false,"kernel_id":"","last_launched_time":"","most_recent":true,"name":"amzn2-ami-hvm-2.0.20251110.1-x86_64-gp2","name_regex":null,"owner_id":"137112412989","owners":["amazon"],"platform":"","platform_details":"Linux/UNIX","product_codes":[],"public":true,"ramdisk_id":"","root_device_name":"/dev/xvda","root_device_type":"ebs","root_snapshot_id":"snap-0d38ba84d8bb50667","sriov_net_support":"simple","state":"available","state_reason":{"code":"UNSET","message":"UNSET"},"tags":{},"timeouts":null,"tpm_support":"","uefi_data":null,"usage_operation":"RunInstances","virtualization_type":"hvm"},"sensitive_values":{"block_device_mappings":[{"ebs":{}}],"filter":[{"values":[false]},{"values":[false]}],"owners":[false],"product_codes":[],"state_reason":{},"tags":{}}}],"address":"module.cicd"},{"resources":[{"address":"module.ecs.data.aws_ami.amazon_linux_2","mode":"data","type":"aws_ami","name":"amazon_linux_2","provider_name":"registry.terraform.io/hashicorp/aws","schema_version":0,"values":{"architecture":"x86_64","arn":"arn:aws:ec2:eu-west-2::image/ami-05c95876f21a09cab","block_device_mappings":[{"device_name":"/dev/xvda","ebs":{"delete_on_termination":"true","encrypted":"false","iops":"0","snapshot_id":"snap-0f129574091dfbdfd","throughput":"0","volume_initialization_rate":"0","volume_size":"30","volume_type":"gp2"},"no_device":"","virtual_name":""}],"boot_mode":"","creation_date":"2025-11-08T19:32:55.000Z","deprecation_time":"2027-11-08T19:32:55.000Z","description":"Amazon Linux AMI 2.0.20251108 x86_64 ECS HVM GP2","ena_support":true,"executable_users":null,"filter":[{"name":"name","values":["amzn2-ami-ecs-hvm-*-x86_64-ebs"]},{"name":"virtualization-type","values":["hvm"]}],"hypervisor":"xen","id":"ami-05c95876f21a09cab","image_id":"ami-05c95876f21a09cab","image_location":"amazon/amzn2-ami-ecs-hvm-2.0.20251108-x86_64-ebs","image_owner_alias":"amazon","image_type":"machine","imds_support":"","include_deprecated":false,"kernel_id":"","last_launched_time":"","most_recent":true,"name":"amzn2-ami-ecs-hvm-2.0.20251108-x86_64-ebs","name_regex":null,"owner_id":"591542846629","owners":["amazon"],"platform":"","platform_details":"Linux/UNIX","product_codes":[],"public":true,"ramdisk_id":"","root_device_name":"/dev/xvda","root_device_type":"ebs","root_snapshot_id":"snap-0f129574091dfbdfd","sriov_net_support":"simple","state":"available","state_reason":{"code":"UNSET","message":"UNSET"},"tags":{},"timeouts":null,"tpm_support":"","uefi_data":null,"usage_operation":"RunInstances","virtualization_type":"hvm"},"sensitive_values":{"block_device_mappings":[{"ebs":{}}],"filter":[{"values":[false]},{"values":[false]}],"owners":[false],"product_codes":[],"state_reason":{},"tags":{}}},{"address":"module.ecs.data.aws_caller_identity.current","mode":"data","type":"aws_caller_identity","name":"current","provider_name":"registry.terraform.io/hashicorp/aws","schema_version":0,"values":{"account_id":"667021093945","arn":"arn:aws:iam::667021093945:user/Jimmy","id":"667021093945","user_id":"AIDAZWTMOFQ4VIAXKSU46"},"sensitive_values":{}}],"address":"module.ecs"},{"resources":[{"address":"module.iam.data.aws_caller_identity.current","mode":"data","type":"aws_caller_identity","name":"current","provider_name":"registry.terraform.io/hashicorp/aws","schema_version":0,"values":{"account_id":"667021093945","arn":"arn:aws:iam::667021093945:user/Jimmy","id":"667021093945","user_id":"AIDAZWTMOFQ4VIAXKSU46"},"sensitive_values":{}}],"address":"module.iam"},{"resources":[{"address":"module.security.data.aws_caller_identity.current","mode":"data","type":"aws_caller_identity","name":"current","provider_name":"registry.terraform.io/hashicorp/aws","schema_version":0,"values":{"account_id":"667021093945","arn":"arn:aws:iam::667021093945:user/Jimmy","id":"667021093945","user_id":"AIDAZWTMOFQ4VIAXKSU46"},"sensitive_values":{}}],"address":"module.security"}]}}},"configuration":{"provider_config":{"aws":{"name":"aws","full_name":"registry.terraform.io/hashicorp/aws","version_constraint":"~\u003e 5.0","expressions":{"region":{"references":["var.aws_region"]}}},"module.database:random":{"name":"random","full_name":"registry.terraform.io/hashicorp/random","module_address":"module.database"}},"root_module":{"outputs":{"alb_dns_name":{"expression":{"references":["var.deploy_ecs","module.ecs.alb_dns_name","module.ecs"]},"description":"DNS name of the ALB"},"dashboard_name":{"expression":{"references":["var.deploy_monitoring","module.monitoring.dashboard_name","module.monitoring"]},"description":"Name of the CloudWatch dashboard"},"database_subnets":{"expression":{"references":["var.deploy_network","module.network.database_subnets","module.network","var.database_subnets"]},"description":"IDs of the database subnets"},"db_instance_address":{"expression":{"references":["var.deploy_database","module.database.db_instance_address","module.database"]},"description":"Address of the RDS instance"},"db_instance_port":{"expression":{"references":["var.deploy_database","module.database.db_instance_port","module.database"]},"description":"Port of the RDS instance"},"ecr_repository_url":{"expression":{"references":["var.deploy_cicd","module.cicd.ecr_repository_url","module.cicd"]},"description":"URL of the ECR repository"},"ecs_cluster_name":{"expression":{"references":["var.deploy_ecs","module.ecs.ecs_cluster_name","module.ecs","var.ecs_cluster_name"]},"description":"Name of the ECS cluster"},"guardduty_detector_id":{"expression":{"references":["var.deploy_security","var.enable_guardduty","module.security.guardduty_detector_id","module.security"]},"description":"ID of the GuardDuty detector"},"jenkins_public_ip":{"expression":{"references":["var.deploy_cicd","module.cicd.jenkins_public_ip","module.cicd"]},"description":"Public IP of the Jenkins EC2 instance"},"private_subnets":{"expression":{"references":["var.deploy_network","module.network.private_subnets","module.network","var.private_subnets"]},"description":"IDs of the private subnets"},"public_subnets":{"expression":{"references":["var.deploy_network","module.network.public_subnets","module.network","var.public_subnets"]},"description":"IDs of the public subnets"},"vpc_id":{"expression":{"references":["var.deploy_network","module.network.vpc_id","module.network","var.vpc_id"]},"description":"ID of the VPC"},"waf_web_acl_id":{"expression":{"references":["var.deploy_security","module.security.waf_web_acl_id","module.security"]},"description":"ID of the WAF WebACL"}},"module_calls":{"cicd":{"source":"../../modules/cicd","expressions":{"alb_listener_arn":{"references":["var.alb_listener_arn"]},"alb_target_group_name_blue":{"references":["var.alb_target_group_name_blue"]},"alb_target_group_name_green":{"references":["var.alb_target_group_name_green"]},"aws_region":{"references":["var.aws_region"]},"codedeploy_group_name":{"references":["var.codedeploy_group_name"]},"codedeploy_role":{"references":["module.iam.codedeploy_role","module.iam"]},"ecs_cluster_name":{"references":["module.ecs.ecs_cluster_name","module.ecs"]},"ecs_service_name":{"references":["var.ecs_service_name"]},"environment":{"references":["var.environment"]},"github_repository":{"references":["var.github_repository"]},"jenkins_instance_profile":{"references":["module.iam.jenkins_instance_profile","module.iam"]},"jenkins_instance_type":{"references":["var.jenkins_instance_type"]},"jenkins_security_group":{"references":["module.network.jenkins_security_group","module.network"]},"project":{"references":["var.project"]},"public_subnets":{"references":["module.network.public_subnets","module.network"]},"ssh_key_name":{"references":["var.ssh_key_name"]},"vpc_id":{"references":["module.network.vpc_id","module.network"]}},"module":{"outputs":{"codedeploy_app_name":{"expression":{"references":["aws_codedeploy_app.app.name","aws_codedeploy_app.app"]},"description":"Name of the CodeDeploy application"},"codedeploy_deployment_group_name":{"expression":{"references":["aws_codedeploy_deployment_group.app.deployment_group_name","aws_codedeploy_deployment_group.app"]},"description":"Name of the CodeDeploy deployment group"},"ecr_repository_url":{"expression":{"references":["aws_ecr_repository.app.repository_url","aws_ecr_repository.app"]},"description":"URL of the ECR repository"},"jenkins_instance_id":{"expression":{"references":["aws_instance.jenkins.id","aws_instance.jenkins"]},"description":"ID of the Jenkins EC2 instance"},"jenkins_public_ip":{"expression":{"references":["aws_eip.jenkins.public_ip","aws_eip.jenkins"]},"description":"Public IP of the Jenkins EC2 instance"}},"resources":[{"address":"aws_codedeploy_app.app","mode":"managed","type":"aws_codedeploy_app","name":"app","provider_config_key":"aws","expressions":{"compute_platform":{"constant_value":"ECS"},"name":{"references":["var.project","var.environment"]}},"schema_version":0},{"address":"aws_codedeploy_deployment_group.app","mode":"managed","type":"aws_codedeploy_deployment_group","name":"app","provider_config_key":"aws","expressions":{"app_name":{"references":["aws_codedeploy_app.app.name","aws_codedeploy_app.app"]},"auto_rollback_configuration":[{"enabled":{"constant_value":true},"events":{"constant_value":["DEPLOYMENT_FAILURE"]}}],"blue_green_deployment_config":[{"deployment_ready_option":[{"action_on_timeout":{"constant_value":"CONTINUE_DEPLOYMENT"}}],"terminate_blue_instances_on_deployment_success":[{"action":{"constant_value":"TERMINATE"},"termination_wait_time_in_minutes":{"constant_value":5}}]}],"deployment_config_name":{"constant_value":"CodeDeployDefault.ECSAllAtOnce"},"deployment_group_name":{"references":["var.codedeploy_group_name"]},"deployment_style":[{"deployment_option":{"constant_value":"WITH_TRAFFIC_CONTROL"},"deployment_type":{"constant_value":"BLUE_GREEN"}}],"ecs_service":[{"cluster_name":{"references":["var.ecs_cluster_name"]},"service_name":{"references":["var.ecs_service_name"]}}],"load_balancer_info":[{"target_group_pair_info":[{"prod_traffic_route":[{"listener_arns":{"references":["var.alb_listener_arn"]}}],"target_group":[{"name":{"references":["var.alb_target_group_name_blue"]}},{"name":{"references":["var.alb_target_group_name_green"]}}]}]}],"service_role_arn":{"references":["var.codedeploy_role"]},"tags":{"references":["var.project","var.environment","var.environment","var.project"]}},"schema_version":0},{"address":"aws_ecr_lifecycle_policy.app","mode":"managed","type":"aws_ecr_lifecycle_policy","name":"app","provider_config_key":"aws","expressions":{"policy":{},"repository":{"references":["aws_ecr_repository.app.name","aws_ecr_repository.app"]}},"schema_version":0},{"address":"aws_ecr_repository.app","mode":"managed","type":"aws_ecr_repository","name":"app","provider_config_key":"aws","expressions":{"encryption_configuration":[{"encryption_type":{"constant_value":"KMS"}}],"image_scanning_configuration":[{"scan_on_push":{"constant_value":true}}],"image_tag_mutability":{"constant_value":"IMMUTABLE"},"name":{"references":["var.project","var.environment"]},"tags":{"references":["var.project","var.environment","var.environment","var.project"]}},"schema_version":0},{"address":"aws_eip.jenkins","mode":"managed","type":"aws_eip","name":"jenkins","provider_config_key":"aws","expressions":{"domain":{"constant_value":"vpc"},"instance":{"references":["aws_instance.jenkins.id","aws_instance.jenkins"]},"tags":{"references":["var.project","var.environment","var.environment","var.project"]}},"schema_version":0},{"address":"aws_instance.jenkins","mode":"managed","type":"aws_instance","name":"jenkins","provider_config_key":"aws","expressions":{"ami":{"references":["data.aws_ami.amazon_linux_2.id","data.aws_ami.amazon_linux_2"]},"iam_instance_profile":{"references":["var.jenkins_instance_profile"]},"instance_type":{"references":["var.jenkins_instance_type"]},"key_name":{"references":["var.ssh_key_name"]},"root_block_device":[{"delete_on_termination":{"constant_value":true},"encrypted":{"constant_value":true},"volume_size":{"constant_value":30},"volume_type":{"constant_value":"gp3"}}],"subnet_id":{"references":["var.public_subnets[0]","var.public_subnets"]},"tags":{"references":["var.project","var.environment","var.environment","var.project"]},"user_data":{"constant_value":"#!/bin/bash\r\n# Install required packages\r\namazon-linux-extras install epel -y\r\nyum update -y\r\nyum install -y wget git unzip\r\n\r\n# Install Java\r\namazon-linux-extras install java-openjdk11 -y\r\n\r\n# Install Jenkins\r\nwget -O /etc/yum.repos.d/jenkins.repo https://pkg.jenkins.io/redhat-stable/jenkins.repo\r\nrpm --import https://pkg.jenkins.io/redhat-stable/jenkins.io.key\r\nyum install -y jenkins\r\nsystemctl enable jenkins\r\nsystemctl start jenkins\r\n\r\n# Install Docker\r\namazon-linux-extras install docker -y\r\nsystemctl enable docker\r\nsystemctl start docker\r\nusermod -aG docker jenkins\r\nusermod -aG docker ec2-user\r\n\r\n# Install AWS CLI v2\r\ncurl \"https://awscli.amazonaws.com/awscli-exe-linux-x86_64.zip\" -o \"awscliv2.zip\"\r\nunzip awscliv2.zip\r\n./aws/install\r\n\r\n# Install Terraform\r\nTERRAFORM_VERSION=\"1.4.6\"\r\nwget https://releases.hashicorp.com/terraform/${TERRAFORM_VERSION}/terraform_${TERRAFORM_VERSION}_linux_amd64.zip\r\nunzip terraform_${TERRAFORM_VERSION}_linux_amd64.zip\r\nmv terraform /usr/local/bin/\r\n\r\n# Restart Jenkins to apply changes\r\nsystemctl restart jenkins\r\n"},"vpc_security_group_ids":{"references":["var.jenkins_security_group"]}},"schema_version":1},{"address":"data.aws_ami.amazon_linux_2","mode":"data","type":"aws_ami","name":"amazon_linux_2","provider_config_key":"aws","expressions":{"filter":[{"name":{"constant_value":"name"},"values":{"constant_value":["amzn2-ami-hvm-*-x86_64-gp2"]}},{"name":{"constant_value":"virtualization-type"},"values":{"constant_value":["hvm"]}}],"most_recent":{"constant_value":true},"owners":{"constant_value":["amazon"]}},"schema_version":0}],"variables":{"alb_listener_arn":{"description":"ARN of the ALB listener"},"alb_target_group_name_blue":{"description":"Name of the blue target group"},"alb_target_group_name_green":{"description":"Name of the green target group"},"aws_region":{"description":"AWS region"},"codedeploy_group_name":{"description":"Name of the CodeDeploy deployment group"},"codedeploy_role":{"description":"ARN of the CodeDeploy service role"},"ecs_cluster_name":{"description":"Name of the ECS cluster"},"ecs_service_name":{"description":"Name of the ECS service"},"environment":{"description":"Environment name"},"github_repository":{"description":"GitHub repository for application"},"jenkins_instance_profile":{"description":"Name of the Jenkins instance profile"},"jenkins_instance_type":{"description":"EC2 instance type for Jenkins"},"jenkins_security_group":{"description":"ID of the Jenkins security group"},"project":{"description":"Project name"},"public_subnets":{"description":"IDs of the public subnets"},"ssh_key_name":{"description":"SSH key name for Jenkins EC2 instance"},"vpc_id":{"description":"ID of the VPC"}}}},"database":{"source":"../../modules/database","expressions":{"aws_region":{"references":["var.aws_region"]},"database_subnets":{"references":["module.network.database_subnets","module.network"]},"db_allocated_storage":{"references":["var.db_allocated_storage"]},"db_engine":{"references":["var.db_engine"]},"db_engine_version":{"references":["var.db_engine_version"]},"db_instance_class":{"references":["var.db_instance_class"]},"db_max_allocated_storage":{"references":["var.db_max_allocated_storage"]},"db_multi_az":{"references":["var.db_multi_az"]},"db_name":{"references":["var.db_name"]},"db_password":{"references":["var.db_password"]},"db_port":{"references":["var.db_port"]},"db_security_group":{"references":["module.network.db_security_group","module.network"]},"db_username":{"references":["var.db_username"]},"enable_performance_insights":{"references":["var.enable_performance_insights"]},"environment":{"references":["var.environment"]},"mysql_parameters":{"references":["var.mysql_parameters"]},"postgres_parameters":{"references":["var.postgres_parameters"]},"project":{"references":["var.project"]},"vpc_id":{"references":["module.network.vpc_id","module.network"]}},"module":{"outputs":{"db_instance_address":{"expression":{"references":["aws_db_instance.main.address","aws_db_instance.main"]},"description":"Address of the RDS instance"},"db_instance_id":{"expression":{"references":["aws_db_instance.main.id","aws_db_instance.main"]},"description":"ID of the RDS instance"},"db_instance_name":{"expression":{"references":["var.db_name"]},"description":"Name of the database"},"db_instance_port":{"expression":{"references":["aws_db_instance.main.port","aws_db_instance.main"]},"description":"Port of the RDS instance"},"db_secret_arn":{"expression":{"references":["aws_secretsmanager_secret.db_credentials.arn","aws_secretsmanager_secret.db_credentials"]},"description":"ARN of the database credentials secret"}},"resources":[{"address":"aws_db_instance.main","mode":"managed","type":"aws_db_instance","name":"main","provider_config_key":"aws","expressions":{"allocated_storage":{"references":["var.db_allocated_storage"]},"apply_immediately":{"references":["var.environment"]},"auto_minor_version_upgrade":{"constant_value":true},"backup_retention_period":{"references":["var.environment"]},"backup_window":{"constant_value":"03:00-04:00"},"copy_tags_to_snapshot":{"constant_value":true},"db_name":{"references":["var.db_name"]},"db_subnet_group_name":{"references":["aws_db_subnet_group.main.name","aws_db_subnet_group.main"]},"deletion_protection":{"references":["var.environment"]},"enabled_cloudwatch_logs_exports":{"references":["var.db_engine"]},"engine":{"references":["var.db_engine"]},"engine_version":{"references":["var.db_engine_version"]},"identifier":{"references":["var.project","var.environment"]},"instance_class":{"references":["var.db_instance_class"]},"maintenance_window":{"constant_value":"sun:04:30-sun:05:30"},"max_allocated_storage":{"references":["var.db_max_allocated_storage"]},"monitoring_interval":{"constant_value":60},"monitoring_role_arn":{"references":["aws_iam_role.rds_monitoring_role.arn","aws_iam_role.rds_monitoring_role"]},"multi_az":{"references":["var.db_multi_az"]},"option_group_name":{"references":["var.db_engine","aws_db_option_group.mysql[0].name","aws_db_option_group.mysql[0]","aws_db_option_group.mysql"]},"parameter_group_name":{"references":["aws_db_parameter_group.main.name","aws_db_parameter_group.main"]},"password":{"references":["var.db_password","random_password.db_password[0].result","random_password.db_password[0]","random_password.db_password","var.db_password"]},"performance_insights_enabled":{"references":["var.enable_performance_insights"]},"port":{"references":["var.db_port"]},"publicly_accessible":{"constant_value":false},"skip_final_snapshot":{"references":["var.environment"]},"storage_encrypted":{"constant_value":true},"storage_type":{"constant_value":"gp3"},"tags":{"references":["var.project","var.environment","var.environment","var.project"]},"username":{"references":["var.db_username"]},"vpc_security_group_ids":{"references":["var.db_security_group"]}},"schema_version":2},{"address":"aws_db_option_group.mysql","mode":"managed","type":"aws_db_option_group","name":"mysql","provider_config_key":"aws","expressions":{"engine_name":{"constant_value":"mysql"},"major_engine_version":{"references":["var.db_engine_version"]},"name":{"references":["var.project","var.environment"]},"option":[{"option_name":{"constant_value":"MARIADB_AUDIT_PLUGIN"},"option_settings":[{"name":{"constant_value":"SERVER_AUDIT_EVENTS"},"value":{"constant_value":"CONNECT,QUERY"}}]}],"option_group_description":{"references":["var.project","var.environment"]},"tags":{"references":["var.project","var.environment","var.environment","var.project"]}},"schema_version":0,"count_expression":{"references":["var.db_engine"]}},{"address":"aws_db_parameter_group.main","mode":"managed","type":"aws_db_parameter_group","name":"main","provider_config_key":"aws","expressions":{"description":{"references":["var.project","var.environment","var.db_engine"]},"family":{"references":["var.db_engine","var.db_engine_version","var.db_engine_version"]},"name":{"references":["var.project","var.environment"]},"tags":{"references":["var.project","var.environment","var.environment","var.project"]}},"schema_version":0},{"address":"aws_db_subnet_group.main","mode":"managed","type":"aws_db_subnet_group","name":"main","provider_config_key":"aws","expressions":{"description":{"references":["var.project","var.environment"]},"name":{"references":["var.project","var.environment"]},"subnet_ids":{"references":["var.database_subnets"]},"tags":{"references":["var.project","var.environment","var.environment","var.project"]}},"schema_version":0},{"address":"aws_iam_role.rds_monitoring_role","mode":"managed","type":"aws_iam_role","name":"rds_monitoring_role","provider_config_key":"aws","expressions":{"assume_role_policy":{},"name":{"references":["var.project","var.environment"]},"tags":{"references":["var.project","var.environment","var.environment","var.project"]}},"schema_version":0},{"address":"aws_iam_role_policy_attachment.rds_monitoring","mode":"managed","type":"aws_iam_role_policy_attachment","name":"rds_monitoring","provider_config_key":"aws","expressions":{"policy_arn":{"constant_value":"arn:aws:iam::aws:policy/service-role/AmazonRDSEnhancedMonitoringRole"},"role":{"references":["aws_iam_role.rds_monitoring_role.name","aws_iam_role.rds_monitoring_role"]}},"schema_version":0},{"address":"aws_secretsmanager_secret.db_credentials","mode":"managed","type":"aws_secretsmanager_secret","name":"db_credentials","provider_config_key":"aws","expressions":{"description":{"references":["var.project","var.environment"]},"name":{"references":["var.project","var.environment"]},"recovery_window_in_days":{"references":["var.environment"]},"tags":{"references":["var.project","var.environment","var.environment","var.project"]}},"schema_version":0},{"address":"aws_secretsmanager_secret_version.db_credentials","mode":"managed","type":"aws_secretsmanager_secret_version","name":"db_credentials","provider_config_key":"aws","expressions":{"secret_id":{"references":["aws_secretsmanager_secret.db_credentials.id","aws_secretsmanager_secret.db_credentials"]},"secret_string":{"references":["var.db_username","var.db_password","random_password.db_password[0].result","random_password.db_password[0]","random_password.db_password","var.db_password","var.db_engine","aws_db_instance.main.address","aws_db_instance.main","aws_db_instance.main.port","aws_db_instance.main","var.db_name","var.db_engine","var.db_username","var.db_password","random_password.db_password[0].result","random_password.db_password[0]","random_password.db_password","var.db_password","aws_db_instance.main.address","aws_db_instance.main","aws_db_instance.main.port","aws_db_instance.main","var.db_name"]}},"schema_version":0},{"address":"random_password.db_password","mode":"managed","type":"random_password","name":"db_password","provider_config_key":"module.database:random","expressions":{"length":{"constant_value":16},"override_special":{"constant_value":"!#$%\u0026*()-_=+[]{}\u003c\u003e:?"},"special":{"constant_value":true}},"schema_version":3,"count_expression":{"references":["var.db_password"]}}],"variables":{"aws_region":{"description":"AWS region"},"database_subnets":{"description":"IDs of the database subnets"},"db_allocated_storage":{"description":"Allocated storage for database in GB"},"db_engine":{"description":"Database engine (postgres or mysql)"},"db_engine_version":{"description":"Database engine version"},"db_instance_class":{"description":"Database instance class"},"db_max_allocated_storage":{"description":"Maximum allocated storage for database in GB"},"db_multi_az":{"description":"Enable multi-AZ for database"},"db_name":{"description":"Name of the database"},"db_password":{"description":"Password for the database (leave empty to generate random)","sensitive":true},"db_port":{"description":"Port for the database"},"db_security_group":{"description":"ID of the database security group"},"db_username":{"description":"Username for the database"},"enable_performance_insights":{"description":"Enable Performance Insights"},"environment":{"description":"Environment name"},"mysql_parameters":{"description":"List of MySQL parameters"},"postgres_parameters":{"description":"List of PostgreSQL parameters"},"project":{"description":"Project name"},"vpc_id":{"description":"ID of the VPC"}}}},"ecs":{"source":"../../modules/ecs","expressions":{"acm_certificate_arn":{"references":["var.acm_certificate_arn"]},"alb_security_group":{"references":["module.network.alb_security_group","module.network"]},"aws_region":{"references":["var.aws_region"]},"container_image":{"references":["var.container_image"]},"container_insights":{"references":["var.container_insights"]},"container_port":{"references":["var.container_port"]},"create_dummy_cert":{"references":["var.create_dummy_cert"]},"desired_task_count":{"references":["var.desired_task_count"]},"domain_name":{"references":["var.domain_name"]},"ecs_security_group":{"references":["module.network.ecs_security_group","module.network"]},"ecs_task_execution_role":{"references":["module.iam.ecs_task_execution_role","module.iam"]},"ecs_task_role":{"references":["module.iam.ecs_task_role","module.iam"]},"environment":{"references":["var.environment"]},"health_check_path":{"references":["var.health_check_path"]},"instance_type":{"references":["var.instance_type"]},"max_capacity":{"references":["var.max_capacity"]},"min_capacity":{"references":["var.min_capacity"]},"private_subnets":{"references":["module.network.private_subnets","module.network"]},"project":{"references":["var.project"]},"public_subnets":{"references":["module.network.public_subnets","module.network"]},"ssh_key_name":{"references":["var.ssh_key_name"]},"task_cpu":{"references":["var.task_cpu"]},"task_memory":{"references":["var.task_memory"]},"vpc_id":{"references":["module.network.vpc_id","module.network"]}},"module":{"outputs":{"alb_arn":{"expression":{"references":["aws_lb.main.arn","aws_lb.main"]},"description":"ARN of the ALB"},"alb_dns_name":{"expression":{"references":["aws_lb.main.dns_name","aws_lb.main"]},"description":"DNS name of the ALB"},"alb_zone_id":{"expression":{"references":["aws_lb.main.zone_id","aws_lb.main"]},"description":"Zone ID of the ALB"},"ecs_cluster_arn":{"expression":{"references":["aws_ecs_cluster.main.arn","aws_ecs_cluster.main"]},"description":"ARN of the ECS cluster"},"ecs_cluster_name":{"expression":{"references":["aws_ecs_cluster.main.name","aws_ecs_cluster.main"]},"description":"Name of the ECS cluster"}},"resources":[{"address":"aws_acm_certificate.cert","mode":"managed","type":"aws_acm_certificate","name":"cert","provider_config_key":"aws","expressions":{"domain_name":{"references":["var.domain_name"]},"tags":{"references":["var.project","var.environment","var.environment","var.project"]},"validation_method":{"constant_value":"DNS"}},"schema_version":0,"count_expression":{"references":["var.create_dummy_cert"]}},{"address":"aws_acm_certificate_validation.cert","mode":"managed","type":"aws_acm_certificate_validation","name":"cert","provider_config_key":"aws","expressions":{"certificate_arn":{"references":["aws_acm_certificate.cert[0].arn","aws_acm_certificate.cert[0]","aws_acm_certificate.cert"]},"validation_record_fqdns":{"references":["var.domain_name"]}},"schema_version":0,"count_expression":{"references":["var.create_dummy_cert"]}},{"address":"aws_appautoscaling_policy.ecs_cpu_policy_scale_down","mode":"managed","type":"aws_appautoscaling_policy","name":"ecs_cpu_policy_scale_down","provider_config_key":"aws","expressions":{"name":{"references":["var.project","var.environment"]},"policy_type":{"constant_value":"StepScaling"},"resource_id":{"references":["aws_appautoscaling_target.ecs_service.resource_id","aws_appautoscaling_target.ecs_service"]},"scalable_dimension":{"references":["aws_appautoscaling_target.ecs_service.scalable_dimension","aws_appautoscaling_target.ecs_service"]},"service_namespace":{"references":["aws_appautoscaling_target.ecs_service.service_namespace","aws_appautoscaling_target.ecs_service"]},"step_scaling_policy_configuration":[{"adjustment_type":{"constant_value":"ChangeInCapacity"},"cooldown":{"constant_value":60},"metric_aggregation_type":{"constant_value":"Average"},"step_adjustment":[{"metric_interval_upper_bound":{"constant_value":0},"scaling_adjustment":{"constant_value":-1}}]}]},"schema_version":0},{"address":"aws_appautoscaling_policy.ecs_cpu_policy_scale_up","mode":"managed","type":"aws_appautoscaling_policy","name":"ecs_cpu_policy_scale_up","provider_config_key":"aws","expressions":{"name":{"references":["var.project","var.environment"]},"policy_type":{"constant_value":"StepScaling"},"resource_id":{"references":["aws_appautoscaling_target.ecs_service.resource_id","aws_appautoscaling_target.ecs_service"]},"scalable_dimension":{"references":["aws_appautoscaling_target.ecs_service.scalable_dimension","aws_appautoscaling_target.ecs_service"]},"service_namespace":{"references":["aws_appautoscaling_target.ecs_service.service_namespace","aws_appautoscaling_target.ecs_service"]},"step_scaling_policy_configuration":[{"adjustment_type":{"constant_value":"ChangeInCapacity"},"cooldown":{"constant_value":60},"metric_aggregation_type":{"constant_value":"Average"},"step_adjustment":[{"metric_interval_lower_bound":{"constant_value":0},"scaling_adjustment":{"constant_value":1}}]}]},"schema_version":0},{"address":"aws_appautoscaling_target.ecs_service","mode":"managed","type":"aws_appautoscaling_target","name":"ecs_service","provider_config_key":"aws","expressions":{"max_capacity":{"references":["var.max_capacity"]},"min_capacity":{"references":["var.min_capacity"]},"resource_id":{"references":["aws_ecs_cluster.main.name","aws_ecs_cluster.main","aws_ecs_service.app.name","aws_ecs_service.app"]},"scalable_dimension":{"constant_value":"ecs:service:DesiredCount"},"service_namespace":{"constant_value":"ecs"}},"schema_version":0},{"address":"aws_autoscaling_group.ecs","mode":"managed","type":"aws_autoscaling_group","name":"ecs","provider_config_key":"aws","expressions":{"desired_capacity":{"references":["var.min_capacity"]},"launch_template":[{"id":{"references":["aws_launch_template.ecs.id","aws_launch_template.ecs"]},"version":{"constant_value":"$Latest"}}],"max_size":{"references":["var.max_capacity"]},"min_size":{"references":["var.min_capacity"]},"name":{"references":["var.project","var.environment"]},"tag":[{"key":{"constant_value":"Name"},"propagate_at_launch":{"constant_value":true},"value":{"references":["var.project","var.environment"]}},{"key":{"constant_value":"AmazonECSManaged"},"propagate_at_launch":{"constant_value":true},"value":{"constant_value":"true"}},{"key":{"constant_value":"Environment"},"propagate_at_launch":{"constant_value":true},"value":{"references":["var.environment"]}}],"vpc_zone_identifier":{"references":["var.private_subnets"]}},"schema_version":1},{"address":"aws_cloudwatch_log_group.ecs","mode":"managed","type":"aws_cloudwatch_log_group","name":"ecs","provider_config_key":"aws","expressions":{"name":{"references":["var.project","var.environment"]},"retention_in_days":{"constant_value":30},"tags":{"references":["var.project","var.environment","var.environment","var.project"]}},"schema_version":0},{"address":"aws_cloudwatch_metric_alarm.ecs_cpu_high","mode":"managed","type":"aws_cloudwatch_metric_alarm","name":"ecs_cpu_high","provider_config_key":"aws","expressions":{"alarm_actions":{"references":["aws_appautoscaling_policy.ecs_cpu_policy_scale_up.arn","aws_appautoscaling_policy.ecs_cpu_policy_scale_up"]},"alarm_description":{"constant_value":"This metric monitors ECS CPU utilization for scaling up"},"alarm_name":{"references":["var.project","var.environment"]},"comparison_operator":{"constant_value":"GreaterThanOrEqualToThreshold"},"dimensions":{"references":["aws_ecs_cluster.main.name","aws_ecs_cluster.main","aws_ecs_service.app.name","aws_ecs_service.app"]},"evaluation_periods":{"constant_value":2},"metric_name":{"constant_value":"CPUUtilization"},"namespace":{"constant_value":"AWS/ECS"},"period":{"constant_value":60},"statistic":{"constant_value":"Average"},"tags":{"references":["var.project","var.environment","var.environment","var.project"]},"threshold":{"constant_value":75}},"schema_version":1},{"address":"aws_cloudwatch_metric_alarm.ecs_cpu_low","mode":"managed","type":"aws_cloudwatch_metric_alarm","name":"ecs_cpu_low","provider_config_key":"aws","expressions":{"alarm_actions":{"references":["aws_appautoscaling_policy.ecs_cpu_policy_scale_down.arn","aws_appautoscaling_policy.ecs_cpu_policy_scale_down"]},"alarm_description":{"constant_value":"This metric monitors ECS CPU utilization for scaling down"},"alarm_name":{"references":["var.project","var.environment"]},"comparison_operator":{"constant_value":"LessThanOrEqualToThreshold"},"dimensions":{"references":["aws_ecs_cluster.main.name","aws_ecs_cluster.main","aws_ecs_service.app.name","aws_ecs_service.app"]},"evaluation_periods":{"constant_value":2},"metric_name":{"constant_value":"CPUUtilization"},"namespace":{"constant_value":"AWS/ECS"},"period":{"constant_value":60},"statistic":{"constant_value":"Average"},"tags":{"references":["var.project","var.environment","var.environment","var.project"]},"threshold":{"constant_value":30}},"schema_version":1},{"address":"aws_ecs_capacity_provider.main","mode":"managed","type":"aws_ecs_capacity_provider","name":"main","provider_config_key":"aws","expressions":{"auto_scaling_group_provider":[{"auto_scaling_group_arn":{"references":["aws_autoscaling_group.ecs.arn","aws_autoscaling_group.ecs"]},"managed_scaling":[{"maximum_scaling_step_size":{"constant_value":1},"minimum_scaling_step_size":{"constant_value":1},"status":{"constant_value":"ENABLED"},"target_capacity":{"constant_value":100}}]}],"name":{"references":["var.project","var.environment"]}},"schema_version":0},{"address":"aws_ecs_cluster.main","mode":"managed","type":"aws_ecs_cluster","name":"main","provider_config_key":"aws","expressions":{"name":{"references":["var.project","var.environment"]},"setting":[{"name":{"constant_value":"containerInsights"},"value":{"references":["var.container_insights"]}}],"tags":{"references":["var.project","var.environment","var.environment","var.project"]}},"schema_version":0},{"address":"aws_ecs_cluster_capacity_providers.main","mode":"managed","type":"aws_ecs_cluster_capacity_providers","name":"main","provider_config_key":"aws","expressions":{"capacity_providers":{"references":["aws_ecs_capacity_provider.main.name","aws_ecs_capacity_provider.main"]},"cluster_name":{"references":["aws_ecs_cluster.main.name","aws_ecs_cluster.main"]},"default_capacity_provider_strategy":[{"capacity_provider":{"references":["aws_ecs_capacity_provider.main.name","aws_ecs_capacity_provider.main"]},"weight":{"constant_value":1}}]},"schema_version":0},{"address":"aws_ecs_service.app","mode":"managed","type":"aws_ecs_service","name":"app","provider_config_key":"aws","expressions":{"cluster":{"references":["aws_ecs_cluster.main.id","aws_ecs_cluster.main"]},"deployment_controller":[{"type":{"constant_value":"ECS"}}],"deployment_maximum_percent":{"constant_value":200},"deployment_minimum_healthy_percent":{"constant_value":50},"desired_count":{"references":["var.desired_task_count"]},"health_check_grace_period_seconds":{"constant_value":60},"launch_type":{"constant_value":"EC2"},"load_balancer":[{"container_name":{"references":["var.project","var.environment"]},"container_port":{"references":["var.container_port"]},"target_group_arn":{"references":["aws_lb_target_group.app.arn","aws_lb_target_group.app"]}}],"name":{"references":["var.project","var.environment"]},"ordered_placement_strategy":[{"field":{"constant_value":"attribute:ecs.availability-zone"},"type":{"constant_value":"spread"}},{"field":{"constant_value":"instanceId"},"type":{"constant_value":"spread"}}],"tags":{"references":["var.project","var.environment","var.environment","var.project"]},"task_definition":{"references":["aws_ecs_task_definition.app.arn","aws_ecs_task_definition.app"]}},"schema_version":1,"depends_on":["aws_lb_listener.https"]},{"address":"aws_ecs_task_definition.app","mode":"managed","type":"aws_ecs_task_definition","name":"app","provider_config_key":"aws","expressions":{"container_definitions":{"references":["var.project","var.environment","var.container_image","var.container_port","var.environment","var.aws_region","data.aws_caller_identity.current.account_id","data.aws_caller_identity.current","var.project","var.environment","aws_cloudwatch_log_group.ecs.name","aws_cloudwatch_log_group.ecs","var.aws_region","var.container_port","var.health_check_path"]},"cpu":{"references":["var.task_cpu"]},"execution_role_arn":{"references":["var.ecs_task_execution_role"]},"family":{"references":["var.project","var.environment"]},"memory":{"references":["var.task_memory"]},"network_mode":{"constant_value":"bridge"},"requires_compatibilities":{"constant_value":["EC2"]},"tags":{"references":["var.project","var.environment","var.environment","var.project"]},"task_role_arn":{"references":["var.ecs_task_role"]}},"schema_version":1},{"address":"aws_iam_instance_profile.ecs_instance_profile","mode":"managed","type":"aws_iam_instance_profile","name":"ecs_instance_profile","provider_config_key":"aws","expressions":{"name":{"references":["var.project","var.environment"]},"role":{"references":["aws_iam_role.ecs_instance_role.name","aws_iam_role.ecs_instance_role"]}},"schema_version":0},{"address":"aws_iam_role.ecs_instance_role","mode":"managed","type":"aws_iam_role","name":"ecs_instance_role","provider_config_key":"aws","expressions":{"assume_role_policy":{},"name":{"references":["var.project","var.environment"]},"tags":{"references":["var.project","var.environment","var.environment","var.project"]}},"schema_version":0},{"address":"aws_iam_role_policy_attachment.ecs_instance_role","mode":"managed","type":"aws_iam_role_policy_attachment","name":"ecs_instance_role","provider_config_key":"aws","expressions":{"policy_arn":{"constant_value":"arn:aws:iam::aws:policy/service-role/AmazonEC2ContainerServiceforEC2Role"},"role":{"references":["aws_iam_role.ecs_instance_role.name","aws_iam_role.ecs_instance_role"]}},"schema_version":0},{"address":"aws_launch_template.ecs","mode":"managed","type":"aws_launch_template","name":"ecs","provider_config_key":"aws","expressions":{"iam_instance_profile":[{"name":{"references":["aws_iam_instance_profile.ecs_instance_profile.name","aws_iam_instance_profile.ecs_instance_profile"]}}],"image_id":{"references":["data.aws_ami.amazon_linux_2.id","data.aws_ami.amazon_linux_2"]},"instance_type":{"references":["var.instance_type"]},"key_name":{"references":["var.ssh_key_name"]},"monitoring":[{"enabled":{"constant_value":true}}],"name_prefix":{"references":["var.project","var.environment"]},"network_interfaces":[{"associate_public_ip_address":{"constant_value":false},"delete_on_termination":{"constant_value":true},"security_groups":{"references":["var.ecs_security_group"]}}],"tag_specifications":[{"resource_type":{"constant_value":"instance"},"tags":{"references":["var.project","var.environment","var.environment","var.project"]}}],"user_data":{"references":["aws_ecs_cluster.main.name","aws_ecs_cluster.main","var.project","var.environment","var.aws_region"]}},"schema_version":0},{"address":"aws_lb.main","mode":"managed","type":"aws_lb","name":"main","provider_config_key":"aws","expressions":{"enable_deletion_protection":{"references":["var.environment"]},"internal":{"constant_value":false},"load_balancer_type":{"constant_value":"application"},"name":{"references":["var.project","var.environment"]},"security_groups":{"references":["var.alb_security_group"]},"subnets":{"references":["var.public_subnets"]},"tags":{"references":["var.project","var.environment","var.environment","var.project"]}},"schema_version":0},{"address":"aws_lb_listener.http_redirect","mode":"managed","type":"aws_lb_listener","name":"http_redirect","provider_config_key":"aws","expressions":{"default_action":[{"redirect":[{"port":{"constant_value":"443"},"protocol":{"constant_value":"HTTPS"},"status_code":{"constant_value":"HTTP_301"}}],"type":{"constant_value":"redirect"}}],"load_balancer_arn":{"references":["aws_lb.main.arn","aws_lb.main"]},"port":{"constant_value":80},"protocol":{"constant_value":"HTTP"}},"schema_version":0},{"address":"aws_lb_listener.https","mode":"managed","type":"aws_lb_listener","name":"https","provider_config_key":"aws","expressions":{"certificate_arn":{"references":["var.create_dummy_cert","aws_acm_certificate.cert[0].arn","aws_acm_certificate.cert[0]","aws_acm_certificate.cert","var.acm_certificate_arn"]},"default_action":[{"target_group_arn":{"references":["aws_lb_target_group.app.arn","aws_lb_target_group.app"]},"type":{"constant_value":"forward"}}],"load_balancer_arn":{"references":["aws_lb.main.arn","aws_lb.main"]},"port":{"constant_value":443},"protocol":{"constant_value":"HTTPS"},"ssl_policy":{"constant_value":"ELBSecurityPolicy-TLS13-1-2-2021-06"}},"schema_version":0,"depends_on":["aws_acm_certificate_validation.cert"]},{"address":"aws_lb_target_group.app","mode":"managed","type":"aws_lb_target_group","name":"app","provider_config_key":"aws","expressions":{"deregistration_delay":{"constant_value":30},"health_check":[{"healthy_threshold":{"constant_value":3},"interval":{"constant_value":30},"matcher":{"constant_value":"200-299"},"path":{"references":["var.health_check_path"]},"port":{"constant_value":"traffic-port"},"timeout":{"constant_value":5},"unhealthy_threshold":{"constant_value":3}}],"name":{"references":["var.project","var.environment"]},"port":{"constant_value":80},"protocol":{"constant_value":"HTTP"},"tags":{"references":["var.project","var.environment","var.environment","var.project"]},"target_type":{"constant_value":"instance"},"vpc_id":{"references":["var.vpc_id"]}},"schema_version":0},{"address":"data.aws_ami.amazon_linux_2","mode":"data","type":"aws_ami","name":"amazon_linux_2","provider_config_key":"aws","expressions":{"filter":[{"name":{"constant_value":"name"},"values":{"constant_value":["amzn2-ami-ecs-hvm-*-x86_64-ebs"]}},{"name":{"constant_value":"virtualization-type"},"values":{"constant_value":["hvm"]}}],"most_recent":{"constant_value":true},"owners":{"constant_value":["amazon"]}},"schema_version":0},{"address":"data.aws_caller_identity.current","mode":"data","type":"aws_caller_identity","name":"current","provider_config_key":"aws","schema_version":0}],"variables":{"acm_certificate_arn":{"description":"ARN of an existing ACM certificate (if not creating a dummy cert)"},"alb_security_group":{"description":"ID of the ALB security group"},"aws_region":{"description":"AWS region"},"container_image":{"description":"Container image name without tag"},"container_insights":{"description":"Enable container insights for ECS cluster"},"container_port":{"description":"Port exposed by the container"},"create_dummy_cert":{"description":"Create dummy certificate for HTTPS (set to false in production)"},"desired_task_count":{"description":"Desired number of tasks for ECS service"},"domain_name":{"description":"Domain name for ALB"},"ecs_security_group":{"description":"ID of the ECS security group"},"ecs_task_execution_role":{"description":"ARN of the ECS task execution role"},"ecs_task_role":{"description":"ARN of the ECS task role"},"environment":{"description":"Environment name"},"health_check_path":{"description":"Path for health check"},"instance_type":{"description":"EC2 instance type for ECS cluster"},"max_capacity":{"description":"Maximum number of EC2 instances"},"min_capacity":{"description":"Minimum number of EC2 instances"},"private_subnets":{"description":"IDs of the private subnets"},"project":{"description":"Project name"},"public_subnets":{"description":"IDs of the public subnets"},"ssh_key_name":{"description":"SSH key name for EC2 instances"},"task_cpu":{"description":"CPU units for the task"},"task_memory":{"description":"Memory for the task in MiB"},"vpc_id":{"description":"ID of the VPC"}}}},"iam":{"source":"../../modules/iam","expressions":{"aws_region":{"references":["var.aws_region"]},"environment":{"references":["var.environment"]},"project":{"references":["var.project"]}},"module":{"outputs":{"codedeploy_role":{"expression":{"references":["aws_iam_role.codedeploy_role.arn","aws_iam_role.codedeploy_role"]},"description":"ARN of CodeDeploy role"},"ecs_task_execution_role":{"expression":{"references":["aws_iam_role.ecs_task_execution_role.arn","aws_iam_role.ecs_task_execution_role"]},"description":"ARN of ECS task execution role"},"ecs_task_role":{"expression":{"references":["aws_iam_role.ecs_task_role.arn","aws_iam_role.ecs_task_role"]},"description":"ARN of ECS task role"},"jenkins_instance_profile":{"expression":{"references":["aws_iam_instance_profile.jenkins.name","aws_iam_instance_profile.jenkins"]},"description":"Name of Jenkins instance profile"},"jenkins_role":{"expression":{"references":["aws_iam_role.jenkins_role.arn","aws_iam_role.jenkins_role"]},"description":"ARN of Jenkins role"}},"resources":[{"address":"aws_iam_instance_profile.jenkins","mode":"managed","type":"aws_iam_instance_profile","name":"jenkins","provider_config_key":"aws","expressions":{"name":{"references":["var.project","var.environment"]},"role":{"references":["aws_iam_role.jenkins_role.name","aws_iam_role.jenkins_role"]}},"schema_version":0},{"address":"aws_iam_policy.jenkins_ecr_ecs_access","mode":"managed","type":"aws_iam_policy","name":"jenkins_ecr_ecs_access","provider_config_key":"aws","expressions":{"description":{"constant_value":"Allow Jenkins to push to ECR and deploy to ECS"},"name":{"references":["var.project","var.environment"]},"policy":{}},"schema_version":0},{"address":"aws_iam_policy.secrets_manager_access","mode":"managed","type":"aws_iam_policy","name":"secrets_manager_access","provider_config_key":"aws","expressions":{"description":{"constant_value":"Allow access to Secrets Manager"},"name":{"references":["var.project","var.environment"]},"policy":{"references":["var.aws_region","data.aws_caller_identity.current.account_id","data.aws_caller_identity.current","var.project","var.environment"]}},"schema_version":0},{"address":"aws_iam_role.codedeploy_role","mode":"managed","type":"aws_iam_role","name":"codedeploy_role","provider_config_key":"aws","expressions":{"assume_role_policy":{},"name":{"references":["var.project","var.environment"]},"tags":{"references":["var.project","var.environment","var.environment","var.project"]}},"schema_version":0},{"address":"aws_iam_role.ecs_task_execution_role","mode":"managed","type":"aws_iam_role","name":"ecs_task_execution_role","provider_config_key":"aws","expressions":{"assume_role_policy":{},"name":{"references":["var.project","var.environment"]},"tags":{"references":["var.project","var.environment","var.environment","var.project"]}},"schema_version":0},{"address":"aws_iam_role.ecs_task_role","mode":"managed","type":"aws_iam_role","name":"ecs_task_role","provider_config_key":"aws","expressions":{"assume_role_policy":{},"name":{"references":["var.project","var.environment"]},"tags":{"references":["var.project","var.environment","var.environment","var.project"]}},"schema_version":0},{"address":"aws_iam_role.jenkins_role","mode":"managed","type":"aws_iam_role","name":"jenkins_role","provider_config_key":"aws","expressions":{"assume_role_policy":{},"name":{"references":["var.project","var.environment"]},"tags":{"references":["var.project","var.environment","var.environment","var.project"]}},"schema_version":0},{"address":"aws_iam_role_policy_attachment.codedeploy","mode":"managed","type":"aws_iam_role_policy_attachment","name":"codedeploy","provider_config_key":"aws","expressions":{"policy_arn":{"constant_value":"arn:aws:iam::aws:policy/service-role/AWSCodeDeployRole"},"role":{"references":["aws_iam_role.codedeploy_role.name","aws_iam_role.codedeploy_role"]}},"schema_version":0},{"address":"aws_iam_role_policy_attachment.ecs_task_execution_policy","mode":"managed","type":"aws_iam_role_policy_attachment","name":"ecs_task_execution_policy","provider_config_key":"aws","expressions":{"policy_arn":{"constant_value":"arn:aws:iam::aws:policy/service-role/AmazonECSTaskExecutionRolePolicy"},"role":{"references":["aws_iam_role.ecs_task_execution_role.name","aws_iam_role.ecs_task_execution_role"]}},"schema_version":0},{"address":"aws_iam_role_policy_attachment.ecs_task_secrets_manager","mode":"managed","type":"aws_iam_role_policy_attachment","name":"ecs_task_secrets_manager","provider_config_key":"aws","expressions":{"policy_arn":{"references":["aws_iam_policy.secrets_manager_access.arn","aws_iam_policy.secrets_manager_access"]},"role":{"references":["aws_iam_role.ecs_task_role.name","aws_iam_role.ecs_task_role"]}},"schema_version":0},{"address":"aws_iam_role_policy_attachment.jenkins_ecr_ecs","mode":"managed","type":"aws_iam_role_policy_attachment","name":"jenkins_ecr_ecs","provider_config_key":"aws","expressions":{"policy_arn":{"references":["aws_iam_policy.jenkins_ecr_ecs_access.arn","aws_iam_policy.jenkins_ecr_ecs_access"]},"role":{"references":["aws_iam_role.jenkins_role.name","aws_iam_role.jenkins_role"]}},"schema_version":0},{"address":"data.aws_caller_identity.current","mode":"data","type":"aws_caller_identity","name":"current","provider_config_key":"aws","schema_version":0}],"variables":{"aws_region":{"description":"AWS region"},"environment":{"description":"Environment name"},"project":{"description":"Project name"}}}},"monitoring":{"source":"../../modules/monitoring","expressions":{"alb_name":{"references":["var.alb_name"]},"alerting_enabled":{"references":["var.alerting_enabled"]},"aws_region":{"references":["var.aws_region"]},"create_grafana_dashboard":{"references":["var.create_grafana_dashboard"]},"create_prometheus":{"references":["var.create_prometheus"]},"db_instance_id":{"references":["module.database.db_instance_id","module.database"]},"ecs_cluster_arn":{"references":["module.ecs.ecs_cluster_arn","module.ecs"]},"ecs_cluster_name":{"references":["module.ecs.ecs_cluster_name","module.ecs"]},"ecs_security_group":{"references":["module.network.ecs_security_group","module.network"]},"ecs_service_name":{"references":["var.ecs_service_name"]},"ecs_task_execution_role":{"references":["module.iam.ecs_task_execution_role","module.iam"]},"ecs_task_role":{"references":["module.iam.ecs_task_role","module.iam"]},"enable_db_alarms":{"references":["var.db_instance_class"]},"environment":{"references":["var.environment"]},"grafana_password":{"references":["var.grafana_password"]},"private_subnets":{"references":["module.network.private_subnets","module.network"]},"project":{"references":["var.project"]},"public_subnets":{"references":["module.network.public_subnets","module.network"]},"vpc_id":{"references":["module.network.vpc_id","module.network"]}},"module":{"outputs":{"alarm_sns_topic_arn":{"expression":{"references":["var.alerting_enabled","aws_sns_topic.alarms[0].arn","aws_sns_topic.alarms[0]","aws_sns_topic.alarms"]},"description":"ARN of the SNS topic for alarms"},"dashboard_name":{"expression":{"references":["aws_cloudwatch_dashboard.main.dashboard_name","aws_cloudwatch_dashboard.main"]},"description":"Name of the CloudWatch dashboard"},"grafana_log_group_name":{"expression":{"references":["aws_cloudwatch_log_group.grafana.name","aws_cloudwatch_log_group.grafana"]},"description":"Name of the Grafana log group"},"monitoring_security_group_id":{"expression":{"references":["aws_security_group.monitoring.id","aws_security_group.monitoring"]},"description":"ID of the monitoring security group"},"prometheus_log_group_name":{"expression":{"references":["aws_cloudwatch_log_group.prometheus.name","aws_cloudwatch_log_group.prometheus"]},"description":"Name of the Prometheus log group"}},"resources":[{"address":"aws_cloudwatch_dashboard.main","mode":"managed","type":"aws_cloudwatch_dashboard","name":"main","provider_config_key":"aws","expressions":{"dashboard_body":{"references":["var.ecs_service_name","var.ecs_cluster_name","var.aws_region","var.ecs_service_name","var.ecs_cluster_name","var.aws_region","var.alb_name","var.aws_region","var.alb_name","var.aws_region","var.db_instance_id","var.aws_region","var.db_instance_id","var.aws_region"]},"dashboard_name":{"references":["var.project","var.environment"]}},"schema_version":0},{"address":"aws_cloudwatch_log_group.app","mode":"managed","type":"aws_cloudwatch_log_group","name":"app","provider_config_key":"aws","expressions":{"name":{"references":["var.project","var.environment"]},"retention_in_days":{"constant_value":30},"tags":{"references":["var.project","var.environment","var.environment","var.project"]}},"schema_version":0},{"address":"aws_cloudwatch_log_group.grafana","mode":"managed","type":"aws_cloudwatch_log_group","name":"grafana","provider_config_key":"aws","expressions":{"name":{"references":["var.project","var.environment"]},"retention_in_days":{"constant_value":30},"tags":{"references":["var.project","var.environment","var.environment","var.project"]}},"schema_version":0},{"address":"aws_cloudwatch_log_group.prometheus","mode":"managed","type":"aws_cloudwatch_log_group","name":"prometheus","provider_config_key":"aws","expressions":{"name":{"references":["var.project","var.environment"]},"retention_in_days":{"constant_value":30},"tags":{"references":["var.project","var.environment","var.environment","var.project"]}},"schema_version":0},{"address":"aws_cloudwatch_metric_alarm.db_cpu_high","mode":"managed","type":"aws_cloudwatch_metric_alarm","name":"db_cpu_high","provider_config_key":"aws","expressions":{"alarm_actions":{"references":["aws_sns_topic.alarms[0].arn","aws_sns_topic.alarms[0]","aws_sns_topic.alarms"]},"alarm_description":{"constant_value":"This alarm monitors RDS CPU utilization"},"alarm_name":{"references":["var.project","var.environment"]},"comparison_operator":{"constant_value":"GreaterThanThreshold"},"dimensions":{"references":["var.db_instance_id"]},"evaluation_periods":{"constant_value":2},"metric_name":{"constant_value":"CPUUtilization"},"namespace":{"constant_value":"AWS/RDS"},"ok_actions":{"references":["aws_sns_topic.alarms[0].arn","aws_sns_topic.alarms[0]","aws_sns_topic.alarms"]},"period":{"constant_value":60},"statistic":{"constant_value":"Average"},"tags":{"references":["var.project","var.environment","var.environment","var.project"]},"threshold":{"constant_value":80}},"schema_version":1,"count_expression":{"references":["var.alerting_enabled","var.enable_db_alarms"]}},{"address":"aws_cloudwatch_metric_alarm.ecs_cpu_high","mode":"managed","type":"aws_cloudwatch_metric_alarm","name":"ecs_cpu_high","provider_config_key":"aws","expressions":{"alarm_actions":{"references":["aws_sns_topic.alarms[0].arn","aws_sns_topic.alarms[0]","aws_sns_topic.alarms"]},"alarm_description":{"constant_value":"This alarm monitors ECS CPU utilization"},"alarm_name":{"references":["var.project","var.environment"]},"comparison_operator":{"constant_value":"GreaterThanThreshold"},"dimensions":{"references":["var.ecs_cluster_name","var.ecs_service_name"]},"evaluation_periods":{"constant_value":2},"metric_name":{"constant_value":"CPUUtilization"},"namespace":{"constant_value":"AWS/ECS"},"ok_actions":{"references":["aws_sns_topic.alarms[0].arn","aws_sns_topic.alarms[0]","aws_sns_topic.alarms"]},"period":{"constant_value":60},"statistic":{"constant_value":"Average"},"tags":{"references":["var.project","var.environment","var.environment","var.project"]},"threshold":{"constant_value":80}},"schema_version":1,"count_expression":{"references":["var.alerting_enabled"]}},{"address":"aws_ecs_service.monitoring","mode":"managed","type":"aws_ecs_service","name":"monitoring","provider_config_key":"aws","expressions":{"cluster":{"references":["var.ecs_cluster_arn"]},"desired_count":{"constant_value":1},"launch_type":{"constant_value":"EC2"},"name":{"references":["var.project","var.environment"]},"network_configuration":[{"assign_public_ip":{"constant_value":false},"security_groups":{"references":["aws_security_group.monitoring.id","aws_security_group.monitoring"]},"subnets":{"references":["var.private_subnets"]}}],"tags":{"references":["var.project","var.environment","var.environment","var.project"]},"task_definition":{"references":["aws_ecs_task_definition.monitoring[0].arn","aws_ecs_task_definition.monitoring[0]","aws_ecs_task_definition.monitoring"]}},"schema_version":1,"count_expression":{"references":["var.create_grafana_dashboard"]}},{"address":"aws_ecs_task_definition.monitoring","mode":"managed","type":"aws_ecs_task_definition","name":"monitoring","provider_config_key":"aws","expressions":{"container_definitions":{"references":["var.create_prometheus","local.combined_container_definitions","local.grafana_container_definition"]},"execution_role_arn":{"references":["var.ecs_task_execution_role"]},"family":{"references":["var.project","var.environment"]},"network_mode":{"constant_value":"awsvpc"},"requires_compatibilities":{"constant_value":["EC2"]},"tags":{"references":["var.project","var.environment","var.environment","var.project"]},"task_role_arn":{"references":["var.ecs_task_role"]},"volume":[{"docker_volume_configuration":[{"autoprovision":{"constant_value":true},"driver":{"constant_value":"local"},"scope":{"constant_value":"shared"}}],"name":{"constant_value":"grafana-data"}}]},"schema_version":1,"count_expression":{"references":["var.create_grafana_dashboard"]}},{"address":"aws_security_group.monitoring","mode":"managed","type":"aws_security_group","name":"monitoring","provider_config_key":"aws","expressions":{"description":{"constant_value":"Security group for monitoring services"},"egress":{"constant_value":[{"cidr_blocks":["0.0.0.0/0"],"description":null,"from_port":0,"ipv6_cidr_blocks":null,"prefix_list_ids":null,"protocol":"-1","security_groups":null,"self":null,"to_port":0}]},"ingress":{"references":["var.ecs_security_group","var.ecs_security_group"]},"name":{"references":["var.project","var.environment"]},"tags":{"references":["var.project","var.environment","var.environment","var.project"]},"vpc_id":{"references":["var.vpc_id"]}},"schema_version":1},{"address":"aws_sns_topic.alarms","mode":"managed","type":"aws_sns_topic","name":"alarms","provider_config_key":"aws","expressions":{"name":{"references":["var.project","var.environment"]},"tags":{"references":["var.project","var.environment","var.environment","var.project"]}},"schema_version":0,"count_expression":{"references":["var.alerting_enabled"]}}],"variables":{"alb_name":{"description":"Name of the ALB for CloudWatch dashboard"},"alerting_enabled":{"description":"Enable CloudWatch alarms with SNS notifications"},"aws_region":{"description":"AWS region"},"create_grafana_dashboard":{"description":"Create Grafana dashboard"},"create_prometheus":{"description":"Create Prometheus instance"},"db_instance_id":{"description":"ID of the RDS instance"},"ecs_cluster_arn":{"description":"ARN of the ECS cluster"},"ecs_cluster_name":{"description":"Name of the ECS cluster"},"ecs_security_group":{"description":"ID of the ECS security group"},"ecs_service_name":{"description":"Name of the ECS service"},"ecs_task_execution_role":{"description":"ARN of the ECS task execution role"},"ecs_task_role":{"description":"ARN of the ECS task role"},"enable_db_alarms":{"description":"Enable database-related CloudWatch alarms"},"environment":{"description":"Environment name"},"grafana_password":{"description":"Password for Grafana admin user","sensitive":true},"private_subnets":{"description":"IDs of the private subnets"},"project":{"description":"Project name"},"public_subnets":{"description":"IDs of the public subnets"},"vpc_id":{"description":"ID of the VPC"}}}},"network":{"source":"../../modules/network","expressions":{"allowed_ssh_cidr":{"references":["var.allowed_ssh_cidr"]},"availability_zones":{"references":["var.availability_zones"]},"aws_region":{"references":["var.aws_region"]},"database_subnet_cidrs":{"references":["var.database_subnet_cidrs"]},"environment":{"references":["var.environment"]},"private_subnet_cidrs":{"references":["var.private_subnet_cidrs"]},"project":{"references":["var.project"]},"public_subnet_cidrs":{"references":["var.public_subnet_cidrs"]},"vpc_cidr":{"references":["var.vpc_cidr"]}},"module":{"outputs":{"alb_security_group":{"expression":{"references":["aws_security_group.alb.id","aws_security_group.alb"]},"description":"ID of ALB security group"},"availability_zones":{"expression":{"references":["var.availability_zones"]},"description":"List of availability zones used"},"database_subnets":{"expression":{"references":["aws_subnet.database"]},"description":"IDs of the database subnets"},"db_security_group":{"expression":{"references":["aws_security_group.db.id","aws_security_group.db"]},"description":"ID of database security group"},"ecs_security_group":{"expression":{"references":["aws_security_group.ecs.id","aws_security_group.ecs"]},"description":"ID of ECS security group"},"jenkins_security_group":{"expression":{"references":["aws_security_group.jenkins.id","aws_security_group.jenkins"]},"description":"ID of Jenkins security group"},"private_subnets":{"expression":{"references":["aws_subnet.private"]},"description":"IDs of the private subnets"},"public_subnets":{"expression":{"references":["aws_subnet.public"]},"description":"IDs of the public subnets"},"vpc_id":{"expression":{"references":["aws_vpc.main.id","aws_vpc.main"]},"description":"ID of the VPC"}},"resources":[{"address":"aws_eip.nat","mode":"managed","type":"aws_eip","name":"nat","provider_config_key":"aws","expressions":{"domain":{"constant_value":"vpc"},"tags":{"references":["var.project","var.environment","count.index","var.environment","var.project"]}},"schema_version":0,"count_expression":{"references":["var.public_subnet_cidrs"]}},{"address":"aws_internet_gateway.main","mode":"managed","type":"aws_internet_gateway","name":"main","provider_config_key":"aws","expressions":{"tags":{"references":["var.project","var.environment","var.environment","var.project"]},"vpc_id":{"references":["aws_vpc.main.id","aws_vpc.main"]}},"schema_version":0},{"address":"aws_nat_gateway.main","mode":"managed","type":"aws_nat_gateway","name":"main","provider_config_key":"aws","expressions":{"allocation_id":{"references":["aws_eip.nat","count.index"]},"subnet_id":{"references":["aws_subnet.public","count.index"]},"tags":{"references":["var.project","var.environment","count.index","var.environment","var.project"]}},"schema_version":0,"count_expression":{"references":["var.public_subnet_cidrs"]},"depends_on":["aws_internet_gateway.main"]},{"address":"aws_route_table.database","mode":"managed","type":"aws_route_table","name":"database","provider_config_key":"aws","expressions":{"route":{"references":["aws_nat_gateway.main","count.index","aws_nat_gateway.main"]},"tags":{"references":["var.project","var.environment","count.index","var.environment","var.project"]},"vpc_id":{"references":["aws_vpc.main.id","aws_vpc.main"]}},"schema_version":0,"count_expression":{"references":["var.database_subnet_cidrs"]}},{"address":"aws_route_table.private","mode":"managed","type":"aws_route_table","name":"private","provider_config_key":"aws","expressions":{"route":{"references":["aws_nat_gateway.main","count.index","aws_nat_gateway.main"]},"tags":{"references":["var.project","var.environment","count.index","var.environment","var.project"]},"vpc_id":{"references":["aws_vpc.main.id","aws_vpc.main"]}},"schema_version":0,"count_expression":{"references":["var.private_subnet_cidrs"]}},{"address":"aws_route_table.public","mode":"managed","type":"aws_route_table","name":"public","provider_config_key":"aws","expressions":{"route":{"references":["aws_internet_gateway.main.id","aws_internet_gateway.main"]},"tags":{"references":["var.project","var.environment","var.environment","var.project"]},"vpc_id":{"references":["aws_vpc.main.id","aws_vpc.main"]}},"schema_version":0},{"address":"aws_route_table_association.database","mode":"managed","type":"aws_route_table_association","name":"database","provider_config_key":"aws","expressions":{"route_table_id":{"references":["aws_route_table.database","count.index","aws_route_table.database"]},"subnet_id":{"references":["aws_subnet.database","count.index"]}},"schema_version":0,"count_expression":{"references":["var.database_subnet_cidrs"]}},{"address":"aws_route_table_association.private","mode":"managed","type":"aws_route_table_association","name":"private","provider_config_key":"aws","expressions":{"route_table_id":{"references":["aws_route_table.private","count.index","aws_route_table.private"]},"subnet_id":{"references":["aws_subnet.private","count.index"]}},"schema_version":0,"count_expression":{"references":["var.private_subnet_cidrs"]}},{"address":"aws_route_table_association.public","mode":"managed","type":"aws_route_table_association","name":"public","provider_config_key":"aws","expressions":{"route_table_id":{"references":["aws_route_table.public.id","aws_route_table.public"]},"subnet_id":{"references":["aws_subnet.public","count.index"]}},"schema_version":0,"count_expression":{"references":["var.public_subnet_cidrs"]}},{"address":"aws_security_group.alb","mode":"managed","type":"aws_security_group","name":"alb","provider_config_key":"aws","expressions":{"description":{"constant_value":"Security group for the Application Load Balancer"},"egress":{"constant_value":[{"cidr_blocks":["0.0.0.0/0"],"description":null,"from_port":0,"ipv6_cidr_blocks":null,"prefix_list_ids":null,"protocol":"-1","security_groups":null,"self":null,"to_port":0}]},"ingress":{"constant_value":[{"cidr_blocks":["0.0.0.0/0"],"description":null,"from_port":80,"ipv6_cidr_blocks":null,"prefix_list_ids":null,"protocol":"tcp","security_groups":null,"self":null,"to_port":80},{"cidr_blocks":["0.0.0.0/0"],"description":null,"from_port":443,"ipv6_cidr_blocks":null,"prefix_list_ids":null,"protocol":"tcp","security_groups":null,"self":null,"to_port":443}]},"name":{"references":["var.project","var.environment"]},"tags":{"references":["var.project","var.environment","var.environment","var.project"]},"vpc_id":{"references":["aws_vpc.main.id","aws_vpc.main"]}},"schema_version":1},{"address":"aws_security_group.db","mode":"managed","type":"aws_security_group","name":"db","provider_config_key":"aws","expressions":{"description":{"constant_value":"Security group for RDS database"},"egress":{"constant_value":[{"cidr_blocks":["0.0.0.0/0"],"description":null,"from_port":0,"ipv6_cidr_blocks":null,"prefix_list_ids":null,"protocol":"-1","security_groups":null,"self":null,"to_port":0}]},"ingress":{"references":["aws_security_group.ecs.id","aws_security_group.ecs"]},"name":{"references":["var.project","var.environment"]},"tags":{"references":["var.project","var.environment","var.environment","var.project"]},"vpc_id":{"references":["aws_vpc.main.id","aws_vpc.main"]}},"schema_version":1},{"address":"aws_security_group.ecs","mode":"managed","type":"aws_security_group","name":"ecs","provider_config_key":"aws","expressions":{"description":{"constant_value":"Security group for ECS tasks"},"egress":{"constant_value":[{"cidr_blocks":["0.0.0.0/0"],"description":null,"from_port":0,"ipv6_cidr_blocks":null,"prefix_list_ids":null,"protocol":"-1","security_groups":null,"self":null,"to_port":0}]},"ingress":{"references":["aws_security_group.alb.id","aws_security_group.alb"]},"name":{"references":["var.project","var.environment"]},"tags":{"references":["var.project","var.environment","var.environment","var.project"]},"vpc_id":{"references":["aws_vpc.main.id","aws_vpc.main"]}},"schema_version":1},{"address":"aws_security_group.jenkins","mode":"managed","type":"aws_security_group","name":"jenkins","provider_config_key":"aws","expressions":{"description":{"constant_value":"Security group for Jenkins server"},"egress":{"constant_value":[{"cidr_blocks":["0.0.0.0/0"],"description":null,"from_port":0,"ipv6_cidr_blocks":null,"prefix_list_ids":null,"protocol":"-1","security_groups":null,"self":null,"to_port":0}]},"ingress":{"references":["var.allowed_ssh_cidr"]},"name":{"references":["var.project","var.environment"]},"tags":{"references":["var.project","var.environment","var.environment","var.project"]},"vpc_id":{"references":["aws_vpc.main.id","aws_vpc.main"]}},"schema_version":1},{"address":"aws_subnet.database","mode":"managed","type":"aws_subnet","name":"database","provider_config_key":"aws","expressions":{"availability_zone":{"references":["var.availability_zones","count.index","var.availability_zones"]},"cidr_block":{"references":["var.database_subnet_cidrs","count.index"]},"tags":{"references":["var.project","var.environment","count.index","var.environment","var.project"]},"vpc_id":{"references":["aws_vpc.main.id","aws_vpc.main"]}},"schema_version":1,"count_expression":{"references":["var.database_subnet_cidrs"]}},{"address":"aws_subnet.private","mode":"managed","type":"aws_subnet","name":"private","provider_config_key":"aws","expressions":{"availability_zone":{"references":["var.availability_zones","count.index","var.availability_zones"]},"cidr_block":{"references":["var.private_subnet_cidrs","count.index"]},"tags":{"references":["var.project","var.environment","count.index","var.environment","var.project"]},"vpc_id":{"references":["aws_vpc.main.id","aws_vpc.main"]}},"schema_version":1,"count_expression":{"references":["var.private_subnet_cidrs"]}},{"address":"aws_subnet.public","mode":"managed","type":"aws_subnet","name":"public","provider_config_key":"aws","expressions":{"availability_zone":{"references":["var.availability_zones","count.index","var.availability_zones"]},"cidr_block":{"references":["var.public_subnet_cidrs","count.index"]},"map_public_ip_on_launch":{"constant_value":true},"tags":{"references":["var.project","var.environment","count.index","var.environment","var.project"]},"vpc_id":{"references":["aws_vpc.main.id","aws_vpc.main"]}},"schema_version":1,"count_expression":{"references":["var.public_subnet_cidrs"]}},{"address":"aws_vpc.main","mode":"managed","type":"aws_vpc","name":"main","provider_config_key":"aws","expressions":{"cidr_block":{"references":["var.vpc_cidr"]},"enable_dns_hostnames":{"constant_value":true},"enable_dns_support":{"constant_value":true},"tags":{"references":["var.project","var.environment","var.environment","var.project"]}},"schema_version":1}],"variables":{"allowed_ssh_cidr":{"description":"CIDR block allowed for SSH access"},"availability_zones":{"description":"List of availability zones"},"aws_region":{"description":"AWS region"},"database_subnet_cidrs":{"description":"CIDR blocks for database subnets"},"environment":{"description":"Environment name"},"private_subnet_cidrs":{"description":"CIDR blocks for private subnets"},"project":{"description":"Project name"},"public_subnet_cidrs":{"description":"CIDR blocks for public subnets"},"vpc_cidr":{"description":"CIDR block for VPC"}}}},"security":{"source":"../../modules/security","expressions":{"alb_arn":{"references":["module.ecs.alb_arn","module.ecs"]},"aws_region":{"references":["var.aws_region"]},"blocked_countries":{"references":["var.waf_blocked_countries"]},"enable_config":{"references":["var.enable_config"]},"enable_guardduty":{"references":["var.enable_guardduty"]},"enable_security_hub":{"references":["var.enable_security_hub"]},"enable_waf_association":{"references":["var.create_dummy_cert","var.acm_certificate_arn"]},"environment":{"references":["var.environment"]},"project":{"references":["var.project"]},"rate_limit":{"references":["var.waf_rate_limit"]},"vpc_id":{"references":["module.network.vpc_id","module.network"]}},"module":{"outputs":{"config_recorder_id":{"expression":{"references":["var.enable_config","aws_config_configuration_recorder.main[0].id","aws_config_configuration_recorder.main[0]","aws_config_configuration_recorder.main"]},"description":"ID of the Config recorder"},"guardduty_detector_id":{"expression":{"references":["var.enable_guardduty","aws_guardduty_detector.main[0].id","aws_guardduty_detector.main[0]","aws_guardduty_detector.main"]},"description":"ID of the GuardDuty detector"},"waf_web_acl_arn":{"expression":{"references":["aws_wafv2_web_acl.main.arn","aws_wafv2_web_acl.main"]},"description":"ARN of the WAF WebACL"},"waf_web_acl_id":{"expression":{"references":["aws_wafv2_web_acl.main.id","aws_wafv2_web_acl.main"]},"description":"ID of the WAF WebACL"}},"resources":[{"address":"aws_config_configuration_recorder.main","mode":"managed","type":"aws_config_configuration_recorder","name":"main","provider_config_key":"aws","expressions":{"name":{"references":["var.project","var.environment"]},"recording_group":[{"all_supported":{"constant_value":true},"include_global_resource_types":{"references":["var.environment"]}}],"role_arn":{"references":["aws_iam_role.config[0].arn","aws_iam_role.config[0]","aws_iam_role.config"]}},"schema_version":0,"count_expression":{"references":["var.enable_config"]}},{"address":"aws_config_configuration_recorder_status.main","mode":"managed","type":"aws_config_configuration_recorder_status","name":"main","provider_config_key":"aws","expressions":{"is_enabled":{"constant_value":true},"name":{"references":["aws_config_configuration_recorder.main[0].name","aws_config_configuration_recorder.main[0]","aws_config_configuration_recorder.main"]}},"schema_version":0,"count_expression":{"references":["var.enable_config"]},"depends_on":["aws_config_delivery_channel.main"]},{"address":"aws_config_delivery_channel.main","mode":"managed","type":"aws_config_delivery_channel","name":"main","provider_config_key":"aws","expressions":{"name":{"references":["var.project","var.environment"]},"s3_bucket_name":{"references":["aws_s3_bucket.config[0].bucket","aws_s3_bucket.config[0]","aws_s3_bucket.config"]}},"schema_version":0,"count_expression":{"references":["var.enable_config"]},"depends_on":["aws_config_configuration_recorder.main"]},{"address":"aws_guardduty_detector.main","mode":"managed","type":"aws_guardduty_detector","name":"main","provider_config_key":"aws","expressions":{"enable":{"constant_value":true},"finding_publishing_frequency":{"constant_value":"ONE_HOUR"},"tags":{"references":["var.project","var.environment","var.environment","var.project"]}},"schema_version":0,"count_expression":{"references":["var.enable_guardduty"]}},{"address":"aws_iam_role.config","mode":"managed","type":"aws_iam_role","name":"config","provider_config_key":"aws","expressions":{"assume_role_policy":{},"name":{"references":["var.project","var.environment"]},"tags":{"references":["var.project","var.environment","var.environment","var.project"]}},"schema_version":0,"count_expression":{"references":["var.enable_config"]}},{"address":"aws_iam_role_policy_attachment.config","mode":"managed","type":"aws_iam_role_policy_attachment","name":"config","provider_config_key":"aws","expressions":{"policy_arn":{"constant_value":"arn:aws:iam::aws:policy/service-role/AWS_ConfigRole"},"role":{"references":["aws_iam_role.config[0].name","aws_iam_role.config[0]","aws_iam_role.config"]}},"schema_version":0,"count_expression":{"references":["var.enable_config"]}},{"address":"aws_s3_bucket.config","mode":"managed","type":"aws_s3_bucket","name":"config","provider_config_key":"aws","expressions":{"bucket":{"references":["var.project","var.environment","data.aws_caller_identity.current.account_id","data.aws_caller_identity.current"]},"tags":{"references":["var.project","var.environment","var.environment","var.project"]}},"schema_version":0,"count_expression":{"references":["var.enable_config"]}},{"address":"aws_s3_bucket_lifecycle_configuration.config","mode":"managed","type":"aws_s3_bucket_lifecycle_configuration","name":"config","provider_config_key":"aws","expressions":{"bucket":{"references":["aws_s3_bucket.config[0].id","aws_s3_bucket.config[0]","aws_s3_bucket.config"]},"rule":[{"expiration":[{"days":{"constant_value":365}}],"filter":[{"prefix":{"constant_value":""}}],"id":{"constant_value":"log-retention"},"status":{"constant_value":"Enabled"}}]},"schema_version":1,"count_expression":{"references":["var.enable_config"]}},{"address":"aws_s3_bucket_public_access_block.config","mode":"managed","type":"aws_s3_bucket_public_access_block","name":"config","provider_config_key":"aws","expressions":{"block_public_acls":{"constant_value":true},"block_public_policy":{"constant_value":true},"bucket":{"references":["aws_s3_bucket.config[0].id","aws_s3_bucket.config[0]","aws_s3_bucket.config"]},"ignore_public_acls":{"constant_value":true},"restrict_public_buckets":{"constant_value":true}},"schema_version":0,"count_expression":{"references":["var.enable_config"]}},{"address":"aws_s3_bucket_server_side_encryption_configuration.config","mode":"managed","type":"aws_s3_bucket_server_side_encryption_configuration","name":"config","provider_config_key":"aws","expressions":{"bucket":{"references":["aws_s3_bucket.config[0].id","aws_s3_bucket.config[0]","aws_s3_bucket.config"]},"rule":[{"apply_server_side_encryption_by_default":[{"sse_algorithm":{"constant_value":"AES256"}}]}]},"schema_version":0,"count_expression":{"references":["var.enable_config"]}},{"address":"aws_securityhub_account.main","mode":"managed","type":"aws_securityhub_account","name":"main","provider_config_key":"aws","schema_version":1,"count_expression":{"references":["var.enable_security_hub"]}},{"address":"aws_securityhub_standards_subscription.aws_best_practices","mode":"managed","type":"aws_securityhub_standards_subscription","name":"aws_best_practices","provider_config_key":"aws","expressions":{"standards_arn":{"references":["var.aws_region"]}},"schema_version":0,"count_expression":{"references":["var.enable_security_hub"]},"depends_on":["aws_securityhub_account.main"]},{"address":"aws_securityhub_standards_subscription.cis_aws_foundations","mode":"managed","type":"aws_securityhub_standards_subscription","name":"cis_aws_foundations","provider_config_key":"aws","expressions":{"standards_arn":{"references":["var.aws_region"]}},"schema_version":0,"count_expression":{"references":["var.enable_security_hub"]},"depends_on":["aws_securityhub_account.main"]},{"address":"aws_wafv2_web_acl.main","mode":"managed","type":"aws_wafv2_web_acl","name":"main","provider_config_key":"aws","expressions":{"default_action":[{"allow":[{}]}],"description":{"references":["var.project","var.environment"]},"name":{"references":["var.project","var.environment"]},"rule":[{"name":{"constant_value":"AWS-AWSManagedRulesCommonRuleSet"},"override_action":[{"none":[{}]}],"priority":{"constant_value":10},"statement":[{"managed_rule_group_statement":[{"name":{"constant_value":"AWSManagedRulesCommonRuleSet"},"vendor_name":{"constant_value":"AWS"}}]}],"visibility_config":[{"cloudwatch_metrics_enabled":{"constant_value":true},"metric_name":{"constant_value":"AWS-AWSManagedRulesCommonRuleSet"},"sampled_requests_enabled":{"constant_value":true}}]},{"name":{"constant_value":"AWS-AWSManagedRulesKnownBadInputsRuleSet"},"override_action":[{"none":[{}]}],"priority":{"constant_value":20},"statement":[{"managed_rule_group_statement":[{"name":{"constant_value":"AWSManagedRulesKnownBadInputsRuleSet"},"vendor_name":{"constant_value":"AWS"}}]}],"visibility_config":[{"cloudwatch_metrics_enabled":{"constant_value":true},"metric_name":{"constant_value":"AWS-AWSManagedRulesKnownBadInputsRuleSet"},"sampled_requests_enabled":{"constant_value":true}}]},{"name":{"constant_value":"AWS-AWSManagedRulesSQLiRuleSet"},"override_action":[{"none":[{}]}],"priority":{"constant_value":30},"statement":[{"managed_rule_group_statement":[{"name":{"constant_value":"AWSManagedRulesSQLiRuleSet"},"vendor_name":{"constant_value":"AWS"}}]}],"visibility_config":[{"cloudwatch_metrics_enabled":{"constant_value":true},"metric_name":{"constant_value":"AWS-AWSManagedRulesSQLiRuleSet"},"sampled_requests_enabled":{"constant_value":true}}]},{"action":[{"block":[{}]}],"name":{"constant_value":"RateLimit"},"priority":{"constant_value":40},"statement":[{"rate_based_statement":[{"aggregate_key_type":{"constant_value":"IP"},"limit":{"references":["var.rate_limit"]}}]}],"visibility_config":[{"cloudwatch_metrics_enabled":{"constant_value":true},"metric_name":{"constant_value":"RateLimit"},"sampled_requests_enabled":{"constant_value":true}}]}],"scope":{"constant_value":"REGIONAL"},"tags":{"references":["var.project","var.environment","var.environment","var.project"]},"visibility_config":[{"cloudwatch_metrics_enabled":{"constant_value":true},"metric_name":{"references":["var.project","var.environment"]},"sampled_requests_enabled":{"constant_value":true}}]},"schema_version":0},{"address":"aws_wafv2_web_acl_association.alb","mode":"managed","type":"aws_wafv2_web_acl_association","name":"alb","provider_config_key":"aws","expressions":{"resource_arn":{"references":["var.alb_arn"]},"web_acl_arn":{"references":["aws_wafv2_web_acl.main.arn","aws_wafv2_web_acl.main"]}},"schema_version":0,"count_expression":{"references":["var.enable_waf_association"]}},{"address":"data.aws_caller_identity.current","mode":"data","type":"aws_caller_identity","name":"current","provider_config_key":"aws","schema_version":0}],"variables":{"alb_arn":{"description":"ARN of the Application Load Balancer"},"aws_region":{"description":"AWS region"},"blocked_countries":{"description":"List of country codes to block (ISO 3166-1 alpha-2 codes)"},"enable_config":{"description":"Enable AWS Config"},"enable_guardduty":{"description":"Enable AWS GuardDuty"},"enable_security_hub":{"description":"Enable AWS Security Hub"},"enable_waf_association":{"description":"Enable WAF association with ALB"},"environment":{"description":"Environment name"},"project":{"description":"Project name"},"rate_limit":{"description":"Rate limit for IP-based throttling (requests/5min)"},"vpc_id":{"description":"ID of the VPC"}}}}},"variables":{"acm_certificate_arn":{"description":"ARN of an existing ACM certificate (if not creating a dummy cert)"},"alb_arn":{"description":"Existing ALB ARN (when deploy_ecs = false)"},"alb_listener_arn":{"description":"ARN of the ALB listener"},"alb_name":{"description":"Name of the ALB for CloudWatch dashboard"},"alb_security_group":{"description":"Existing ALB security group ID (when deploy_network = false)"},"alb_target_group_name_blue":{"description":"Name of the blue target group"},"alb_target_group_name_green":{"description":"Name of the green target group"},"alerting_enabled":{"description":"Enable CloudWatch alarms with SNS notifications"},"allowed_ssh_cidr":{"description":"CIDR block allowed for SSH access"},"availability_zones":{"description":"List of availability zones"},"aws_region":{"description":"AWS region"},"codedeploy_group_name":{"description":"CodeDeploy deployment group name"},"codedeploy_role":{"description":"Existing CodeDeploy role ARN (when deploy_iam = false)"},"container_image":{"description":"Container image name without tag"},"container_insights":{"description":"Enable container insights for ECS cluster"},"container_port":{"description":"Port exposed by the container"},"create_dummy_cert":{"description":"Create dummy certificate for HTTPS (set to false in production)"},"create_grafana_dashboard":{"description":"Create Grafana dashboard"},"create_prometheus":{"description":"Create Prometheus instance"},"database_subnet_cidrs":{"description":"CIDR blocks for database subnets"},"database_subnets":{"description":"Existing database subnet IDs (when deploy_network = false)"},"db_allocated_storage":{"description":"Allocated storage for database in GB"},"db_engine":{"description":"Database engine (postgres or mysql)"},"db_engine_version":{"description":"Database engine version"},"db_instance_class":{"description":"Database instance class"},"db_instance_id":{"description":"Existing RDS instance ID (when deploy_database = false)"},"db_max_allocated_storage":{"description":"Maximum allocated storage for database in GB"},"db_multi_az":{"description":"Enable multi-AZ for database"},"db_name":{"description":"Name of the database"},"db_password":{"description":"Password for the database (leave empty to generate random)","sensitive":true},"db_port":{"description":"Port for the database"},"db_security_group":{"description":"Existing database security group ID (when deploy_network = false)"},"db_username":{"description":"Username for the database"},"deploy_cicd":{"description":"Deploy CI/CD module"},"deploy_database":{"description":"Deploy database module"},"deploy_ecs":{"description":"Deploy ECS module"},"deploy_iam":{"description":"Deploy IAM module"},"deploy_monitoring":{"description":"Deploy monitoring module"},"deploy_network":{"description":"Deploy network module"},"deploy_security":{"description":"Deploy security module"},"desired_task_count":{"description":"Desired number of tasks for ECS service"},"domain_name":{"description":"Domain name for ALB"},"ecs_cluster_arn":{"description":"Existing ECS cluster ARN (when deploy_ecs = false)"},"ecs_cluster_name":{"description":"Existing ECS cluster name (when deploy_ecs = false)"},"ecs_security_group":{"description":"Existing ECS security group ID (when deploy_network = false)"},"ecs_service_name":{"description":"ECS service name"},"ecs_task_execution_role":{"description":"Existing ECS task execution role ARN (when deploy_iam = false)"},"ecs_task_role":{"description":"Existing ECS task role ARN (when deploy_iam = false)"},"enable_config":{"description":"Enable AWS Config"},"enable_guardduty":{"description":"Enable AWS GuardDuty"},"enable_performance_insights":{"description":"Enable Performance Insights"},"enable_security_hub":{"description":"Enable AWS Security Hub"},"environment":{"description":"Environment name"},"github_repository":{"description":"GitHub repository for CI/CD integration"},"grafana_password":{"description":"Password for Grafana admin user","sensitive":true},"health_check_path":{"description":"Path for health check"},"instance_type":{"description":"EC2 instance type for ECS cluster"},"jenkins_instance_profile":{"description":"Existing Jenkins instance profile name (when deploy_iam = false)"},"jenkins_instance_type":{"description":"Jenkins instance type"},"jenkins_security_group":{"description":"Existing Jenkins security group ID (when deploy_network = false)"},"max_capacity":{"description":"Maximum number of EC2 instances"},"min_capacity":{"description":"Minimum number of EC2 instances"},"mysql_parameters":{"description":"List of MySQL parameters"},"postgres_parameters":{"description":"List of PostgreSQL parameters"},"private_subnet_cidrs":{"description":"CIDR blocks for private subnets"},"private_subnets":{"description":"Existing private subnet IDs (when deploy_network = false)"},"project":{"description":"Project name"},"public_subnet_cidrs":{"description":"CIDR blocks for public subnets"},"public_subnets":{"description":"Existing public subnet IDs (when deploy_network = false)"},"ssh_key_name":{"description":"SSH key name for EC2 instances"},"task_cpu":{"description":"CPU units for the task"},"task_memory":{"description":"Memory for the task in MiB"},"vpc_cidr":{"description":"CIDR block for VPC"},"vpc_id":{"description":"Existing VPC ID (when deploy_network = false)"},"waf_blocked_countries":{"description":"List of country codes to block (ISO 3166-1 alpha-2 codes)"},"waf_rate_limit":{"description":"Rate limit for IP-based throttling (requests/5min)"}}}},"relevant_attributes":[{"resource":"module.iam.aws_iam_role.jenkins_role","attribute":["arn"]},{"resource":"module.cicd.aws_codedeploy_deployment_group.app","attribute":["deployment_group_name"]},{"resource":"module.database.aws_secretsmanager_secret.db_credentials","attribute":["arn"]},{"resource":"module.ecs.aws_lb.main","attribute":["zone_id"]},{"resource":"module.iam.aws_iam_role.ecs_task_role","attribute":["arn"]},{"resource":"module.iam.data.aws_caller_identity.current","attribute":["account_id"]},{"resource":"module.iam.aws_iam_role.codedeploy_role","attribute":["name"]},{"resource":"module.iam.aws_iam_role.jenkins_role","attribute":["name"]},{"resource":"module.network.aws_security_group.alb","attribute":["id"]},{"resource":"module.cicd.aws_ecr_repository.app","attribute":["repository_url"]},{"resource":"module.database.aws_db_parameter_group.main","attribute":["name"]},{"resource":"module.network.aws_subnet.private","attribute":[]},{"resource":"module.ecs.aws_appautoscaling_policy.ecs_cpu_policy_scale_up","attribute":["arn"]},{"resource":"module.database.aws_db_option_group.mysql[0]","attribute":["name"]},{"resource":"module.network.aws_route_table.database","attribute":[]},{"resource":"module.ecs.aws_lb.main","attribute":["arn"]},{"resource":"module.cicd.aws_instance.jenkins","attribute":["id"]},{"resource":"module.ecs.aws_appautoscaling_policy.ecs_cpu_policy_scale_down","attribute":["arn"]},{"resource":"module.security.aws_s3_bucket.config[0]","attribute":["id"]},{"resource":"module.ecs.aws_cloudwatch_log_group.ecs","attribute":["name"]},{"resource":"module.database.aws_db_instance.main","attribute":["id"]},{"resource":"module.iam.aws_iam_role.codedeploy_role","attribute":["arn"]},{"resource":"module.ecs.aws_iam_role.ecs_instance_role","attribute":["name"]},{"resource":"module.network.aws_subnet.database","attribute":[]},{"resource":"module.network.aws_route_table.private","attribute":[]},{"resource":"module.ecs.aws_appautoscaling_target.ecs_service","attribute":["resource_id"]},{"resource":"module.network.aws_route_table.public","attribute":["id"]},{"resource":"module.security.aws_iam_role.config[0]","attribute":["name"]},{"resource":"module.ecs.data.aws_caller_identity.current","attribute":["account_id"]},{"resource":"module.monitoring.aws_ecs_task_definition.monitoring[0]","attribute":["arn"]},{"resource":"module.network.aws_subnet.public","attribute":[]},{"resource":"module.network.aws_security_group.jenkins","attribute":["id"]},{"resource":"module.ecs.aws_ecs_cluster.main","attribute":["arn"]},{"resource":"module.iam.aws_iam_role.ecs_task_execution_role","attribute":["arn"]},{"resource":"module.security.aws_wafv2_web_acl.main","attribute":["arn"]},{"resource":"module.cicd.aws_eip.jenkins","attribute":["public_ip"]},{"resource":"module.monitoring.aws_cloudwatch_dashboard.main","attribute":["dashboard_name"]},{"resource":"module.cicd.aws_codedeploy_app.app","attribute":["name"]},{"resource":"module.iam.aws_iam_role.ecs_task_execution_role","attribute":["name"]},{"resource":"module.security.aws_wafv2_web_acl.main","attribute":["id"]},{"resource":"module.security.aws_config_configuration_recorder.main[0]","attribute":["name"]},{"resource":"module.monitoring.aws_cloudwatch_log_group.grafana","attribute":["name"]},{"resource":"module.database.aws_db_instance.main","attribute":["address"]},{"resource":"module.database.aws_db_subnet_group.main","attribute":["name"]},{"resource":"module.database.random_password.db_password[0]","attribute":["result"]},{"resource":"module.security.aws_s3_bucket.config[0]","attribute":["bucket"]},{"resource":"module.network.aws_security_group.db","attribute":["id"]},{"resource":"module.security.aws_guardduty_detector.main[0]","attribute":["id"]},{"resource":"module.ecs.aws_ecs_service.app","attribute":["name"]},{"resource":"module.monitoring.aws_security_group.monitoring","attribute":["id"]},{"resource":"module.database.aws_db_instance.main","attribute":["port"]},{"resource":"module.security.aws_iam_role.config[0]","attribute":["arn"]},{"resource":"module.ecs.data.aws_ami.amazon_linux_2","attribute":["id"]},{"resource":"module.ecs.aws_autoscaling_group.ecs","attribute":["arn"]},{"resource":"module.ecs.aws_appautoscaling_target.ecs_service","attribute":["scalable_dimension"]},{"resource":"module.iam.aws_iam_role.ecs_task_role","attribute":["name"]},{"resource":"module.network.aws_security_group.ecs","attribute":["id"]},{"resource":"module.ecs.aws_launch_template.ecs","attribute":["id"]},{"resource":"module.iam.aws_iam_policy.secrets_manager_access","attribute":["arn"]},{"resource":"module.iam.aws_iam_policy.jenkins_ecr_ecs_access","attribute":["arn"]},{"resource":"module.monitoring.aws_sns_topic.alarms[0]","attribute":["arn"]},{"resource":"module.network.aws_internet_gateway.main","attribute":["id"]},{"resource":"module.cicd.aws_ecr_repository.app","attribute":["name"]},{"resource":"module.database.aws_secretsmanager_secret.db_credentials","attribute":["id"]},{"resource":"module.network.aws_nat_gateway.main","attribute":[]},{"resource":"module.cicd.data.aws_ami.amazon_linux_2","attribute":["id"]},{"resource":"module.ecs.aws_ecs_cluster.main","attribute":["id"]},{"resource":"module.security.aws_config_configuration_recorder.main[0]","attribute":["id"]},{"resource":"module.ecs.aws_ecs_capacity_provider.main","attribute":["name"]},{"resource":"module.ecs.aws_ecs_cluster.main","attribute":["name"]},{"resource":"module.ecs.aws_iam_instance_profile.ecs_instance_profile","attribute":["name"]},{"resource":"module.ecs.aws_ecs_task_definition.app","attribute":["arn"]},{"resource":"module.network.aws_eip.nat","attribute":[]},{"resource":"module.iam.aws_iam_instance_profile.jenkins","attribute":["name"]},{"resource":"module.database.aws_iam_role.rds_monitoring_role","attribute":["name"]},{"resource":"module.ecs.aws_lb.main","attribute":["dns_name"]},{"resource":"module.database.aws_iam_role.rds_monitoring_role","attribute":["arn"]},{"resource":"module.ecs.aws_acm_certificate.cert[0]","attribute":["arn"]},{"resource":"module.ecs.aws_appautoscaling_target.ecs_service","attribute":["service_namespace"]},{"resource":"module.security.data.aws_caller_identity.current","attribute":["account_id"]},{"resource":"module.monitoring.aws_cloudwatch_log_group.prometheus","attribute":["name"]},{"resource":"module.ecs.aws_lb_target_group.app","attribute":["arn"]},{"resource":"module.network.aws_vpc.main","attribute":["id"]}],"timestamp":"2025-11-12T06:50:33Z","applyable":true,"complete":true,"errored":false}
